// !$*UTF8*$!
{
	archiveVersion = 1;
	classes = {
	};
	objectVersion = 46;
	objects = {

/* Begin PBXBuildFile section */
		04F6FC7527FA4B6682BB9587 /* CFNetwork.framework in Frameworks */ = {isa = PBXBuildFile; fileRef = F56589A630DC417D9D78FCD1 /* CFNetwork.framework */; };
		0693067B697E40ED8F4B9125 /* CDVConnection.m in Sources */ = {isa = PBXBuildFile; fileRef = C40BB7DB6F0A4E25978AA560 /* CDVConnection.m */; };
		07305E4BC6304C299222C84F /* CDVLocalFilesystem.m in Sources */ = {isa = PBXBuildFile; fileRef = 605ADD74614449D6B701A998 /* CDVLocalFilesystem.m */; };
		0C1D2EB896FC40B8BF2C0CDC /* DeviceScannerDelegate.m in Sources */ = {isa = PBXBuildFile; fileRef = FFF6BD34834D4D8B89C4FF2C /* DeviceScannerDelegate.m */; };
		0F917A2703AB41E387067F7E /* ActionSheet.m in Sources */ = {isa = PBXBuildFile; fileRef = E9358E49698E4BAB980D5205 /* ActionSheet.m */; };
		175BB38786084E0B8D060F80 /* CDVFileTransfer.m in Sources */ = {isa = PBXBuildFile; fileRef = 54C2F956C9C442C3861BEA92 /* CDVFileTransfer.m */; };
		1B2E2C317D264B68AB51D044 /* AppDelegate+WKWebViewPolyfill.m in Sources */ = {isa = PBXBuildFile; fileRef = 586296A8CEA949309A60AEB0 /* AppDelegate+WKWebViewPolyfill.m */; };
		1D1F6C6270914ECB81B91D59 /* StoreKit.framework in Frameworks */ = {isa = PBXBuildFile; fileRef = 96813CCE77A64CC499AFB989 /* StoreKit.framework */; };
		1D3623260D0F684500981E51 /* AppDelegate.m in Sources */ = {isa = PBXBuildFile; fileRef = 1D3623250D0F684500981E51 /* AppDelegate.m */; };
		1D60589B0D05DD56006BFB54 /* main.m in Sources */ = {isa = PBXBuildFile; fileRef = 29B97316FDCFA39411CA2CEA /* main.m */; };
		20DCCDABC35A463C94516888 /* SelectDeviceDelegate.m in Sources */ = {isa = PBXBuildFile; fileRef = 73292DB4B28E4328BBFB7615 /* SelectDeviceDelegate.m */; };
		215A64FDB9984B94B9C84EDA /* CDVFile.m in Sources */ = {isa = PBXBuildFile; fileRef = 3093F3E265C0405DBDB2A89F /* CDVFile.m */; };
		2490413FA4C7402B8D9C1993 /* FWChromecast.m in Sources */ = {isa = PBXBuildFile; fileRef = 54A11146A123446EBA6DB15D /* FWChromecast.m */; };
		24C4D27F9EF74A5591667528 /* AppVersion.m in Sources */ = {isa = PBXBuildFile; fileRef = AA72F02DCC5643F3890A200C /* AppVersion.m */; };
		26C07A39D4B543CCABFB904E /* CoreLocation.framework in Frameworks */ = {isa = PBXBuildFile; fileRef = B671FD6782B74FB1A8814A6E /* CoreLocation.framework */; };
		288765FD0DF74451002DB57D /* CoreGraphics.framework in Frameworks */ = {isa = PBXBuildFile; fileRef = 288765FC0DF74451002DB57D /* CoreGraphics.framework */; };
		2A1BEEAC35414DDE90D2914F /* BackgroundAudio.m in Sources */ = {isa = PBXBuildFile; fileRef = 38FC119E4CC9416AA4EA2946 /* BackgroundAudio.m */; };
		2FB0945341ED4C92BEF289F0 /* CDVSound.m in Sources */ = {isa = PBXBuildFile; fileRef = 8D68CE608662442481449857 /* CDVSound.m */; };
		301BF552109A68D80062928A /* libCordova.a in Frameworks */ = {isa = PBXBuildFile; fileRef = 301BF535109A57CC0062928A /* libCordova.a */; };
		302D95F114D2391D003F00A1 /* MainViewController.m in Sources */ = {isa = PBXBuildFile; fileRef = 302D95EF14D2391D003F00A1 /* MainViewController.m */; };
		302D95F214D2391D003F00A1 /* MainViewController.xib in Resources */ = {isa = PBXBuildFile; fileRef = 302D95F014D2391D003F00A1 /* MainViewController.xib */; };
		305D5FD1115AB8F900A74A75 /* MobileCoreServices.framework in Frameworks */ = {isa = PBXBuildFile; fileRef = 305D5FD0115AB8F900A74A75 /* MobileCoreServices.framework */; };
		30856C5D8E8F4BB9A0420D20 /* MediaChannelDelegate.m in Sources */ = {isa = PBXBuildFile; fileRef = 11C1A0A629C745D8A8E7849B /* MediaChannelDelegate.m */; };
		3088BBBD154F3926009F9C59 /* Default-Landscape@2x~ipad.png in Resources */ = {isa = PBXBuildFile; fileRef = 3088BBB7154F3926009F9C59 /* Default-Landscape@2x~ipad.png */; };
		3088BBBE154F3926009F9C59 /* Default-Landscape~ipad.png in Resources */ = {isa = PBXBuildFile; fileRef = 3088BBB8154F3926009F9C59 /* Default-Landscape~ipad.png */; };
		3088BBBF154F3926009F9C59 /* Default-Portrait@2x~ipad.png in Resources */ = {isa = PBXBuildFile; fileRef = 3088BBB9154F3926009F9C59 /* Default-Portrait@2x~ipad.png */; };
		3088BBC0154F3926009F9C59 /* Default-Portrait~ipad.png in Resources */ = {isa = PBXBuildFile; fileRef = 3088BBBA154F3926009F9C59 /* Default-Portrait~ipad.png */; };
		3088BBC1154F3926009F9C59 /* Default@2x~iphone.png in Resources */ = {isa = PBXBuildFile; fileRef = 3088BBBB154F3926009F9C59 /* Default@2x~iphone.png */; };
		3088BBC2154F3926009F9C59 /* Default~iphone.png in Resources */ = {isa = PBXBuildFile; fileRef = 3088BBBC154F3926009F9C59 /* Default~iphone.png */; };
		308D05371370CCF300D202BF /* icon-72.png in Resources */ = {isa = PBXBuildFile; fileRef = 308D052E1370CCF300D202BF /* icon-72.png */; };
		308D05381370CCF300D202BF /* icon.png in Resources */ = {isa = PBXBuildFile; fileRef = 308D052F1370CCF300D202BF /* icon.png */; };
		308D05391370CCF300D202BF /* icon@2x.png in Resources */ = {isa = PBXBuildFile; fileRef = 308D05301370CCF300D202BF /* icon@2x.png */; };
		30B4F30019D5E07200D9F7D8 /* Default-667h.png in Resources */ = {isa = PBXBuildFile; fileRef = 30B4F2FD19D5E07200D9F7D8 /* Default-667h.png */; };
		30B4F30119D5E07200D9F7D8 /* Default-736h.png in Resources */ = {isa = PBXBuildFile; fileRef = 30B4F2FE19D5E07200D9F7D8 /* Default-736h.png */; };
		30B4F30219D5E07200D9F7D8 /* Default-Landscape-736h.png in Resources */ = {isa = PBXBuildFile; fileRef = 30B4F2FF19D5E07200D9F7D8 /* Default-Landscape-736h.png */; };
		30C1856619D5FC0A00212699 /* icon-60@3x.png in Resources */ = {isa = PBXBuildFile; fileRef = 30C1856519D5FC0A00212699 /* icon-60@3x.png */; };
		30F46BA4550448E58DF5B216 /* MyMainViewController.m in Sources */ = {isa = PBXBuildFile; fileRef = 21FBC895B20940959FC67977 /* MyMainViewController.m */; };
		30FC414916E50CA1004E6F35 /* icon-72@2x.png in Resources */ = {isa = PBXBuildFile; fileRef = 30FC414816E50CA1004E6F35 /* icon-72@2x.png */; };
		37E4C15B37C74748907180F7 /* Security.framework in Frameworks */ = {isa = PBXBuildFile; fileRef = 0B7E7ABEF62E4669B12D0F3D /* Security.framework */; };
		3FA5C557A8EA4A0288AD3AC4 /* MessageUI.framework in Frameworks */ = {isa = PBXBuildFile; fileRef = 187C1F5FEE2E4A0F8EE30CEA /* MessageUI.framework */; settings = {ATTRIBUTES = (Weak, ); }; };
		4117A5F88EA244179F3DAAEE /* SocialSharing.m in Sources */ = {isa = PBXBuildFile; fileRef = 9BB616F1D25C46BEB67C08F8 /* SocialSharing.m */; };
		50E6D23955BE453394A4809A /* libc++.tbd in Frameworks */ = {isa = PBXBuildFile; fileRef = 289911663402421B8083F577 /* libc++.tbd */; };
		549F66737C8F4BDBABD4002E /* IonicCameraRoll.m in Sources */ = {isa = PBXBuildFile; fileRef = 9AF3A54C672247169A7323B1 /* IonicCameraRoll.m */; };
		5B1594DD16A7569C00FEF299 /* AssetsLibrary.framework in Frameworks */ = {isa = PBXBuildFile; fileRef = 5B1594DC16A7569C00FEF299 /* AssetsLibrary.framework */; };
		5B6A09A6E6CF42079D76A3C1 /* CommandDelegate.m in Sources */ = {isa = PBXBuildFile; fileRef = D9AE1924B8724E35B840A1D3 /* CommandDelegate.m */; };
		5EBF4FDC5B6546C4B66FBC2E /* GCDAsyncUdpSocket.m in Sources */ = {isa = PBXBuildFile; fileRef = 314C1E38A28B4E109AB2C108 /* GCDAsyncUdpSocket.m */; };
		63CB22F5F8A5478AA3D3D298 /* libbz2.dylib in Frameworks */ = {isa = PBXBuildFile; fileRef = 84406F29A89C4A4C8388F112 /* libbz2.dylib */; };
		6715DB69A20B40FE99913161 /* WebKit.framework in Frameworks */ = {isa = PBXBuildFile; fileRef = B971AD058EEB4524A7D2862D /* WebKit.framework */; };
		67249F3F49B94034837FEDAC /* CoreText.framework in Frameworks */ = {isa = PBXBuildFile; fileRef = 792DC102040D47FFA67DEDD6 /* CoreText.framework */; };
		6ABE48BACFA443BFB1C5C9B1 /* CDVAssetLibraryFilesystem.m in Sources */ = {isa = PBXBuildFile; fileRef = 4554A5F6E3794DD2894957C1 /* CDVAssetLibraryFilesystem.m */; };
		6EB006F92FD94E1BA33765E9 /* Social.framework in Frameworks */ = {isa = PBXBuildFile; fileRef = 9C2FD61737914F109F3B9CF4 /* Social.framework */; settings = {ATTRIBUTES = (Weak, ); }; };
		70869CCC65E44A4B9A0392E5 /* ReroutingUIWebView.m in Sources */ = {isa = PBXBuildFile; fileRef = EE7AA692E43540C68C8150C9 /* ReroutingUIWebView.m */; };
		7658267831064B06BEB15EAF /* GCDWebServer.framework in Frameworks */ = {isa = PBXBuildFile; fileRef = EDF4486EF8F840A295E02124 /* GCDWebServer.framework */; };
		794308A2B73B4B00B396CAAC /* CDVWebViewUIDelegate.m in Sources */ = {isa = PBXBuildFile; fileRef = 328087B8D9BA45C59D111F30 /* CDVWebViewUIDelegate.m */; };
		7B1F2F5E9E3E4B57970320D8 /* QuartzCore.framework in Frameworks */ = {isa = PBXBuildFile; fileRef = 9DB8A31CA3984C3B9990B40E /* QuartzCore.framework */; };
		7E7966DE1810823500FA85AD /* icon-40.png in Resources */ = {isa = PBXBuildFile; fileRef = 7E7966D41810823500FA85AD /* icon-40.png */; };
		7E7966DF1810823500FA85AD /* icon-40@2x.png in Resources */ = {isa = PBXBuildFile; fileRef = 7E7966D51810823500FA85AD /* icon-40@2x.png */; };
		7E7966E01810823500FA85AD /* icon-50.png in Resources */ = {isa = PBXBuildFile; fileRef = 7E7966D61810823500FA85AD /* icon-50.png */; };
		7E7966E11810823500FA85AD /* icon-50@2x.png in Resources */ = {isa = PBXBuildFile; fileRef = 7E7966D71810823500FA85AD /* icon-50@2x.png */; };
		7E7966E21810823500FA85AD /* icon-60.png in Resources */ = {isa = PBXBuildFile; fileRef = 7E7966D81810823500FA85AD /* icon-60.png */; };
		7E7966E31810823500FA85AD /* icon-60@2x.png in Resources */ = {isa = PBXBuildFile; fileRef = 7E7966D91810823500FA85AD /* icon-60@2x.png */; };
		7E7966E41810823500FA85AD /* icon-76.png in Resources */ = {isa = PBXBuildFile; fileRef = 7E7966DA1810823500FA85AD /* icon-76.png */; };
		7E7966E51810823500FA85AD /* icon-76@2x.png in Resources */ = {isa = PBXBuildFile; fileRef = 7E7966DB1810823500FA85AD /* icon-76@2x.png */; };
		7E7966E61810823500FA85AD /* icon-small.png in Resources */ = {isa = PBXBuildFile; fileRef = 7E7966DC1810823500FA85AD /* icon-small.png */; };
		7E7966E71810823500FA85AD /* icon-small@2x.png in Resources */ = {isa = PBXBuildFile; fileRef = 7E7966DD1810823500FA85AD /* icon-small@2x.png */; };
		8CB79D171E4848D6A69CAFFA /* Launcher.m in Sources */ = {isa = PBXBuildFile; fileRef = E8B0D7710AD54D1A93E25CC9 /* Launcher.m */; };
		8EEF0700C07D44F084A80265 /* ImageIO.framework in Frameworks */ = {isa = PBXBuildFile; fileRef = 05DA4705271F494CAE647F27 /* ImageIO.framework */; settings = {ATTRIBUTES = (Weak, ); }; };
		93953DFD1C00480AADAD091A /* MainViewController+RemoteControls.m in Sources */ = {isa = PBXBuildFile; fileRef = 8E83E1B43DBE472B896D7240 /* MainViewController+RemoteControls.m */; };
		9AA7A4671E7A49FBBA638914 /* libstdc++.6.0.9.dylib in Frameworks */ = {isa = PBXBuildFile; fileRef = 500661F9C5DA4578BA9B65FB /* libstdc++.6.0.9.dylib */; };
		9B6A8CC5FF454ADA8B2C4E3D /* FileUtility.m in Sources */ = {isa = PBXBuildFile; fileRef = 8A3C3AA533F14514914A014A /* FileUtility.m */; };
		A34CA9211BC96F0000177D9F /* Launch Screen.storyboard in Resources */ = {isa = PBXBuildFile; fileRef = A34CA9201BC96F0000177D9F /* Launch Screen.storyboard */; };
		A3A0168D1B3111590089774E /* GoogleCast.framework in Frameworks */ = {isa = PBXBuildFile; fileRef = A3A0168C1B3111590089774E /* GoogleCast.framework */; };
		A3C30B091CAEEF4300DB4916 /* DeviceTextChannel.m in Sources */ = {isa = PBXBuildFile; fileRef = A3C30B081CAEEF4300DB4916 /* DeviceTextChannel.m */; };
		A3E7DCD01B086136007556B9 /* MediaAccessibility.framework in Frameworks */ = {isa = PBXBuildFile; fileRef = A3E7DCCF1B086136007556B9 /* MediaAccessibility.framework */; };
		A3E9F8D01AF9509800F2026A /* Images.xcassets in Resources */ = {isa = PBXBuildFile; fileRef = A3E9F8CF1AF9509800F2026A /* Images.xcassets */; };
		A3ECE5C71BB31E47003B6515 /* tabbar in Resources */ = {isa = PBXBuildFile; fileRef = A3ECE5C61BB31E47003B6515 /* tabbar */; };
		A3F1357F1C0CFA550010885D /* MediaToolbox.framework in Frameworks */ = {isa = PBXBuildFile; fileRef = A3F1357E1C0CFA550010885D /* MediaToolbox.framework */; };
		A3F135811C0CFA8D0010885D /* CoreBluetooth.framework in Frameworks */ = {isa = PBXBuildFile; fileRef = A3F135801C0CFA8D0010885D /* CoreBluetooth.framework */; };
		A3F135831C0CFAA40010885D /* Accelerate.framework in Frameworks */ = {isa = PBXBuildFile; fileRef = A3F135821C0CFAA40010885D /* Accelerate.framework */; };
		A3F135851C0CFAB20010885D /* libc++.tbd in Frameworks */ = {isa = PBXBuildFile; fileRef = A3F135841C0CFAB20010885D /* libc++.tbd */; };
		A3F135871C0CFACD0010885D /* AVFoundation.framework in Frameworks */ = {isa = PBXBuildFile; fileRef = A3F135861C0CFACD0010885D /* AVFoundation.framework */; };
		A3F3C52B1BA0B14100B1DE6D /* MediaPlayer.framework in Frameworks */ = {isa = PBXBuildFile; fileRef = C2C374D3F2B74479A84498C2 /* MediaPlayer.framework */; };
		A531A8461C0B46BBB09FB2DA /* CDVReachability.m in Sources */ = {isa = PBXBuildFile; fileRef = 8F23067EAAAE45D890E44B4D /* CDVReachability.m */; };
		AE4CC7A1D77540A283EA2059 /* InAppPurchase.m in Sources */ = {isa = PBXBuildFile; fileRef = EEE8787A3C12489297CEBD93 /* InAppPurchase.m */; };
		B40F3BFFEB2C408EA34A2AA8 /* libicucore.dylib in Frameworks */ = {isa = PBXBuildFile; fileRef = 4330620717C0471DB4E477AC /* libicucore.dylib */; };
		B5BACF4ED8274178BEE337D4 /* SystemConfiguration.framework in Frameworks */ = {isa = PBXBuildFile; fileRef = 3F14394E959548C7B6B7754D /* SystemConfiguration.framework */; };
		B7FD32CF10D042E6992D2819 /* NSString+URLEncoding.m in Sources */ = {isa = PBXBuildFile; fileRef = DC869047775B49C2BEE16432 /* NSString+URLEncoding.m */; };
		BEA3ED7FE7DE4A278FCFC971 /* CDVWebViewOperationsDelegate.m in Sources */ = {isa = PBXBuildFile; fileRef = F63AE9C39D334BFFA6C509B6 /* CDVWebViewOperationsDelegate.m */; };
		D0571C1767634BF9A449716D /* SKProduct+LocalizedPrice.m in Sources */ = {isa = PBXBuildFile; fileRef = FBB95070C7A74BA59AB04C13 /* SKProduct+LocalizedPrice.m */; };
		D4A0D8761607E02300AEF8BB /* Default-568h@2x~iphone.png in Resources */ = {isa = PBXBuildFile; fileRef = D4A0D8751607E02300AEF8BB /* Default-568h@2x~iphone.png */; };
		D7494241BECE4915B3897488 /* libiconv.dylib in Frameworks */ = {isa = PBXBuildFile; fileRef = 562A1E17127948228E93614C /* libiconv.dylib */; };
		DACF3202192245F0B1748083 /* CDVDevice.m in Sources */ = {isa = PBXBuildFile; fileRef = 912B578A9F52489B89C625E0 /* CDVDevice.m */; };
		DAD4F33F3F8C452E939B15CF /* GCDAsyncSocket.m in Sources */ = {isa = PBXBuildFile; fileRef = 0C3770D599CE442B867BF80D /* GCDAsyncSocket.m */; };
		DCE29083083645D694DA1D6D /* AudioToolbox.framework in Frameworks */ = {isa = PBXBuildFile; fileRef = E7C4837BBC2A4789B82A1ADC /* AudioToolbox.framework */; settings = {ATTRIBUTES = (Weak, ); }; };
		E0C10C6B3E8A47CBA2EBD253 /* RemoteControls.m in Sources */ = {isa = PBXBuildFile; fileRef = 5016B0BD5FED4DF4B26546DD /* RemoteControls.m */; };
		E6D56FF12D1741EAB97B6CD1 /* ChromeSocketsUdp.m in Sources */ = {isa = PBXBuildFile; fileRef = AB595525E9D34A8290EC4DCC /* ChromeSocketsUdp.m */; };
		ED4C68483A2D4445A65B47F9 /* OpenGLES.framework in Frameworks */ = {isa = PBXBuildFile; fileRef = 78C9A2390BFF4C4D9050DB93 /* OpenGLES.framework */; };
		F2108806943F41EA8774FDFC /* CDVStatusBar.m in Sources */ = {isa = PBXBuildFile; fileRef = 880C43A564BB4F8299A4E04F /* CDVStatusBar.m */; };
		F8002EF797EA4200A619F27E /* BackgroundDownload.m in Sources */ = {isa = PBXBuildFile; fileRef = 3919BA32D920484AB566C454 /* BackgroundDownload.m */; };
/* End PBXBuildFile section */

/* Begin PBXContainerItemProxy section */
		301BF534109A57CC0062928A /* PBXContainerItemProxy */ = {
			isa = PBXContainerItemProxy;
			containerPortal = 301BF52D109A57CC0062928A /* CordovaLib.xcodeproj */;
			proxyType = 2;
			remoteGlobalIDString = D2AAC07E0554694100DB518D;
			remoteInfo = CordovaLib;
		};
		301BF550109A68C00062928A /* PBXContainerItemProxy */ = {
			isa = PBXContainerItemProxy;
			containerPortal = 301BF52D109A57CC0062928A /* CordovaLib.xcodeproj */;
			proxyType = 1;
			remoteGlobalIDString = D2AAC07D0554694100DB518D;
			remoteInfo = CordovaLib;
		};
/* End PBXContainerItemProxy section */

/* Begin PBXFileReference section */
		038C7FFC9C6E4A169CFA7922 /* InAppPurchase.h */ = {isa = PBXFileReference; fileEncoding = 4; lastKnownFileType = sourcecode.c.h; name = InAppPurchase.h; path = cc.fovea.cordova.purchase/InAppPurchase.h; sourceTree = "<group>"; };
		05DA4705271F494CAE647F27 /* ImageIO.framework */ = {isa = PBXFileReference; fileEncoding = 4; lastKnownFileType = wrapper.framework; name = ImageIO.framework; path = System/Library/Frameworks/ImageIO.framework; sourceTree = SDKROOT; };
		08889A378D0D4DBFB0409C32 /* CDVStatusBar.h */ = {isa = PBXFileReference; fileEncoding = 4; lastKnownFileType = sourcecode.c.h; name = CDVStatusBar.h; path = "cordova-plugin-statusbar/CDVStatusBar.h"; sourceTree = "<group>"; };
		0B7E7ABEF62E4669B12D0F3D /* Security.framework */ = {isa = PBXFileReference; fileEncoding = 4; lastKnownFileType = wrapper.framework; name = Security.framework; path = System/Library/Frameworks/Security.framework; sourceTree = SDKROOT; };
		0C3770D599CE442B867BF80D /* GCDAsyncSocket.m */ = {isa = PBXFileReference; fileEncoding = 4; lastKnownFileType = sourcecode.c.objc; name = GCDAsyncSocket.m; path = "cordova-plugin-chrome-apps-iossocketscommon/GCDAsyncSocket.m"; sourceTree = "<group>"; };
		11C1A0A629C745D8A8E7849B /* MediaChannelDelegate.m */ = {isa = PBXFileReference; fileEncoding = 4; lastKnownFileType = sourcecode.c.objc; name = MediaChannelDelegate.m; path = "fw-cordova-chromecast/MediaChannelDelegate.m"; sourceTree = "<group>"; };
		187C1F5FEE2E4A0F8EE30CEA /* MessageUI.framework */ = {isa = PBXFileReference; fileEncoding = 4; lastKnownFileType = wrapper.framework; name = MessageUI.framework; path = System/Library/Frameworks/MessageUI.framework; sourceTree = SDKROOT; };
		1D3623240D0F684500981E51 /* AppDelegate.h */ = {isa = PBXFileReference; fileEncoding = 4; lastKnownFileType = sourcecode.c.h; path = AppDelegate.h; sourceTree = "<group>"; };
		1D3623250D0F684500981E51 /* AppDelegate.m */ = {isa = PBXFileReference; fileEncoding = 4; lastKnownFileType = sourcecode.c.objc; path = AppDelegate.m; sourceTree = "<group>"; };
		1D6058910D05DD3D006BFB54 /* Emby.app */ = {isa = PBXFileReference; explicitFileType = wrapper.application; includeInIndex = 0; path = Emby.app; sourceTree = BUILT_PRODUCTS_DIR; };
		21FBC895B20940959FC67977 /* MyMainViewController.m */ = {isa = PBXFileReference; fileEncoding = 4; lastKnownFileType = sourcecode.c.objc; name = MyMainViewController.m; path = com.telerik.plugins.wkwebview/MyMainViewController.m; sourceTree = "<group>"; };
		288765FC0DF74451002DB57D /* CoreGraphics.framework */ = {isa = PBXFileReference; lastKnownFileType = wrapper.framework; name = CoreGraphics.framework; path = System/Library/Frameworks/CoreGraphics.framework; sourceTree = SDKROOT; };
		289911663402421B8083F577 /* libc++.tbd */ = {isa = PBXFileReference; fileEncoding = 4; lastKnownFileType = unknown; path = "libc++.tbd"; sourceTree = "<group>"; };
		292F0237A6F044E680CB4D67 /* ActionSheet.h */ = {isa = PBXFileReference; fileEncoding = 4; lastKnownFileType = sourcecode.c.h; name = ActionSheet.h; path = "cordova-plugin-actionsheet/ActionSheet.h"; sourceTree = "<group>"; };
		29B97316FDCFA39411CA2CEA /* main.m */ = {isa = PBXFileReference; fileEncoding = 4; lastKnownFileType = sourcecode.c.objc; path = main.m; sourceTree = "<group>"; };
		300FA2ACCDF842CBABBC8245 /* GCDAsyncUdpSocket.h */ = {isa = PBXFileReference; fileEncoding = 4; lastKnownFileType = sourcecode.c.h; name = GCDAsyncUdpSocket.h; path = "cordova-plugin-chrome-apps-iossocketscommon/GCDAsyncUdpSocket.h"; sourceTree = "<group>"; };
		301BF52D109A57CC0062928A /* CordovaLib.xcodeproj */ = {isa = PBXFileReference; lastKnownFileType = "wrapper.pb-project"; name = CordovaLib.xcodeproj; path = CordovaLib/CordovaLib.xcodeproj; sourceTree = "<group>"; };
		301BF56E109A69640062928A /* www */ = {isa = PBXFileReference; lastKnownFileType = folder; path = www; sourceTree = SOURCE_ROOT; };
		302D95EE14D2391D003F00A1 /* MainViewController.h */ = {isa = PBXFileReference; fileEncoding = 4; lastKnownFileType = sourcecode.c.h; path = MainViewController.h; sourceTree = "<group>"; };
		302D95EF14D2391D003F00A1 /* MainViewController.m */ = {isa = PBXFileReference; fileEncoding = 4; lastKnownFileType = sourcecode.c.objc; path = MainViewController.m; sourceTree = "<group>"; };
		302D95F014D2391D003F00A1 /* MainViewController.xib */ = {isa = PBXFileReference; fileEncoding = 4; lastKnownFileType = file.xib; path = MainViewController.xib; sourceTree = "<group>"; };
		3049DBEE86084920A12BC843 /* libz.dylib */ = {isa = PBXFileReference; fileEncoding = 4; lastKnownFileType = "compiled.mach-o.dylib"; name = libz.dylib; path = usr/lib/libz.dylib; sourceTree = SDKROOT; };
		305D5FD0115AB8F900A74A75 /* MobileCoreServices.framework */ = {isa = PBXFileReference; lastKnownFileType = wrapper.framework; name = MobileCoreServices.framework; path = System/Library/Frameworks/MobileCoreServices.framework; sourceTree = SDKROOT; };
		3088BBB7154F3926009F9C59 /* Default-Landscape@2x~ipad.png */ = {isa = PBXFileReference; lastKnownFileType = image.png; path = "Default-Landscape@2x~ipad.png"; sourceTree = "<group>"; };
		3088BBB8154F3926009F9C59 /* Default-Landscape~ipad.png */ = {isa = PBXFileReference; lastKnownFileType = image.png; path = "Default-Landscape~ipad.png"; sourceTree = "<group>"; };
		3088BBB9154F3926009F9C59 /* Default-Portrait@2x~ipad.png */ = {isa = PBXFileReference; lastKnownFileType = image.png; path = "Default-Portrait@2x~ipad.png"; sourceTree = "<group>"; };
		3088BBBA154F3926009F9C59 /* Default-Portrait~ipad.png */ = {isa = PBXFileReference; lastKnownFileType = image.png; path = "Default-Portrait~ipad.png"; sourceTree = "<group>"; };
		3088BBBB154F3926009F9C59 /* Default@2x~iphone.png */ = {isa = PBXFileReference; lastKnownFileType = image.png; path = "Default@2x~iphone.png"; sourceTree = "<group>"; };
		3088BBBC154F3926009F9C59 /* Default~iphone.png */ = {isa = PBXFileReference; lastKnownFileType = image.png; path = "Default~iphone.png"; sourceTree = "<group>"; };
		308D052E1370CCF300D202BF /* icon-72.png */ = {isa = PBXFileReference; lastKnownFileType = image.png; path = "icon-72.png"; sourceTree = "<group>"; };
		308D052F1370CCF300D202BF /* icon.png */ = {isa = PBXFileReference; lastKnownFileType = image.png; path = icon.png; sourceTree = "<group>"; };
		308D05301370CCF300D202BF /* icon@2x.png */ = {isa = PBXFileReference; lastKnownFileType = image.png; path = "icon@2x.png"; sourceTree = "<group>"; };
		3093F3E265C0405DBDB2A89F /* CDVFile.m */ = {isa = PBXFileReference; fileEncoding = 4; lastKnownFileType = sourcecode.c.objc; name = CDVFile.m; path = "cordova-plugin-file/CDVFile.m"; sourceTree = "<group>"; };
		30B4F2FD19D5E07200D9F7D8 /* Default-667h.png */ = {isa = PBXFileReference; lastKnownFileType = image.png; path = "Default-667h.png"; sourceTree = "<group>"; };
		30B4F2FE19D5E07200D9F7D8 /* Default-736h.png */ = {isa = PBXFileReference; lastKnownFileType = image.png; path = "Default-736h.png"; sourceTree = "<group>"; };
		30B4F2FF19D5E07200D9F7D8 /* Default-Landscape-736h.png */ = {isa = PBXFileReference; lastKnownFileType = image.png; path = "Default-Landscape-736h.png"; sourceTree = "<group>"; };
		30C1856519D5FC0A00212699 /* icon-60@3x.png */ = {isa = PBXFileReference; lastKnownFileType = image.png; path = "icon-60@3x.png"; sourceTree = "<group>"; };
		30FC414816E50CA1004E6F35 /* icon-72@2x.png */ = {isa = PBXFileReference; lastKnownFileType = image.png; path = "icon-72@2x.png"; sourceTree = "<group>"; };
		314C1E38A28B4E109AB2C108 /* GCDAsyncUdpSocket.m */ = {isa = PBXFileReference; fileEncoding = 4; lastKnownFileType = sourcecode.c.objc; name = GCDAsyncUdpSocket.m; path = "cordova-plugin-chrome-apps-iossocketscommon/GCDAsyncUdpSocket.m"; sourceTree = "<group>"; };
		328087B8D9BA45C59D111F30 /* CDVWebViewUIDelegate.m */ = {isa = PBXFileReference; fileEncoding = 4; lastKnownFileType = sourcecode.c.objc; name = CDVWebViewUIDelegate.m; path = com.telerik.plugins.wkwebview/CDVWebViewUIDelegate.m; sourceTree = "<group>"; };
		32CA4F630368D1EE00C91783 /* Emby-Prefix.pch */ = {isa = PBXFileReference; fileEncoding = 4; lastKnownFileType = sourcecode.c.h; path = "Emby-Prefix.pch"; sourceTree = "<group>"; };
		342EE30466124AD0A6CB3BB3 /* CDVFile.h */ = {isa = PBXFileReference; fileEncoding = 4; lastKnownFileType = sourcecode.c.h; name = CDVFile.h; path = "cordova-plugin-file/CDVFile.h"; sourceTree = "<group>"; };
		38FC119E4CC9416AA4EA2946 /* BackgroundAudio.m */ = {isa = PBXFileReference; fileEncoding = 4; lastKnownFileType = sourcecode.c.objc; name = BackgroundAudio.m; path = "nl.x-services.plugins.backgroundaudio/BackgroundAudio.m"; sourceTree = "<group>"; };
		3919BA32D920484AB566C454 /* BackgroundDownload.m */ = {isa = PBXFileReference; fileEncoding = 4; lastKnownFileType = sourcecode.c.objc; name = BackgroundDownload.m; path = "org.apache.cordova.background-download/BackgroundDownload.m"; sourceTree = "<group>"; };
		3F14394E959548C7B6B7754D /* SystemConfiguration.framework */ = {isa = PBXFileReference; fileEncoding = 4; lastKnownFileType = wrapper.framework; name = SystemConfiguration.framework; path = System/Library/Frameworks/SystemConfiguration.framework; sourceTree = SDKROOT; };
		4330620717C0471DB4E477AC /* libicucore.dylib */ = {isa = PBXFileReference; fileEncoding = 4; lastKnownFileType = "compiled.mach-o.dylib"; name = libicucore.dylib; path = usr/lib/libicucore.dylib; sourceTree = SDKROOT; };
		4554A5F6E3794DD2894957C1 /* CDVAssetLibraryFilesystem.m */ = {isa = PBXFileReference; fileEncoding = 4; lastKnownFileType = sourcecode.c.objc; name = CDVAssetLibraryFilesystem.m; path = "cordova-plugin-file/CDVAssetLibraryFilesystem.m"; sourceTree = "<group>"; };
		48B92DCE92C24939AA3B27CF /* BackgroundDownload.h */ = {isa = PBXFileReference; fileEncoding = 4; lastKnownFileType = sourcecode.c.h; name = BackgroundDownload.h; path = "org.apache.cordova.background-download/BackgroundDownload.h"; sourceTree = "<group>"; };
		500661F9C5DA4578BA9B65FB /* libstdc++.6.0.9.dylib */ = {isa = PBXFileReference; fileEncoding = 4; lastKnownFileType = "compiled.mach-o.dylib"; name = "libstdc++.6.0.9.dylib"; path = "usr/lib/libstdc++.6.0.9.dylib"; sourceTree = SDKROOT; };
		5016B0BD5FED4DF4B26546DD /* RemoteControls.m */ = {isa = PBXFileReference; fileEncoding = 4; lastKnownFileType = sourcecode.c.objc; name = RemoteControls.m; path = "com.rd11.remote-controls/RemoteControls.m"; sourceTree = "<group>"; };
		547F91D1E81842168DA345E5 /* CDVFileTransfer.h */ = {isa = PBXFileReference; fileEncoding = 4; lastKnownFileType = sourcecode.c.h; name = CDVFileTransfer.h; path = "cordova-plugin-file-transfer/CDVFileTransfer.h"; sourceTree = "<group>"; };
		54A11146A123446EBA6DB15D /* FWChromecast.m */ = {isa = PBXFileReference; fileEncoding = 4; lastKnownFileType = sourcecode.c.objc; name = FWChromecast.m; path = "fw-cordova-chromecast/FWChromecast.m"; sourceTree = "<group>"; };
		54C2F956C9C442C3861BEA92 /* CDVFileTransfer.m */ = {isa = PBXFileReference; fileEncoding = 4; lastKnownFileType = sourcecode.c.objc; name = CDVFileTransfer.m; path = "cordova-plugin-file-transfer/CDVFileTransfer.m"; sourceTree = "<group>"; };
		562A1E17127948228E93614C /* libiconv.dylib */ = {isa = PBXFileReference; fileEncoding = 4; lastKnownFileType = "compiled.mach-o.dylib"; name = libiconv.dylib; path = usr/lib/libiconv.dylib; sourceTree = SDKROOT; };
		5681F00574DF4467811AD489 /* DeviceScannerDelegate.h */ = {isa = PBXFileReference; fileEncoding = 4; lastKnownFileType = sourcecode.c.h; name = DeviceScannerDelegate.h; path = "fw-cordova-chromecast/DeviceScannerDelegate.h"; sourceTree = "<group>"; };
		586296A8CEA949309A60AEB0 /* AppDelegate+WKWebViewPolyfill.m */ = {isa = PBXFileReference; fileEncoding = 4; lastKnownFileType = sourcecode.c.objc; name = "AppDelegate+WKWebViewPolyfill.m"; path = "com.telerik.plugins.wkwebview/AppDelegate+WKWebViewPolyfill.m"; sourceTree = "<group>"; };
		586738DE99B1459E99C9589F /* CDVLocalFilesystem.h */ = {isa = PBXFileReference; fileEncoding = 4; lastKnownFileType = sourcecode.c.h; name = CDVLocalFilesystem.h; path = "cordova-plugin-file/CDVLocalFilesystem.h"; sourceTree = "<group>"; };
		5B1594DC16A7569C00FEF299 /* AssetsLibrary.framework */ = {isa = PBXFileReference; lastKnownFileType = wrapper.framework; name = AssetsLibrary.framework; path = System/Library/Frameworks/AssetsLibrary.framework; sourceTree = SDKROOT; };
		605ADD74614449D6B701A998 /* CDVLocalFilesystem.m */ = {isa = PBXFileReference; fileEncoding = 4; lastKnownFileType = sourcecode.c.objc; name = CDVLocalFilesystem.m; path = "cordova-plugin-file/CDVLocalFilesystem.m"; sourceTree = "<group>"; };
		65CC08ADAE2F4CA894C2C936 /* IonicCameraRoll.h */ = {isa = PBXFileReference; fileEncoding = 4; lastKnownFileType = sourcecode.c.h; name = IonicCameraRoll.h; path = com.drifty.cordova.cameraroll/IonicCameraRoll.h; sourceTree = "<group>"; };
		6914D98F38D5474CAF37A79A /* AppVersion.h */ = {isa = PBXFileReference; fileEncoding = 4; lastKnownFileType = sourcecode.c.h; name = AppVersion.h; path = "cordova-plugin-app-version/AppVersion.h"; sourceTree = "<group>"; };
		6AAFD15D090B49A9A0331AB7 /* BackgroundAudio.h */ = {isa = PBXFileReference; fileEncoding = 4; lastKnownFileType = sourcecode.c.h; name = BackgroundAudio.h; path = "nl.x-services.plugins.backgroundaudio/BackgroundAudio.h"; sourceTree = "<group>"; };
		722AA1E60ABD4EF29B921196 /* CDVDevice.h */ = {isa = PBXFileReference; fileEncoding = 4; lastKnownFileType = sourcecode.c.h; name = CDVDevice.h; path = "cordova-plugin-device/CDVDevice.h"; sourceTree = "<group>"; };
		73292DB4B28E4328BBFB7615 /* SelectDeviceDelegate.m */ = {isa = PBXFileReference; fileEncoding = 4; lastKnownFileType = sourcecode.c.objc; name = SelectDeviceDelegate.m; path = "fw-cordova-chromecast/SelectDeviceDelegate.m"; sourceTree = "<group>"; };
		78C9A2390BFF4C4D9050DB93 /* OpenGLES.framework */ = {isa = PBXFileReference; fileEncoding = 4; lastKnownFileType = wrapper.framework; name = OpenGLES.framework; path = System/Library/Frameworks/OpenGLES.framework; sourceTree = SDKROOT; };
		792DC102040D47FFA67DEDD6 /* CoreText.framework */ = {isa = PBXFileReference; fileEncoding = 4; lastKnownFileType = wrapper.framework; name = CoreText.framework; path = System/Library/Frameworks/CoreText.framework; sourceTree = SDKROOT; };
		7E7966D41810823500FA85AD /* icon-40.png */ = {isa = PBXFileReference; lastKnownFileType = image.png; path = "icon-40.png"; sourceTree = "<group>"; };
		7E7966D51810823500FA85AD /* icon-40@2x.png */ = {isa = PBXFileReference; lastKnownFileType = image.png; path = "icon-40@2x.png"; sourceTree = "<group>"; };
		7E7966D61810823500FA85AD /* icon-50.png */ = {isa = PBXFileReference; lastKnownFileType = image.png; path = "icon-50.png"; sourceTree = "<group>"; };
		7E7966D71810823500FA85AD /* icon-50@2x.png */ = {isa = PBXFileReference; lastKnownFileType = image.png; path = "icon-50@2x.png"; sourceTree = "<group>"; };
		7E7966D81810823500FA85AD /* icon-60.png */ = {isa = PBXFileReference; lastKnownFileType = image.png; path = "icon-60.png"; sourceTree = "<group>"; };
		7E7966D91810823500FA85AD /* icon-60@2x.png */ = {isa = PBXFileReference; lastKnownFileType = image.png; path = "icon-60@2x.png"; sourceTree = "<group>"; };
		7E7966DA1810823500FA85AD /* icon-76.png */ = {isa = PBXFileReference; lastKnownFileType = image.png; path = "icon-76.png"; sourceTree = "<group>"; };
		7E7966DB1810823500FA85AD /* icon-76@2x.png */ = {isa = PBXFileReference; lastKnownFileType = image.png; path = "icon-76@2x.png"; sourceTree = "<group>"; };
		7E7966DC1810823500FA85AD /* icon-small.png */ = {isa = PBXFileReference; lastKnownFileType = image.png; path = "icon-small.png"; sourceTree = "<group>"; };
		7E7966DD1810823500FA85AD /* icon-small@2x.png */ = {isa = PBXFileReference; lastKnownFileType = image.png; path = "icon-small@2x.png"; sourceTree = "<group>"; };
		8056EE44CBFA4DA9B9708A0F /* FWChromecast.h */ = {isa = PBXFileReference; fileEncoding = 4; lastKnownFileType = sourcecode.c.h; name = FWChromecast.h; path = "fw-cordova-chromecast/FWChromecast.h"; sourceTree = "<group>"; };
		831CE4997DB241EF9E47ABA5 /* CDVAssetLibraryFilesystem.h */ = {isa = PBXFileReference; fileEncoding = 4; lastKnownFileType = sourcecode.c.h; name = CDVAssetLibraryFilesystem.h; path = "cordova-plugin-file/CDVAssetLibraryFilesystem.h"; sourceTree = "<group>"; };
		84406F29A89C4A4C8388F112 /* libbz2.dylib */ = {isa = PBXFileReference; fileEncoding = 4; lastKnownFileType = "compiled.mach-o.dylib"; name = libbz2.dylib; path = usr/lib/libbz2.dylib; sourceTree = SDKROOT; };
		880C43A564BB4F8299A4E04F /* CDVStatusBar.m */ = {isa = PBXFileReference; fileEncoding = 4; lastKnownFileType = sourcecode.c.objc; name = CDVStatusBar.m; path = "cordova-plugin-statusbar/CDVStatusBar.m"; sourceTree = "<group>"; };
		8A3C3AA533F14514914A014A /* FileUtility.m */ = {isa = PBXFileReference; fileEncoding = 4; lastKnownFileType = sourcecode.c.objc; name = FileUtility.m; path = cc.fovea.cordova.purchase/FileUtility.m; sourceTree = "<group>"; };
		8BC48F65EE1D4405B366678A /* SKProduct+LocalizedPrice.h */ = {isa = PBXFileReference; fileEncoding = 4; lastKnownFileType = sourcecode.c.h; name = "SKProduct+LocalizedPrice.h"; path = "cc.fovea.cordova.purchase/SKProduct+LocalizedPrice.h"; sourceTree = "<group>"; };
		8D1107310486CEB800E47090 /* Emby-Info.plist */ = {isa = PBXFileReference; fileEncoding = 4; lastKnownFileType = text.plist.xml; name = "Emby-Info.plist"; path = "../Emby-Info.plist"; plistStructureDefinitionIdentifier = "com.apple.xcode.plist.structure-definition.iphone.info-plist"; sourceTree = "<group>"; };
		8D68CE608662442481449857 /* CDVSound.m */ = {isa = PBXFileReference; fileEncoding = 4; lastKnownFileType = sourcecode.c.objc; name = CDVSound.m; path = "cordova-plugin-media/CDVSound.m"; sourceTree = "<group>"; };
		8D778FC389C448C7A12A67BF /* NSString+URLEncoding.h */ = {isa = PBXFileReference; fileEncoding = 4; lastKnownFileType = sourcecode.c.h; name = "NSString+URLEncoding.h"; path = "cordova-plugin-x-socialsharing/NSString+URLEncoding.h"; sourceTree = "<group>"; };
		8E83E1B43DBE472B896D7240 /* MainViewController+RemoteControls.m */ = {isa = PBXFileReference; fileEncoding = 4; lastKnownFileType = sourcecode.c.objc; name = "MainViewController+RemoteControls.m"; path = "com.rd11.remote-controls/MainViewController+RemoteControls.m"; sourceTree = "<group>"; };
		8F23067EAAAE45D890E44B4D /* CDVReachability.m */ = {isa = PBXFileReference; fileEncoding = 4; lastKnownFileType = sourcecode.c.objc; name = CDVReachability.m; path = "cordova-plugin-network-information/CDVReachability.m"; sourceTree = "<group>"; };
		912B578A9F52489B89C625E0 /* CDVDevice.m */ = {isa = PBXFileReference; fileEncoding = 4; lastKnownFileType = sourcecode.c.objc; name = CDVDevice.m; path = "cordova-plugin-device/CDVDevice.m"; sourceTree = "<group>"; };
		96813CCE77A64CC499AFB989 /* StoreKit.framework */ = {isa = PBXFileReference; fileEncoding = 4; lastKnownFileType = wrapper.framework; name = StoreKit.framework; path = System/Library/Frameworks/StoreKit.framework; sourceTree = SDKROOT; };
		9AF3A54C672247169A7323B1 /* IonicCameraRoll.m */ = {isa = PBXFileReference; fileEncoding = 4; lastKnownFileType = sourcecode.c.objc; name = IonicCameraRoll.m; path = com.drifty.cordova.cameraroll/IonicCameraRoll.m; sourceTree = "<group>"; };
		9BB616F1D25C46BEB67C08F8 /* SocialSharing.m */ = {isa = PBXFileReference; fileEncoding = 4; lastKnownFileType = sourcecode.c.objc; name = SocialSharing.m; path = "cordova-plugin-x-socialsharing/SocialSharing.m"; sourceTree = "<group>"; };
		9C2FD61737914F109F3B9CF4 /* Social.framework */ = {isa = PBXFileReference; fileEncoding = 4; lastKnownFileType = wrapper.framework; name = Social.framework; path = System/Library/Frameworks/Social.framework; sourceTree = SDKROOT; };
		9D5CABDF3ABF43F3946686CB /* MediaChannelDelegate.h */ = {isa = PBXFileReference; fileEncoding = 4; lastKnownFileType = sourcecode.c.h; name = MediaChannelDelegate.h; path = "fw-cordova-chromecast/MediaChannelDelegate.h"; sourceTree = "<group>"; };
		9DB8A31CA3984C3B9990B40E /* QuartzCore.framework */ = {isa = PBXFileReference; fileEncoding = 4; lastKnownFileType = wrapper.framework; name = QuartzCore.framework; path = System/Library/Frameworks/QuartzCore.framework; sourceTree = SDKROOT; };
		A0C17DDA7958492FAA3E35C4 /* CDVSound.h */ = {isa = PBXFileReference; fileEncoding = 4; lastKnownFileType = sourcecode.c.h; name = CDVSound.h; path = "cordova-plugin-media/CDVSound.h"; sourceTree = "<group>"; };
		A34CA9011BC8B05700177D9F /* libz.tbd */ = {isa = PBXFileReference; lastKnownFileType = "sourcecode.text-based-dylib-definition"; name = libz.tbd; path = usr/lib/libz.tbd; sourceTree = SDKROOT; };
		A34CA9201BC96F0000177D9F /* Launch Screen.storyboard */ = {isa = PBXFileReference; fileEncoding = 4; lastKnownFileType = file.storyboard; path = "Launch Screen.storyboard"; sourceTree = "<group>"; };
		A3A0168C1B3111590089774E /* GoogleCast.framework */ = {isa = PBXFileReference; lastKnownFileType = wrapper.framework; name = GoogleCast.framework; path = "../../../Connect-SDK-iOS-1.4/GoogleCast.framework"; sourceTree = "<group>"; };
		A3C30B071CAEEF4300DB4916 /* DeviceTextChannel.h */ = {isa = PBXFileReference; fileEncoding = 4; lastKnownFileType = sourcecode.c.h; name = DeviceTextChannel.h; path = "fw-cordova-chromecast/DeviceTextChannel.h"; sourceTree = "<group>"; };
		A3C30B081CAEEF4300DB4916 /* DeviceTextChannel.m */ = {isa = PBXFileReference; fileEncoding = 4; lastKnownFileType = sourcecode.c.objc; name = DeviceTextChannel.m; path = "fw-cordova-chromecast/DeviceTextChannel.m"; sourceTree = "<group>"; };
		A3E7DCCF1B086136007556B9 /* MediaAccessibility.framework */ = {isa = PBXFileReference; lastKnownFileType = wrapper.framework; name = MediaAccessibility.framework; path = System/Library/Frameworks/MediaAccessibility.framework; sourceTree = SDKROOT; };
		A3E9F8CF1AF9509800F2026A /* Images.xcassets */ = {isa = PBXFileReference; lastKnownFileType = folder.assetcatalog; name = Images.xcassets; path = Emby/Images.xcassets; sourceTree = SOURCE_ROOT; };
		A3ECE5C61BB31E47003B6515 /* tabbar */ = {isa = PBXFileReference; lastKnownFileType = folder; path = tabbar; sourceTree = "<group>"; };
		A3F1357E1C0CFA550010885D /* MediaToolbox.framework */ = {isa = PBXFileReference; lastKnownFileType = wrapper.framework; name = MediaToolbox.framework; path = System/Library/Frameworks/MediaToolbox.framework; sourceTree = SDKROOT; };
		A3F135801C0CFA8D0010885D /* CoreBluetooth.framework */ = {isa = PBXFileReference; lastKnownFileType = wrapper.framework; name = CoreBluetooth.framework; path = System/Library/Frameworks/CoreBluetooth.framework; sourceTree = SDKROOT; };
		A3F135821C0CFAA40010885D /* Accelerate.framework */ = {isa = PBXFileReference; lastKnownFileType = wrapper.framework; name = Accelerate.framework; path = System/Library/Frameworks/Accelerate.framework; sourceTree = SDKROOT; };
		A3F135841C0CFAB20010885D /* libc++.tbd */ = {isa = PBXFileReference; lastKnownFileType = "sourcecode.text-based-dylib-definition"; name = "libc++.tbd"; path = "usr/lib/libc++.tbd"; sourceTree = SDKROOT; };
		A3F135861C0CFACD0010885D /* AVFoundation.framework */ = {isa = PBXFileReference; lastKnownFileType = wrapper.framework; name = AVFoundation.framework; path = System/Library/Frameworks/AVFoundation.framework; sourceTree = SDKROOT; };
		A3F3C5271BA0AE9A00B1DE6D /* MobileVLCKit.framework */ = {isa = PBXFileReference; lastKnownFileType = wrapper.framework; name = MobileVLCKit.framework; path = ../../plugins/org.nypr.cordova.vlcplugin/VLCKit/build/MobileVLCKit.framework; sourceTree = "<group>"; };
		A81122697F424DF99226F99B /* CDVConnection.h */ = {isa = PBXFileReference; fileEncoding = 4; lastKnownFileType = sourcecode.c.h; name = CDVConnection.h; path = "cordova-plugin-network-information/CDVConnection.h"; sourceTree = "<group>"; };
		A9007F559BFF42E7B665B0E4 /* CDVWebViewUIDelegate.h */ = {isa = PBXFileReference; fileEncoding = 4; lastKnownFileType = sourcecode.c.h; name = CDVWebViewUIDelegate.h; path = com.telerik.plugins.wkwebview/CDVWebViewUIDelegate.h; sourceTree = "<group>"; };
		AA72F02DCC5643F3890A200C /* AppVersion.m */ = {isa = PBXFileReference; fileEncoding = 4; lastKnownFileType = sourcecode.c.objc; name = AppVersion.m; path = "cordova-plugin-app-version/AppVersion.m"; sourceTree = "<group>"; };
		AA77B17EB92A4D56B9C35BF9 /* SelectDeviceDelegate.h */ = {isa = PBXFileReference; fileEncoding = 4; lastKnownFileType = sourcecode.c.h; name = SelectDeviceDelegate.h; path = "fw-cordova-chromecast/SelectDeviceDelegate.h"; sourceTree = "<group>"; };
		AB595525E9D34A8290EC4DCC /* ChromeSocketsUdp.m */ = {isa = PBXFileReference; fileEncoding = 4; lastKnownFileType = sourcecode.c.objc; name = ChromeSocketsUdp.m; path = "cordova-plugin-chrome-apps-sockets-udp/ChromeSocketsUdp.m"; sourceTree = "<group>"; };
		AD33EB5E372A44F6A7249C66 /* CDVWebViewOperationsDelegate.h */ = {isa = PBXFileReference; fileEncoding = 4; lastKnownFileType = sourcecode.c.h; name = CDVWebViewOperationsDelegate.h; path = com.telerik.plugins.wkwebview/CDVWebViewOperationsDelegate.h; sourceTree = "<group>"; };
		B671FD6782B74FB1A8814A6E /* CoreLocation.framework */ = {isa = PBXFileReference; fileEncoding = 4; lastKnownFileType = wrapper.framework; name = CoreLocation.framework; path = System/Library/Frameworks/CoreLocation.framework; sourceTree = SDKROOT; };
		B971AD058EEB4524A7D2862D /* WebKit.framework */ = {isa = PBXFileReference; fileEncoding = 4; lastKnownFileType = wrapper.framework; name = WebKit.framework; path = System/Library/Frameworks/WebKit.framework; sourceTree = SDKROOT; };
		BFEAEC02855344AFBCB134FE /* MyMainViewController.h */ = {isa = PBXFileReference; fileEncoding = 4; lastKnownFileType = sourcecode.c.h; name = MyMainViewController.h; path = com.telerik.plugins.wkwebview/MyMainViewController.h; sourceTree = "<group>"; };
		C2C374D3F2B74479A84498C2 /* MediaPlayer.framework */ = {isa = PBXFileReference; fileEncoding = 4; lastKnownFileType = wrapper.framework; name = MediaPlayer.framework; path = System/Library/Frameworks/MediaPlayer.framework; sourceTree = SDKROOT; };
		C40BB7DB6F0A4E25978AA560 /* CDVConnection.m */ = {isa = PBXFileReference; fileEncoding = 4; lastKnownFileType = sourcecode.c.objc; name = CDVConnection.m; path = "cordova-plugin-network-information/CDVConnection.m"; sourceTree = "<group>"; };
		C5FCEE75AC0A4BBD8328D39D /* CommandDelegate.h */ = {isa = PBXFileReference; fileEncoding = 4; lastKnownFileType = sourcecode.c.h; name = CommandDelegate.h; path = "fw-cordova-chromecast/CommandDelegate.h"; sourceTree = "<group>"; };
		D4A0D8751607E02300AEF8BB /* Default-568h@2x~iphone.png */ = {isa = PBXFileReference; lastKnownFileType = image.png; path = "Default-568h@2x~iphone.png"; sourceTree = "<group>"; };
		D9AE1924B8724E35B840A1D3 /* CommandDelegate.m */ = {isa = PBXFileReference; fileEncoding = 4; lastKnownFileType = sourcecode.c.objc; name = CommandDelegate.m; path = "fw-cordova-chromecast/CommandDelegate.m"; sourceTree = "<group>"; };
		DAA7987E313B4B2382677478 /* ReroutingUIWebView.h */ = {isa = PBXFileReference; fileEncoding = 4; lastKnownFileType = sourcecode.c.h; name = ReroutingUIWebView.h; path = com.telerik.plugins.wkwebview/ReroutingUIWebView.h; sourceTree = "<group>"; };
		DC869047775B49C2BEE16432 /* NSString+URLEncoding.m */ = {isa = PBXFileReference; fileEncoding = 4; lastKnownFileType = sourcecode.c.objc; name = "NSString+URLEncoding.m"; path = "cordova-plugin-x-socialsharing/NSString+URLEncoding.m"; sourceTree = "<group>"; };
		DD05F96FCAFD492CB8EBA878 /* Launcher.h */ = {isa = PBXFileReference; fileEncoding = 4; lastKnownFileType = sourcecode.c.h; name = Launcher.h; path = com.hutchind.cordova.plugins.launcher/Launcher.h; sourceTree = "<group>"; };
		DE7FAC890C224173948E60EA /* SocialSharing.h */ = {isa = PBXFileReference; fileEncoding = 4; lastKnownFileType = sourcecode.c.h; name = SocialSharing.h; path = "cordova-plugin-x-socialsharing/SocialSharing.h"; sourceTree = "<group>"; };
		E79410C29F1C406BAB77B6E8 /* AppDelegate+WKWebViewPolyfill.h */ = {isa = PBXFileReference; fileEncoding = 4; lastKnownFileType = sourcecode.c.h; name = "AppDelegate+WKWebViewPolyfill.h"; path = "com.telerik.plugins.wkwebview/AppDelegate+WKWebViewPolyfill.h"; sourceTree = "<group>"; };
		E7C4837BBC2A4789B82A1ADC /* AudioToolbox.framework */ = {isa = PBXFileReference; fileEncoding = 4; lastKnownFileType = wrapper.framework; name = AudioToolbox.framework; path = System/Library/Frameworks/AudioToolbox.framework; sourceTree = SDKROOT; };
		E8B0D7710AD54D1A93E25CC9 /* Launcher.m */ = {isa = PBXFileReference; fileEncoding = 4; lastKnownFileType = sourcecode.c.objc; name = Launcher.m; path = com.hutchind.cordova.plugins.launcher/Launcher.m; sourceTree = "<group>"; };
		E9358E49698E4BAB980D5205 /* ActionSheet.m */ = {isa = PBXFileReference; fileEncoding = 4; lastKnownFileType = sourcecode.c.objc; name = ActionSheet.m; path = "cordova-plugin-actionsheet/ActionSheet.m"; sourceTree = "<group>"; };
		EB46367E21A0418586508762 /* RemoteControls.h */ = {isa = PBXFileReference; fileEncoding = 4; lastKnownFileType = sourcecode.c.h; name = RemoteControls.h; path = "com.rd11.remote-controls/RemoteControls.h"; sourceTree = "<group>"; };
		EB87FDF21871DA7A0020F90C /* merges */ = {isa = PBXFileReference; lastKnownFileType = folder; name = merges; path = ../../merges; sourceTree = "<group>"; };
		EB87FDF31871DA8E0020F90C /* www */ = {isa = PBXFileReference; lastKnownFileType = folder; name = www; path = ../../www; sourceTree = "<group>"; };
		EB87FDF41871DAF40020F90C /* config.xml */ = {isa = PBXFileReference; lastKnownFileType = text.xml; name = config.xml; path = ../../config.xml; sourceTree = "<group>"; };
		EDF4486EF8F840A295E02124 /* GCDWebServer.framework */ = {isa = PBXFileReference; lastKnownFileType = wrapper.framework; name = GCDWebServer.framework; path = "Emby/Plugins/cordova-plugin-webserver/GCDWebServer.framework"; sourceTree = "<group>"; };
		EE7AA692E43540C68C8150C9 /* ReroutingUIWebView.m */ = {isa = PBXFileReference; fileEncoding = 4; lastKnownFileType = sourcecode.c.objc; name = ReroutingUIWebView.m; path = com.telerik.plugins.wkwebview/ReroutingUIWebView.m; sourceTree = "<group>"; };
		EEE8787A3C12489297CEBD93 /* InAppPurchase.m */ = {isa = PBXFileReference; fileEncoding = 4; lastKnownFileType = sourcecode.c.objc; name = InAppPurchase.m; path = cc.fovea.cordova.purchase/InAppPurchase.m; sourceTree = "<group>"; };
		EF19C3A2FC59467A94B31A79 /* FileUtility.h */ = {isa = PBXFileReference; fileEncoding = 4; lastKnownFileType = sourcecode.c.h; name = FileUtility.h; path = cc.fovea.cordova.purchase/FileUtility.h; sourceTree = "<group>"; };
		F08D7A9ADF3B41668D53A788 /* CDVReachability.h */ = {isa = PBXFileReference; fileEncoding = 4; lastKnownFileType = sourcecode.c.h; name = CDVReachability.h; path = "cordova-plugin-network-information/CDVReachability.h"; sourceTree = "<group>"; };
		F101CFA1AC26437DB0574DF0 /* MainViewController+RemoteControls.h */ = {isa = PBXFileReference; fileEncoding = 4; lastKnownFileType = sourcecode.c.h; name = "MainViewController+RemoteControls.h"; path = "com.rd11.remote-controls/MainViewController+RemoteControls.h"; sourceTree = "<group>"; };
		F56589A630DC417D9D78FCD1 /* CFNetwork.framework */ = {isa = PBXFileReference; fileEncoding = 4; lastKnownFileType = wrapper.framework; name = CFNetwork.framework; path = System/Library/Frameworks/CFNetwork.framework; sourceTree = SDKROOT; };
		F63AE9C39D334BFFA6C509B6 /* CDVWebViewOperationsDelegate.m */ = {isa = PBXFileReference; fileEncoding = 4; lastKnownFileType = sourcecode.c.objc; name = CDVWebViewOperationsDelegate.m; path = com.telerik.plugins.wkwebview/CDVWebViewOperationsDelegate.m; sourceTree = "<group>"; };
		F840E1F0165FE0F500CFE078 /* config.xml */ = {isa = PBXFileReference; lastKnownFileType = text.xml; name = config.xml; path = Emby/config.xml; sourceTree = "<group>"; };
		FBB95070C7A74BA59AB04C13 /* SKProduct+LocalizedPrice.m */ = {isa = PBXFileReference; fileEncoding = 4; lastKnownFileType = sourcecode.c.objc; name = "SKProduct+LocalizedPrice.m"; path = "cc.fovea.cordova.purchase/SKProduct+LocalizedPrice.m"; sourceTree = "<group>"; };
		FBCDE143BB9B4505999B57C4 /* GCDAsyncSocket.h */ = {isa = PBXFileReference; fileEncoding = 4; lastKnownFileType = sourcecode.c.h; name = GCDAsyncSocket.h; path = "cordova-plugin-chrome-apps-iossocketscommon/GCDAsyncSocket.h"; sourceTree = "<group>"; };
		FFF6BD34834D4D8B89C4FF2C /* DeviceScannerDelegate.m */ = {isa = PBXFileReference; fileEncoding = 4; lastKnownFileType = sourcecode.c.objc; name = DeviceScannerDelegate.m; path = "fw-cordova-chromecast/DeviceScannerDelegate.m"; sourceTree = "<group>"; };
/* End PBXFileReference section */

/* Begin PBXFrameworksBuildPhase section */
		1D60588F0D05DD3D006BFB54 /* Frameworks */ = {
			isa = PBXFrameworksBuildPhase;
			buildActionMask = 2147483647;
			files = (
				A3F135871C0CFACD0010885D /* AVFoundation.framework in Frameworks */,
				A3F135851C0CFAB20010885D /* libc++.tbd in Frameworks */,
				A3F135831C0CFAA40010885D /* Accelerate.framework in Frameworks */,
				A3F135811C0CFA8D0010885D /* CoreBluetooth.framework in Frameworks */,
				A3F1357F1C0CFA550010885D /* MediaToolbox.framework in Frameworks */,
				A3F3C52B1BA0B14100B1DE6D /* MediaPlayer.framework in Frameworks */,
				A3E7DCD01B086136007556B9 /* MediaAccessibility.framework in Frameworks */,
				5B1594DD16A7569C00FEF299 /* AssetsLibrary.framework in Frameworks */,
				301BF552109A68D80062928A /* libCordova.a in Frameworks */,
				288765FD0DF74451002DB57D /* CoreGraphics.framework in Frameworks */,
				305D5FD1115AB8F900A74A75 /* MobileCoreServices.framework in Frameworks */,
				37E4C15B37C74748907180F7 /* Security.framework in Frameworks */,
				04F6FC7527FA4B6682BB9587 /* CFNetwork.framework in Frameworks */,
				A3A0168D1B3111590089774E /* GoogleCast.framework in Frameworks */,
				B40F3BFFEB2C408EA34A2AA8 /* libicucore.dylib in Frameworks */,
				B5BACF4ED8274178BEE337D4 /* SystemConfiguration.framework in Frameworks */,
				6EB006F92FD94E1BA33765E9 /* Social.framework in Frameworks */,
				3FA5C557A8EA4A0288AD3AC4 /* MessageUI.framework in Frameworks */,
				DCE29083083645D694DA1D6D /* AudioToolbox.framework in Frameworks */,
				67249F3F49B94034837FEDAC /* CoreText.framework in Frameworks */,
				7B1F2F5E9E3E4B57970320D8 /* QuartzCore.framework in Frameworks */,
				ED4C68483A2D4445A65B47F9 /* OpenGLES.framework in Frameworks */,
				9AA7A4671E7A49FBBA638914 /* libstdc++.6.0.9.dylib in Frameworks */,
				63CB22F5F8A5478AA3D3D298 /* libbz2.dylib in Frameworks */,
				D7494241BECE4915B3897488 /* libiconv.dylib in Frameworks */,
				8EEF0700C07D44F084A80265 /* ImageIO.framework in Frameworks */,
				26C07A39D4B543CCABFB904E /* CoreLocation.framework in Frameworks */,
				6715DB69A20B40FE99913161 /* WebKit.framework in Frameworks */,
				1D1F6C6270914ECB81B91D59 /* StoreKit.framework in Frameworks */,
				7658267831064B06BEB15EAF /* GCDWebServer.framework in Frameworks */,
				50E6D23955BE453394A4809A /* libc++.tbd in Frameworks */,
			);
			runOnlyForDeploymentPostprocessing = 0;
		};
/* End PBXFrameworksBuildPhase section */

/* Begin PBXGroup section */
		080E96DDFE201D6D7F000001 /* Classes */ = {
			isa = PBXGroup;
			children = (
				302D95EE14D2391D003F00A1 /* MainViewController.h */,
				302D95EF14D2391D003F00A1 /* MainViewController.m */,
				302D95F014D2391D003F00A1 /* MainViewController.xib */,
				1D3623240D0F684500981E51 /* AppDelegate.h */,
				1D3623250D0F684500981E51 /* AppDelegate.m */,
			);
			name = Classes;
			path = Emby/Classes;
			sourceTree = SOURCE_ROOT;
		};
		19C28FACFE9D520D11CA2CBB /* Products */ = {
			isa = PBXGroup;
			children = (
				1D6058910D05DD3D006BFB54 /* Emby.app */,
			);
			name = Products;
			sourceTree = "<group>";
		};
		29B97314FDCFA39411CA2CEA /* CustomTemplate */ = {
			isa = PBXGroup;
			children = (
				A34CA9201BC96F0000177D9F /* Launch Screen.storyboard */,
				EB87FDF41871DAF40020F90C /* config.xml */,
				EB87FDF31871DA8E0020F90C /* www */,
				EB87FDF21871DA7A0020F90C /* merges */,
				EB87FDF11871DA420020F90C /* Staging */,
				301BF52D109A57CC0062928A /* CordovaLib.xcodeproj */,
				080E96DDFE201D6D7F000001 /* Classes */,
				307C750510C5A3420062BCA9 /* Plugins */,
				29B97315FDCFA39411CA2CEA /* Other Sources */,
				29B97317FDCFA39411CA2CEA /* Resources */,
				29B97323FDCFA39411CA2CEA /* Frameworks */,
				19C28FACFE9D520D11CA2CBB /* Products */,
			);
			name = CustomTemplate;
			sourceTree = "<group>";
		};
		29B97315FDCFA39411CA2CEA /* Other Sources */ = {
			isa = PBXGroup;
			children = (
				32CA4F630368D1EE00C91783 /* Emby-Prefix.pch */,
				29B97316FDCFA39411CA2CEA /* main.m */,
			);
			name = "Other Sources";
			path = Emby;
			sourceTree = "<group>";
		};
		29B97317FDCFA39411CA2CEA /* Resources */ = {
			isa = PBXGroup;
			children = (
				A3ECE5C61BB31E47003B6515 /* tabbar */,
				A3E9F8CF1AF9509800F2026A /* Images.xcassets */,
				308D052D1370CCF300D202BF /* icons */,
				308D05311370CCF300D202BF /* splash */,
				8D1107310486CEB800E47090 /* Emby-Info.plist */,
			);
			name = Resources;
			path = Emby/Resources;
			sourceTree = "<group>";
		};
		29B97323FDCFA39411CA2CEA /* Frameworks */ = {
			isa = PBXGroup;
			children = (
				A3F135861C0CFACD0010885D /* AVFoundation.framework */,
				A3F135841C0CFAB20010885D /* libc++.tbd */,
				A3F135821C0CFAA40010885D /* Accelerate.framework */,
				A3F135801C0CFA8D0010885D /* CoreBluetooth.framework */,
				A3F1357E1C0CFA550010885D /* MediaToolbox.framework */,
				A34CA9011BC8B05700177D9F /* libz.tbd */,
				A3A0168C1B3111590089774E /* GoogleCast.framework */,
				A3F3C5271BA0AE9A00B1DE6D /* MobileVLCKit.framework */,
				A3E7DCCF1B086136007556B9 /* MediaAccessibility.framework */,
				5B1594DC16A7569C00FEF299 /* AssetsLibrary.framework */,
				288765FC0DF74451002DB57D /* CoreGraphics.framework */,
				305D5FD0115AB8F900A74A75 /* MobileCoreServices.framework */,
				0B7E7ABEF62E4669B12D0F3D /* Security.framework */,
				F56589A630DC417D9D78FCD1 /* CFNetwork.framework */,
				3049DBEE86084920A12BC843 /* libz.dylib */,
				C2C374D3F2B74479A84498C2 /* MediaPlayer.framework */,
				4330620717C0471DB4E477AC /* libicucore.dylib */,
				3F14394E959548C7B6B7754D /* SystemConfiguration.framework */,
				9C2FD61737914F109F3B9CF4 /* Social.framework */,
				187C1F5FEE2E4A0F8EE30CEA /* MessageUI.framework */,
				E7C4837BBC2A4789B82A1ADC /* AudioToolbox.framework */,
				792DC102040D47FFA67DEDD6 /* CoreText.framework */,
				9DB8A31CA3984C3B9990B40E /* QuartzCore.framework */,
				78C9A2390BFF4C4D9050DB93 /* OpenGLES.framework */,
				500661F9C5DA4578BA9B65FB /* libstdc++.6.0.9.dylib */,
				84406F29A89C4A4C8388F112 /* libbz2.dylib */,
				562A1E17127948228E93614C /* libiconv.dylib */,
				05DA4705271F494CAE647F27 /* ImageIO.framework */,
				B671FD6782B74FB1A8814A6E /* CoreLocation.framework */,
				B971AD058EEB4524A7D2862D /* WebKit.framework */,
				96813CCE77A64CC499AFB989 /* StoreKit.framework */,
				EDF4486EF8F840A295E02124 /* GCDWebServer.framework */,
				289911663402421B8083F577 /* libc++.tbd */,
			);
			name = Frameworks;
			sourceTree = "<group>";
		};
		301BF52E109A57CC0062928A /* Products */ = {
			isa = PBXGroup;
			children = (
				301BF535109A57CC0062928A /* libCordova.a */,
			);
			name = Products;
			sourceTree = "<group>";
		};
		307C750510C5A3420062BCA9 /* Plugins */ = {
			isa = PBXGroup;
			children = (
				A3C30B071CAEEF4300DB4916 /* DeviceTextChannel.h */,
				A3C30B081CAEEF4300DB4916 /* DeviceTextChannel.m */,
				E8B0D7710AD54D1A93E25CC9 /* Launcher.m */,
				DD05F96FCAFD492CB8EBA878 /* Launcher.h */,
				38FC119E4CC9416AA4EA2946 /* BackgroundAudio.m */,
				6AAFD15D090B49A9A0331AB7 /* BackgroundAudio.h */,
				9AF3A54C672247169A7323B1 /* IonicCameraRoll.m */,
				65CC08ADAE2F4CA894C2C936 /* IonicCameraRoll.h */,
				3919BA32D920484AB566C454 /* BackgroundDownload.m */,
				48B92DCE92C24939AA3B27CF /* BackgroundDownload.h */,
				21FBC895B20940959FC67977 /* MyMainViewController.m */,
				586296A8CEA949309A60AEB0 /* AppDelegate+WKWebViewPolyfill.m */,
				EE7AA692E43540C68C8150C9 /* ReroutingUIWebView.m */,
				F63AE9C39D334BFFA6C509B6 /* CDVWebViewOperationsDelegate.m */,
				328087B8D9BA45C59D111F30 /* CDVWebViewUIDelegate.m */,
				BFEAEC02855344AFBCB134FE /* MyMainViewController.h */,
				E79410C29F1C406BAB77B6E8 /* AppDelegate+WKWebViewPolyfill.h */,
				DAA7987E313B4B2382677478 /* ReroutingUIWebView.h */,
				AD33EB5E372A44F6A7249C66 /* CDVWebViewOperationsDelegate.h */,
				A9007F559BFF42E7B665B0E4 /* CDVWebViewUIDelegate.h */,
				0C3770D599CE442B867BF80D /* GCDAsyncSocket.m */,
				314C1E38A28B4E109AB2C108 /* GCDAsyncUdpSocket.m */,
				FBCDE143BB9B4505999B57C4 /* GCDAsyncSocket.h */,
				300FA2ACCDF842CBABBC8245 /* GCDAsyncUdpSocket.h */,
				AB595525E9D34A8290EC4DCC /* ChromeSocketsUdp.m */,
				880C43A564BB4F8299A4E04F /* CDVStatusBar.m */,
				08889A378D0D4DBFB0409C32 /* CDVStatusBar.h */,
				54A11146A123446EBA6DB15D /* FWChromecast.m */,
				D9AE1924B8724E35B840A1D3 /* CommandDelegate.m */,
				FFF6BD34834D4D8B89C4FF2C /* DeviceScannerDelegate.m */,
				73292DB4B28E4328BBFB7615 /* SelectDeviceDelegate.m */,
				11C1A0A629C745D8A8E7849B /* MediaChannelDelegate.m */,
				8056EE44CBFA4DA9B9708A0F /* FWChromecast.h */,
				C5FCEE75AC0A4BBD8328D39D /* CommandDelegate.h */,
				5681F00574DF4467811AD489 /* DeviceScannerDelegate.h */,
				AA77B17EB92A4D56B9C35BF9 /* SelectDeviceDelegate.h */,
				9D5CABDF3ABF43F3946686CB /* MediaChannelDelegate.h */,
				C40BB7DB6F0A4E25978AA560 /* CDVConnection.m */,
				8F23067EAAAE45D890E44B4D /* CDVReachability.m */,
				A81122697F424DF99226F99B /* CDVConnection.h */,
				F08D7A9ADF3B41668D53A788 /* CDVReachability.h */,
				5016B0BD5FED4DF4B26546DD /* RemoteControls.m */,
				8E83E1B43DBE472B896D7240 /* MainViewController+RemoteControls.m */,
				EB46367E21A0418586508762 /* RemoteControls.h */,
				F101CFA1AC26437DB0574DF0 /* MainViewController+RemoteControls.h */,
				EEE8787A3C12489297CEBD93 /* InAppPurchase.m */,
				FBB95070C7A74BA59AB04C13 /* SKProduct+LocalizedPrice.m */,
				8A3C3AA533F14514914A014A /* FileUtility.m */,
				038C7FFC9C6E4A169CFA7922 /* InAppPurchase.h */,
				8BC48F65EE1D4405B366678A /* SKProduct+LocalizedPrice.h */,
				EF19C3A2FC59467A94B31A79 /* FileUtility.h */,
				AA72F02DCC5643F3890A200C /* AppVersion.m */,
				6914D98F38D5474CAF37A79A /* AppVersion.h */,
				DC869047775B49C2BEE16432 /* NSString+URLEncoding.m */,
				9BB616F1D25C46BEB67C08F8 /* SocialSharing.m */,
				8D778FC389C448C7A12A67BF /* NSString+URLEncoding.h */,
				DE7FAC890C224173948E60EA /* SocialSharing.h */,
				E9358E49698E4BAB980D5205 /* ActionSheet.m */,
				292F0237A6F044E680CB4D67 /* ActionSheet.h */,
				912B578A9F52489B89C625E0 /* CDVDevice.m */,
				722AA1E60ABD4EF29B921196 /* CDVDevice.h */,
				3093F3E265C0405DBDB2A89F /* CDVFile.m */,
				605ADD74614449D6B701A998 /* CDVLocalFilesystem.m */,
				4554A5F6E3794DD2894957C1 /* CDVAssetLibraryFilesystem.m */,
				342EE30466124AD0A6CB3BB3 /* CDVFile.h */,
				586738DE99B1459E99C9589F /* CDVLocalFilesystem.h */,
				831CE4997DB241EF9E47ABA5 /* CDVAssetLibraryFilesystem.h */,
				54C2F956C9C442C3861BEA92 /* CDVFileTransfer.m */,
				547F91D1E81842168DA345E5 /* CDVFileTransfer.h */,
				8D68CE608662442481449857 /* CDVSound.m */,
				A0C17DDA7958492FAA3E35C4 /* CDVSound.h */,
			);
			name = Plugins;
			path = Emby/Plugins;
			sourceTree = SOURCE_ROOT;
		};
		308D052D1370CCF300D202BF /* icons */ = {
			isa = PBXGroup;
			children = (
				30C1856519D5FC0A00212699 /* icon-60@3x.png */,
				7E7966D41810823500FA85AD /* icon-40.png */,
				7E7966D51810823500FA85AD /* icon-40@2x.png */,
				7E7966D61810823500FA85AD /* icon-50.png */,
				7E7966D71810823500FA85AD /* icon-50@2x.png */,
				7E7966D81810823500FA85AD /* icon-60.png */,
				7E7966D91810823500FA85AD /* icon-60@2x.png */,
				7E7966DA1810823500FA85AD /* icon-76.png */,
				7E7966DB1810823500FA85AD /* icon-76@2x.png */,
				7E7966DC1810823500FA85AD /* icon-small.png */,
				7E7966DD1810823500FA85AD /* icon-small@2x.png */,
				30FC414816E50CA1004E6F35 /* icon-72@2x.png */,
				308D052E1370CCF300D202BF /* icon-72.png */,
				308D052F1370CCF300D202BF /* icon.png */,
				308D05301370CCF300D202BF /* icon@2x.png */,
			);
			path = icons;
			sourceTree = "<group>";
		};
		308D05311370CCF300D202BF /* splash */ = {
			isa = PBXGroup;
			children = (
				30B4F2FD19D5E07200D9F7D8 /* Default-667h.png */,
				30B4F2FE19D5E07200D9F7D8 /* Default-736h.png */,
				30B4F2FF19D5E07200D9F7D8 /* Default-Landscape-736h.png */,
				D4A0D8751607E02300AEF8BB /* Default-568h@2x~iphone.png */,
				3088BBB7154F3926009F9C59 /* Default-Landscape@2x~ipad.png */,
				3088BBB8154F3926009F9C59 /* Default-Landscape~ipad.png */,
				3088BBB9154F3926009F9C59 /* Default-Portrait@2x~ipad.png */,
				3088BBBA154F3926009F9C59 /* Default-Portrait~ipad.png */,
				3088BBBB154F3926009F9C59 /* Default@2x~iphone.png */,
				3088BBBC154F3926009F9C59 /* Default~iphone.png */,
			);
			path = splash;
			sourceTree = "<group>";
		};
		EB87FDF11871DA420020F90C /* Staging */ = {
			isa = PBXGroup;
			children = (
				F840E1F0165FE0F500CFE078 /* config.xml */,
				301BF56E109A69640062928A /* www */,
			);
			name = Staging;
			sourceTree = "<group>";
		};
/* End PBXGroup section */

/* Begin PBXNativeTarget section */
		1D6058900D05DD3D006BFB54 /* Emby */ = {
			isa = PBXNativeTarget;
			buildConfigurationList = 1D6058960D05DD3E006BFB54 /* Build configuration list for PBXNativeTarget "Emby" */;
			buildPhases = (
				304B58A110DAC018002A0835 /* Copy www directory */,
				1D60588D0D05DD3D006BFB54 /* Resources */,
				1D60588E0D05DD3D006BFB54 /* Sources */,
				1D60588F0D05DD3D006BFB54 /* Frameworks */,
			);
			buildRules = (
			);
			dependencies = (
				301BF551109A68C00062928A /* PBXTargetDependency */,
			);
			name = Emby;
			productName = Emby;
			productReference = 1D6058910D05DD3D006BFB54 /* Emby.app */;
			productType = "com.apple.product-type.application";
		};
/* End PBXNativeTarget section */

/* Begin PBXProject section */
		29B97313FDCFA39411CA2CEA /* Project object */ = {
			isa = PBXProject;
			attributes = {
				LastUpgradeCheck = 800;
				TargetAttributes = {
					1D6058900D05DD3D006BFB54 = {
						DevelopmentTeam = WGKJRMCSGJ;
						SystemCapabilities = {
							com.apple.BackgroundModes = {
								enabled = 0;
							};
							com.apple.InAppPurchase = {
								enabled = 1;
							};
						};
					};
				};
			};
			buildConfigurationList = C01FCF4E08A954540054247B /* Build configuration list for PBXProject "Emby" */;
			compatibilityVersion = "Xcode 3.2";
			developmentRegion = English;
			hasScannedForEncodings = 1;
			knownRegions = (
				English,
				Japanese,
				French,
				German,
				en,
				es,
				de,
				se,
			);
			mainGroup = 29B97314FDCFA39411CA2CEA /* CustomTemplate */;
			projectDirPath = "";
			projectReferences = (
				{
					ProductGroup = 301BF52E109A57CC0062928A /* Products */;
					ProjectRef = 301BF52D109A57CC0062928A /* CordovaLib.xcodeproj */;
				},
			);
			projectRoot = "";
			targets = (
				1D6058900D05DD3D006BFB54 /* Emby */,
			);
		};
/* End PBXProject section */

/* Begin PBXReferenceProxy section */
		301BF535109A57CC0062928A /* libCordova.a */ = {
			isa = PBXReferenceProxy;
			fileType = archive.ar;
			path = libCordova.a;
			remoteRef = 301BF534109A57CC0062928A /* PBXContainerItemProxy */;
			sourceTree = BUILT_PRODUCTS_DIR;
		};
/* End PBXReferenceProxy section */

/* Begin PBXResourcesBuildPhase section */
		1D60588D0D05DD3D006BFB54 /* Resources */ = {
			isa = PBXResourcesBuildPhase;
			buildActionMask = 2147483647;
			files = (
				7E7966E41810823500FA85AD /* icon-76.png in Resources */,
				7E7966DF1810823500FA85AD /* icon-40@2x.png in Resources */,
				308D05371370CCF300D202BF /* icon-72.png in Resources */,
				30B4F30119D5E07200D9F7D8 /* Default-736h.png in Resources */,
				308D05381370CCF300D202BF /* icon.png in Resources */,
				308D05391370CCF300D202BF /* icon@2x.png in Resources */,
				302D95F214D2391D003F00A1 /* MainViewController.xib in Resources */,
				7E7966E01810823500FA85AD /* icon-50.png in Resources */,
				7E7966E31810823500FA85AD /* icon-60@2x.png in Resources */,
				A3E9F8D01AF9509800F2026A /* Images.xcassets in Resources */,
				7E7966E61810823500FA85AD /* icon-small.png in Resources */,
				3088BBBD154F3926009F9C59 /* Default-Landscape@2x~ipad.png in Resources */,
				3088BBBE154F3926009F9C59 /* Default-Landscape~ipad.png in Resources */,
				3088BBBF154F3926009F9C59 /* Default-Portrait@2x~ipad.png in Resources */,
				7E7966E71810823500FA85AD /* icon-small@2x.png in Resources */,
				3088BBC0154F3926009F9C59 /* Default-Portrait~ipad.png in Resources */,
				30B4F30019D5E07200D9F7D8 /* Default-667h.png in Resources */,
				7E7966DE1810823500FA85AD /* icon-40.png in Resources */,
				A34CA9211BC96F0000177D9F /* Launch Screen.storyboard in Resources */,
				3088BBC1154F3926009F9C59 /* Default@2x~iphone.png in Resources */,
				7E7966E21810823500FA85AD /* icon-60.png in Resources */,
				A3ECE5C71BB31E47003B6515 /* tabbar in Resources */,
				3088BBC2154F3926009F9C59 /* Default~iphone.png in Resources */,
				D4A0D8761607E02300AEF8BB /* Default-568h@2x~iphone.png in Resources */,
				30B4F30219D5E07200D9F7D8 /* Default-Landscape-736h.png in Resources */,
				30C1856619D5FC0A00212699 /* icon-60@3x.png in Resources */,
				7E7966E11810823500FA85AD /* icon-50@2x.png in Resources */,
				7E7966E51810823500FA85AD /* icon-76@2x.png in Resources */,
				30FC414916E50CA1004E6F35 /* icon-72@2x.png in Resources */,
			);
			runOnlyForDeploymentPostprocessing = 0;
		};
/* End PBXResourcesBuildPhase section */

/* Begin PBXShellScriptBuildPhase section */
		304B58A110DAC018002A0835 /* Copy www directory */ = {
			isa = PBXShellScriptBuildPhase;
			buildActionMask = 2147483647;
			files = (
			);
			inputPaths = (
			);
			name = "Copy www directory";
			outputPaths = (
			);
			runOnlyForDeploymentPostprocessing = 0;
			shellPath = /bin/sh;
			shellScript = "NODEJS_PATH=/usr/local/bin; NVM_NODE_PATH=~/.nvm/versions/node/`nvm version 2>/dev/null`/bin; N_NODE_PATH=`find /usr/local/n/versions/node/* -maxdepth 0 -type d 2>/dev/null | tail -1`/bin; XCODE_NODE_PATH=`xcode-select --print-path`/usr/share/xcs/Node/bin; PATH=$NODEJS_PATH:$NVM_NODE_PATH:$N_NODE_PATH:$XCODE_NODE_PATH:$PATH && node cordova/lib/copy-www-build-step.js";
			showEnvVarsInLog = 0;
		};
/* End PBXShellScriptBuildPhase section */

/* Begin PBXSourcesBuildPhase section */
		1D60588E0D05DD3D006BFB54 /* Sources */ = {
			isa = PBXSourcesBuildPhase;
			buildActionMask = 2147483647;
			files = (
				1D60589B0D05DD56006BFB54 /* main.m in Sources */,
				1D3623260D0F684500981E51 /* AppDelegate.m in Sources */,
				302D95F114D2391D003F00A1 /* MainViewController.m in Sources */,
				8CB79D171E4848D6A69CAFFA /* Launcher.m in Sources */,
				2A1BEEAC35414DDE90D2914F /* BackgroundAudio.m in Sources */,
				549F66737C8F4BDBABD4002E /* IonicCameraRoll.m in Sources */,
				F8002EF797EA4200A619F27E /* BackgroundDownload.m in Sources */,
				30F46BA4550448E58DF5B216 /* MyMainViewController.m in Sources */,
				1B2E2C317D264B68AB51D044 /* AppDelegate+WKWebViewPolyfill.m in Sources */,
				70869CCC65E44A4B9A0392E5 /* ReroutingUIWebView.m in Sources */,
				BEA3ED7FE7DE4A278FCFC971 /* CDVWebViewOperationsDelegate.m in Sources */,
				794308A2B73B4B00B396CAAC /* CDVWebViewUIDelegate.m in Sources */,
				DAD4F33F3F8C452E939B15CF /* GCDAsyncSocket.m in Sources */,
				5EBF4FDC5B6546C4B66FBC2E /* GCDAsyncUdpSocket.m in Sources */,
				E6D56FF12D1741EAB97B6CD1 /* ChromeSocketsUdp.m in Sources */,
				F2108806943F41EA8774FDFC /* CDVStatusBar.m in Sources */,
				2490413FA4C7402B8D9C1993 /* FWChromecast.m in Sources */,
				5B6A09A6E6CF42079D76A3C1 /* CommandDelegate.m in Sources */,
				A3C30B091CAEEF4300DB4916 /* DeviceTextChannel.m in Sources */,
				0C1D2EB896FC40B8BF2C0CDC /* DeviceScannerDelegate.m in Sources */,
				20DCCDABC35A463C94516888 /* SelectDeviceDelegate.m in Sources */,
				30856C5D8E8F4BB9A0420D20 /* MediaChannelDelegate.m in Sources */,
				0693067B697E40ED8F4B9125 /* CDVConnection.m in Sources */,
				A531A8461C0B46BBB09FB2DA /* CDVReachability.m in Sources */,
				E0C10C6B3E8A47CBA2EBD253 /* RemoteControls.m in Sources */,
				93953DFD1C00480AADAD091A /* MainViewController+RemoteControls.m in Sources */,
				AE4CC7A1D77540A283EA2059 /* InAppPurchase.m in Sources */,
				D0571C1767634BF9A449716D /* SKProduct+LocalizedPrice.m in Sources */,
				9B6A8CC5FF454ADA8B2C4E3D /* FileUtility.m in Sources */,
				24C4D27F9EF74A5591667528 /* AppVersion.m in Sources */,
				B7FD32CF10D042E6992D2819 /* NSString+URLEncoding.m in Sources */,
				4117A5F88EA244179F3DAAEE /* SocialSharing.m in Sources */,
				0F917A2703AB41E387067F7E /* ActionSheet.m in Sources */,
				DACF3202192245F0B1748083 /* CDVDevice.m in Sources */,
				215A64FDB9984B94B9C84EDA /* CDVFile.m in Sources */,
				07305E4BC6304C299222C84F /* CDVLocalFilesystem.m in Sources */,
				6ABE48BACFA443BFB1C5C9B1 /* CDVAssetLibraryFilesystem.m in Sources */,
				175BB38786084E0B8D060F80 /* CDVFileTransfer.m in Sources */,
				2FB0945341ED4C92BEF289F0 /* CDVSound.m in Sources */,
			);
			runOnlyForDeploymentPostprocessing = 0;
		};
/* End PBXSourcesBuildPhase section */

/* Begin PBXTargetDependency section */
		301BF551109A68C00062928A /* PBXTargetDependency */ = {
			isa = PBXTargetDependency;
			name = CordovaLib;
			targetProxy = 301BF550109A68C00062928A /* PBXContainerItemProxy */;
		};
/* End PBXTargetDependency section */

/* Begin XCBuildConfiguration section */
		1D6058940D05DD3E006BFB54 /* Debug */ = {
			isa = XCBuildConfiguration;
			buildSettings = {
				ALWAYS_SEARCH_USER_PATHS = YES;
				ASSETCATALOG_COMPILER_APPICON_NAME = AppIcon;
				ASSETCATALOG_COMPILER_LAUNCHIMAGE_NAME = LaunchImage;
				CLANG_ENABLE_OBJC_ARC = YES;
				CODE_SIGN_IDENTITY = "iPhone Developer";
				"CODE_SIGN_IDENTITY[sdk=iphoneos*]" = "iPhone Developer";
				COPY_PHASE_STRIP = NO;
				CREATE_INFOPLIST_SECTION_IN_BINARY = YES;
				ENABLE_BITCODE = NO;
				FRAMEWORK_SEARCH_PATHS = (
					"$(inherited)",
					Emby/Plugins/com.telerik.plugins.wkwebview,
					"Emby/Plugins/cordova-plugin-webserver",
					"$(PROJECT_DIR)/Emby/Plugins/cordova-plugin-webserver",
					"/Users/luke/MediaBrowser.Mobile/plugins/cordova-plugin-webserver/src/ios",
					"Emby/Plugins/cordova-plugin-webserver",
					"\"EmbyPluginscordova-plugin-webserver\"",
					"\"EmbyPlugins\fw-cordova-chromecast\"",
					"/Users/luke/Connect-SDK-iOS-1.4",
				);
				GCC_DYNAMIC_NO_PIC = NO;
				GCC_NO_COMMON_BLOCKS = NO;
				GCC_OPTIMIZATION_LEVEL = 0;
				GCC_PRECOMPILE_PREFIX_HEADER = YES;
				GCC_PREFIX_HEADER = "Emby/Emby-Prefix.pch";
				GCC_THUMB_SUPPORT = NO;
				GCC_VERSION = "";
				HEADER_SEARCH_PATHS = (
					"\"$(TARGET_BUILD_DIR)/usr/local/lib/include\"",
					"\"$(OBJROOT)/UninstalledProducts/include\"",
					"\"$(BUILT_PRODUCTS_DIR)\"",
					"\"$(OBJROOT)/UninstalledProducts/$(PLATFORM_NAME)/include\"",
				);
				INFOPLIST_FILE = "Emby/Emby-Info.plist";
				IPHONEOS_DEPLOYMENT_TARGET = 8.4;
				LIBRARY_SEARCH_PATHS = (
					"$(inherited)",
					"$(PROJECT_DIR)/Emby/Plugins/org.apache.cordova.speech.speechrecognition",
				);
				OTHER_LDFLAGS = (
					"-weak_framework",
					CoreFoundation,
					"-weak_framework",
					UIKit,
					"-weak_framework",
					AVFoundation,
					"-weak_framework",
					CoreMedia,
					"-weak-lSystem",
					"-ObjC",
					"-lz",
					"$(inherited)",
				);
				PRODUCT_BUNDLE_IDENTIFIER = com.emby.mobile;
				PRODUCT_NAME = Emby;
				PROVISIONING_PROFILE = "";
				TARGETED_DEVICE_FAMILY = "1,2";
			};
			name = Debug;
		};
		1D6058950D05DD3E006BFB54 /* Release */ = {
			isa = XCBuildConfiguration;
			buildSettings = {
				ALWAYS_SEARCH_USER_PATHS = YES;
				ASSETCATALOG_COMPILER_APPICON_NAME = AppIcon;
				ASSETCATALOG_COMPILER_LAUNCHIMAGE_NAME = LaunchImage;
				CLANG_ENABLE_OBJC_ARC = YES;
				CODE_SIGN_IDENTITY = "iPhone Developer";
				"CODE_SIGN_IDENTITY[sdk=iphoneos*]" = "iPhone Developer";
				COPY_PHASE_STRIP = YES;
				CREATE_INFOPLIST_SECTION_IN_BINARY = YES;
				ENABLE_BITCODE = NO;
				FRAMEWORK_SEARCH_PATHS = (
					"$(inherited)",
					Emby/Plugins/com.telerik.plugins.wkwebview,
					"Emby/Plugins/cordova-plugin-webserver",
					"$(PROJECT_DIR)/Emby/Plugins/cordova-plugin-webserver",
					"/Users/luke/MediaBrowser.Mobile/plugins/cordova-plugin-webserver/src/ios",
					"Emby/Plugins/cordova-plugin-webserver",
					"\"EmbyPluginscordova-plugin-webserver\"",
					"\"EmbyPlugins\fw-cordova-chromecast\"",
					"/Users/luke/Connect-SDK-iOS-1.4",
				);
				GCC_NO_COMMON_BLOCKS = NO;
				GCC_PRECOMPILE_PREFIX_HEADER = YES;
				GCC_PREFIX_HEADER = "Emby/Emby-Prefix.pch";
				GCC_THUMB_SUPPORT = NO;
				GCC_VERSION = "";
				HEADER_SEARCH_PATHS = (
					"\"$(TARGET_BUILD_DIR)/usr/local/lib/include\"",
					"\"$(OBJROOT)/UninstalledProducts/include\"",
					"\"$(BUILT_PRODUCTS_DIR)\"",
					"\"$(OBJROOT)/UninstalledProducts/$(PLATFORM_NAME)/include\"",
				);
				INFOPLIST_FILE = "Emby/Emby-Info.plist";
				IPHONEOS_DEPLOYMENT_TARGET = 8.4;
				LIBRARY_SEARCH_PATHS = (
					"$(inherited)",
					"$(PROJECT_DIR)/Emby/Plugins/org.apache.cordova.speech.speechrecognition",
				);
				OTHER_LDFLAGS = (
					"-weak_framework",
					CoreFoundation,
					"-weak_framework",
					UIKit,
					"-weak_framework",
					AVFoundation,
					"-weak_framework",
					CoreMedia,
					"-weak-lSystem",
					"-ObjC",
					"-lz",
					"$(inherited)",
				);
				PRODUCT_BUNDLE_IDENTIFIER = com.emby.mobile;
				PRODUCT_NAME = Emby;
				PROVISIONING_PROFILE = "";
				TARGETED_DEVICE_FAMILY = "1,2";
			};
			name = Release;
		};
		C01FCF4F08A954540054247B /* Debug */ = {
			isa = XCBuildConfiguration;
			buildSettings = {
				CLANG_ANALYZER_LOCALIZABILITY_NONLOCALIZED = YES;
				CLANG_ENABLE_OBJC_ARC = YES;
				CLANG_WARN_BOOL_CONVERSION = YES;
				CLANG_WARN_CONSTANT_CONVERSION = YES;
				CLANG_WARN_EMPTY_BODY = YES;
				CLANG_WARN_ENUM_CONVERSION = YES;
				CLANG_WARN_INFINITE_RECURSION = YES;
				CLANG_WARN_INT_CONVERSION = YES;
				CLANG_WARN_SUSPICIOUS_MOVE = YES;
				CLANG_WARN_UNREACHABLE_CODE = YES;
				CLANG_WARN__DUPLICATE_METHOD_MATCH = YES;
				"CODE_SIGN_IDENTITY[sdk=iphoneos*]" = "iPhone Developer";
				ENABLE_STRICT_OBJC_MSGSEND = NO;
				ENABLE_TESTABILITY = YES;
				GCC_C_LANGUAGE_STANDARD = c99;
				GCC_NO_COMMON_BLOCKS = NO;
				GCC_THUMB_SUPPORT = NO;
				GCC_VERSION = "";
				GCC_WARN_64_TO_32_BIT_CONVERSION = YES;
				GCC_WARN_ABOUT_RETURN_TYPE = YES;
				GCC_WARN_UNDECLARED_SELECTOR = YES;
				GCC_WARN_UNINITIALIZED_AUTOS = YES;
				GCC_WARN_UNUSED_FUNCTION = YES;
				GCC_WARN_UNUSED_VARIABLE = YES;
				HEADER_SEARCH_PATHS = (
					"\"$(TARGET_BUILD_DIR)/usr/local/lib/include\"",
					"\"$(OBJROOT)/UninstalledProducts/include\"",
					"\"$(BUILT_PRODUCTS_DIR)\"",
				);
				IPHONEOS_DEPLOYMENT_TARGET = 8.1;
				ONLY_ACTIVE_ARCH = YES;
				OTHER_LDFLAGS = (
					"-weak_framework",
					CoreFoundation,
					"-weak_framework",
					UIKit,
					"-weak_framework",
					AVFoundation,
					"-weak_framework",
					CoreMedia,
					"-weak-lSystem",
					"-ObjC",
				);
				SDKROOT = iphoneos;
				SKIP_INSTALL = NO;
				USER_HEADER_SEARCH_PATHS = "";
			};
			name = Debug;
		};
		C01FCF5008A954540054247B /* Release */ = {
			isa = XCBuildConfiguration;
			buildSettings = {
				CLANG_ANALYZER_LOCALIZABILITY_NONLOCALIZED = YES;
				CLANG_ENABLE_OBJC_ARC = YES;
				CLANG_WARN_BOOL_CONVERSION = YES;
				CLANG_WARN_CONSTANT_CONVERSION = YES;
				CLANG_WARN_EMPTY_BODY = YES;
				CLANG_WARN_ENUM_CONVERSION = YES;
				CLANG_WARN_INFINITE_RECURSION = YES;
				CLANG_WARN_INT_CONVERSION = YES;
				CLANG_WARN_SUSPICIOUS_MOVE = YES;
				CLANG_WARN_UNREACHABLE_CODE = YES;
				CLANG_WARN__DUPLICATE_METHOD_MATCH = YES;
				"CODE_SIGN_IDENTITY[sdk=iphoneos*]" = "iPhone Developer";
				ENABLE_STRICT_OBJC_MSGSEND = NO;
				GCC_C_LANGUAGE_STANDARD = c99;
				GCC_NO_COMMON_BLOCKS = NO;
				GCC_THUMB_SUPPORT = NO;
				GCC_VERSION = "";
				GCC_WARN_64_TO_32_BIT_CONVERSION = YES;
				GCC_WARN_ABOUT_RETURN_TYPE = YES;
				GCC_WARN_UNDECLARED_SELECTOR = YES;
				GCC_WARN_UNINITIALIZED_AUTOS = YES;
				GCC_WARN_UNUSED_FUNCTION = YES;
				GCC_WARN_UNUSED_VARIABLE = YES;
				HEADER_SEARCH_PATHS = (
					"\"$(TARGET_BUILD_DIR)/usr/local/lib/include\"",
					"\"$(OBJROOT)/UninstalledProducts/include\"",
					"\"$(BUILT_PRODUCTS_DIR)\"",
				);
				IPHONEOS_DEPLOYMENT_TARGET = 8.1;
				OTHER_LDFLAGS = (
					"-weak_framework",
					CoreFoundation,
					"-weak_framework",
					UIKit,
					"-weak_framework",
					AVFoundation,
					"-weak_framework",
					CoreMedia,
					"-weak-lSystem",
					"-ObjC",
				);
				SDKROOT = iphoneos;
				SKIP_INSTALL = NO;
				USER_HEADER_SEARCH_PATHS = "";
			};
			name = Release;
		};
/* End XCBuildConfiguration section */

/* Begin XCConfigurationList section */
		1D6058960D05DD3E006BFB54 /* Build configuration list for PBXNativeTarget "Emby" */ = {
			isa = XCConfigurationList;
			buildConfigurations = (
				1D6058940D05DD3E006BFB54 /* Debug */,
				1D6058950D05DD3E006BFB54 /* Release */,
			);
			defaultConfigurationIsVisible = 0;
			defaultConfigurationName = Release;
		};
		C01FCF4E08A954540054247B /* Build configuration list for PBXProject "Emby" */ = {
			isa = XCConfigurationList;
			buildConfigurations = (
				C01FCF4F08A954540054247B /* Debug */,
				C01FCF5008A954540054247B /* Release */,
			);
			defaultConfigurationIsVisible = 0;
			defaultConfigurationName = Release;
		};
/* End XCConfigurationList section */
	};
	rootObject = 29B97313FDCFA39411CA2CEA /* Project object */;
}
