// !$*UTF8*$!
{
	archiveVersion = 1;
	classes = {
	};
	objectVersion = 46;
	objects = {
/* Begin PBXBuildFile section */
		03E43C0F75344D119263D8FE /* CDVFileTransfer.m in Sources */ = {isa = PBXBuildFile; fileRef = 62ECCF6FEDFF445F9C911FA5 /* CDVFileTransfer.m */; };
		04F6FC7527FA4B6682BB9587 /* CFNetwork.framework in Frameworks */ = {isa = PBXBuildFile; fileRef = F56589A630DC417D9D78FCD1 /* CFNetwork.framework */; };
		0F3C42369FE148EAAB8A0CA7 /* DDFileLogger.m in Sources */ = {isa = PBXBuildFile; fileRef = 027B238AC667484880D87E71 /* DDFileLogger.m */; };
		10296D7911B246ACA433E9D1 /* DDLog.m in Sources */ = {isa = PBXBuildFile; fileRef = 340495D2BB824573B8FF8658 /* DDLog.m */; };
		15DFDB410E864C61B210C231 /* DDContextFilterLogFormatter.m in Sources */ = {isa = PBXBuildFile; fileRef = 4F9C23241CC54E7CB2288035 /* DDContextFilterLogFormatter.m */; };
		17B9CBB6357B4ACEB6A9034E /* CDVSound.m in Sources */ = {isa = PBXBuildFile; fileRef = 4F930941DCCD4BFD9F9D78F2 /* CDVSound.m */; };
		184AAC1F7E5C490693F39711 /* InAppPurchase.m in Sources */ = {isa = PBXBuildFile; fileRef = A05A361A5D0442248B2613C7 /* InAppPurchase.m */; };
		1B2E2C317D264B68AB51D044 /* AppDelegate+WKWebViewPolyfill.m in Sources */ = {isa = PBXBuildFile; fileRef = 586296A8CEA949309A60AEB0 /* AppDelegate+WKWebViewPolyfill.m */; };
		1D1F6C6270914ECB81B91D59 /* StoreKit.framework in Frameworks */ = {isa = PBXBuildFile; fileRef = 96813CCE77A64CC499AFB989 /* StoreKit.framework */; };
		1D3623260D0F684500981E51 /* AppDelegate.m in Sources */ = {isa = PBXBuildFile; fileRef = 1D3623250D0F684500981E51 /* AppDelegate.m */; };
		1D60589B0D05DD56006BFB54 /* main.m in Sources */ = {isa = PBXBuildFile; fileRef = 29B97316FDCFA39411CA2CEA /* main.m */; };
		26C07A39D4B543CCABFB904E /* CoreLocation.framework in Frameworks */ = {isa = PBXBuildFile; fileRef = B671FD6782B74FB1A8814A6E /* CoreLocation.framework */; };
		288765FD0DF74451002DB57D /* CoreGraphics.framework in Frameworks */ = {isa = PBXBuildFile; fileRef = 288765FC0DF74451002DB57D /* CoreGraphics.framework */; };
		2A1593A70E094275BE55DA14 /* MainViewController+RemoteControl.m in Sources */ = {isa = PBXBuildFile; fileRef = A6CFBB97F65B4682A65363A5 /* MainViewController+RemoteControl.m */; };
		2A1BEEAC35414DDE90D2914F /* BackgroundAudio.m in Sources */ = {isa = PBXBuildFile; fileRef = 38FC119E4CC9416AA4EA2946 /* BackgroundAudio.m */; };
		301BF552109A68D80062928A /* libCordova.a in Frameworks */ = {isa = PBXBuildFile; fileRef = 301BF535109A57CC0062928A /* libCordova.a */; };
		302D95F114D2391D003F00A1 /* MainViewController.m in Sources */ = {isa = PBXBuildFile; fileRef = 302D95EF14D2391D003F00A1 /* MainViewController.m */; };
		302D95F214D2391D003F00A1 /* MainViewController.xib in Resources */ = {isa = PBXBuildFile; fileRef = 302D95F014D2391D003F00A1 /* MainViewController.xib */; };
		305D5FD1115AB8F900A74A75 /* MobileCoreServices.framework in Frameworks */ = {isa = PBXBuildFile; fileRef = 305D5FD0115AB8F900A74A75 /* MobileCoreServices.framework */; };
		3088BBBD154F3926009F9C59 /* Default-Landscape@2x~ipad.png in Resources */ = {isa = PBXBuildFile; fileRef = 3088BBB7154F3926009F9C59 /* Default-Landscape@2x~ipad.png */; };
		3088BBBE154F3926009F9C59 /* Default-Landscape~ipad.png in Resources */ = {isa = PBXBuildFile; fileRef = 3088BBB8154F3926009F9C59 /* Default-Landscape~ipad.png */; };
		3088BBBF154F3926009F9C59 /* Default-Portrait@2x~ipad.png in Resources */ = {isa = PBXBuildFile; fileRef = 3088BBB9154F3926009F9C59 /* Default-Portrait@2x~ipad.png */; };
		3088BBC0154F3926009F9C59 /* Default-Portrait~ipad.png in Resources */ = {isa = PBXBuildFile; fileRef = 3088BBBA154F3926009F9C59 /* Default-Portrait~ipad.png */; };
		3088BBC1154F3926009F9C59 /* Default@2x~iphone.png in Resources */ = {isa = PBXBuildFile; fileRef = 3088BBBB154F3926009F9C59 /* Default@2x~iphone.png */; };
		3088BBC2154F3926009F9C59 /* Default~iphone.png in Resources */ = {isa = PBXBuildFile; fileRef = 3088BBBC154F3926009F9C59 /* Default~iphone.png */; };
		308D05371370CCF300D202BF /* icon-72.png in Resources */ = {isa = PBXBuildFile; fileRef = 308D052E1370CCF300D202BF /* icon-72.png */; };
		308D05381370CCF300D202BF /* icon.png in Resources */ = {isa = PBXBuildFile; fileRef = 308D052F1370CCF300D202BF /* icon.png */; };
		308D05391370CCF300D202BF /* icon@2x.png in Resources */ = {isa = PBXBuildFile; fileRef = 308D05301370CCF300D202BF /* icon@2x.png */; };
		30B4F30019D5E07200D9F7D8 /* Default-667h.png in Resources */ = {isa = PBXBuildFile; fileRef = 30B4F2FD19D5E07200D9F7D8 /* Default-667h.png */; };
		30B4F30119D5E07200D9F7D8 /* Default-736h.png in Resources */ = {isa = PBXBuildFile; fileRef = 30B4F2FE19D5E07200D9F7D8 /* Default-736h.png */; };
		30B4F30219D5E07200D9F7D8 /* Default-Landscape-736h.png in Resources */ = {isa = PBXBuildFile; fileRef = 30B4F2FF19D5E07200D9F7D8 /* Default-Landscape-736h.png */; };
		30C1856619D5FC0A00212699 /* icon-60@3x.png in Resources */ = {isa = PBXBuildFile; fileRef = 30C1856519D5FC0A00212699 /* icon-60@3x.png */; };
		30F46BA4550448E58DF5B216 /* MyMainViewController.m in Sources */ = {isa = PBXBuildFile; fileRef = 21FBC895B20940959FC67977 /* MyMainViewController.m */; };
		30FC414916E50CA1004E6F35 /* icon-72@2x.png in Resources */ = {isa = PBXBuildFile; fileRef = 30FC414816E50CA1004E6F35 /* icon-72@2x.png */; };
		37E4C15B37C74748907180F7 /* Security.framework in Frameworks */ = {isa = PBXBuildFile; fileRef = 0B7E7ABEF62E4669B12D0F3D /* Security.framework */; };
		3FA5C557A8EA4A0288AD3AC4 /* MessageUI.framework in Frameworks */ = {isa = PBXBuildFile; fileRef = 187C1F5FEE2E4A0F8EE30CEA /* MessageUI.framework */; settings = {ATTRIBUTES = (Weak, ); }; };
		400ACF60C48F47E6A4D64AD1 /* LoggerClient.m in Sources */ = {isa = PBXBuildFile; fileRef = F1FE3215464E4F5480E4E1C6 /* LoggerClient.m */; };
		46E7B293C1074D8BB522486D /* DDTTYLogger.m in Sources */ = {isa = PBXBuildFile; fileRef = FF79FCE3E00F451CA348FDEE /* DDTTYLogger.m */; };
		4E2B9AF7E44E414CA85AB296 /* CDVLocalFilesystem.m in Sources */ = {isa = PBXBuildFile; fileRef = F4352FE658A54FB59099B8AE /* CDVLocalFilesystem.m */; };
		5223387CD6274FD4B5D05632 /* CDVTabBar.m in Sources */ = {isa = PBXBuildFile; fileRef = C3DAE25350814E0C9B47D9E4 /* CDVTabBar.m */; };
		524C44A4445D421B850B60E0 /* DDNSLoggerLogger.m in Sources */ = {isa = PBXBuildFile; fileRef = 323DFF87B07A47F6BB6E888F /* DDNSLoggerLogger.m */; settings = {COMPILER_FLAGS = "-fno-objc-arc"; }; };
		549F66737C8F4BDBABD4002E /* IonicCameraRoll.m in Sources */ = {isa = PBXBuildFile; fileRef = 9AF3A54C672247169A7323B1 /* IonicCameraRoll.m */; };
		581A27BC7F304F669790DC9C /* DDMultiFormatter.m in Sources */ = {isa = PBXBuildFile; fileRef = DD1AC2C5DB9A4D809A0AA043 /* DDMultiFormatter.m */; };
		5B1594DD16A7569C00FEF299 /* AssetsLibrary.framework in Frameworks */ = {isa = PBXBuildFile; fileRef = 5B1594DC16A7569C00FEF299 /* AssetsLibrary.framework */; };
		5EB7DF99A2844EA98C7FA1AC /* NSLoggerCocoaLumberjackConnectorPlugin.m in Sources */ = {isa = PBXBuildFile; fileRef = F37181890FF94302BF4109C2 /* NSLoggerCocoaLumberjackConnectorPlugin.m */; };
		5EBF4FDC5B6546C4B66FBC2E /* GCDAsyncUdpSocket.m in Sources */ = {isa = PBXBuildFile; fileRef = 314C1E38A28B4E109AB2C108 /* GCDAsyncUdpSocket.m */; };
		63CB22F5F8A5478AA3D3D298 /* libbz2.dylib in Frameworks */ = {isa = PBXBuildFile; fileRef = 84406F29A89C4A4C8388F112 /* libbz2.dylib */; };
		6715DB69A20B40FE99913161 /* WebKit.framework in Frameworks */ = {isa = PBXBuildFile; fileRef = B971AD058EEB4524A7D2862D /* WebKit.framework */; };
		67249F3F49B94034837FEDAC /* CoreText.framework in Frameworks */ = {isa = PBXBuildFile; fileRef = 792DC102040D47FFA67DEDD6 /* CoreText.framework */; };
		6ABDF0990E91474C89CEC811 /* SearchBar.m in Sources */ = {isa = PBXBuildFile; fileRef = 88CE6D848EA24CC788C8B58C /* SearchBar.m */; };
		6EB006F92FD94E1BA33765E9 /* Social.framework in Frameworks */ = {isa = PBXBuildFile; fileRef = 9C2FD61737914F109F3B9CF4 /* Social.framework */; settings = {ATTRIBUTES = (Weak, ); }; };
		70869CCC65E44A4B9A0392E5 /* ReroutingUIWebView.m in Sources */ = {isa = PBXBuildFile; fileRef = EE7AA692E43540C68C8150C9 /* ReroutingUIWebView.m */; };
		7533E15076414E069882B9FF /* CDVFile.m in Sources */ = {isa = PBXBuildFile; fileRef = 551BCA70D8E6421D9D8F7C49 /* CDVFile.m */; };
		7658267831064B06BEB15EAF /* GCDWebServer.framework in Frameworks */ = {isa = PBXBuildFile; fileRef = EDF4486EF8F840A295E02124 /* GCDWebServer.framework */; };
		794308A2B73B4B00B396CAAC /* CDVWebViewUIDelegate.m in Sources */ = {isa = PBXBuildFile; fileRef = 328087B8D9BA45C59D111F30 /* CDVWebViewUIDelegate.m */; };
		7B1F2F5E9E3E4B57970320D8 /* QuartzCore.framework in Frameworks */ = {isa = PBXBuildFile; fileRef = 9DB8A31CA3984C3B9990B40E /* QuartzCore.framework */; };
		7E7966DE1810823500FA85AD /* icon-40.png in Resources */ = {isa = PBXBuildFile; fileRef = 7E7966D41810823500FA85AD /* icon-40.png */; };
		7E7966DF1810823500FA85AD /* icon-40@2x.png in Resources */ = {isa = PBXBuildFile; fileRef = 7E7966D51810823500FA85AD /* icon-40@2x.png */; };
		7E7966E01810823500FA85AD /* icon-50.png in Resources */ = {isa = PBXBuildFile; fileRef = 7E7966D61810823500FA85AD /* icon-50.png */; };
		7E7966E11810823500FA85AD /* icon-50@2x.png in Resources */ = {isa = PBXBuildFile; fileRef = 7E7966D71810823500FA85AD /* icon-50@2x.png */; };
		7E7966E21810823500FA85AD /* icon-60.png in Resources */ = {isa = PBXBuildFile; fileRef = 7E7966D81810823500FA85AD /* icon-60.png */; };
		7E7966E31810823500FA85AD /* icon-60@2x.png in Resources */ = {isa = PBXBuildFile; fileRef = 7E7966D91810823500FA85AD /* icon-60@2x.png */; };
		7E7966E41810823500FA85AD /* icon-76.png in Resources */ = {isa = PBXBuildFile; fileRef = 7E7966DA1810823500FA85AD /* icon-76.png */; };
		7E7966E51810823500FA85AD /* icon-76@2x.png in Resources */ = {isa = PBXBuildFile; fileRef = 7E7966DB1810823500FA85AD /* icon-76@2x.png */; };
		7E7966E61810823500FA85AD /* icon-small.png in Resources */ = {isa = PBXBuildFile; fileRef = 7E7966DC1810823500FA85AD /* icon-small.png */; };
		7E7966E71810823500FA85AD /* icon-small@2x.png in Resources */ = {isa = PBXBuildFile; fileRef = 7E7966DD1810823500FA85AD /* icon-small@2x.png */; };
		818345F1D266425F9D8B5B99 /* ConnectSDKCordovaObjects.m in Sources */ = {isa = PBXBuildFile; fileRef = D975D66A1304461689F9F8E0 /* ConnectSDKCordovaObjects.m */; };
		826B3C54C10D43FBB9870851 /* VLCPlugin.m in Sources */ = {isa = PBXBuildFile; fileRef = BF91343727D942BFBFCB0594 /* VLCPlugin.m */; };
		8CB79D171E4848D6A69CAFFA /* Launcher.m in Sources */ = {isa = PBXBuildFile; fileRef = E8B0D7710AD54D1A93E25CC9 /* Launcher.m */; };
		8EEF0700C07D44F084A80265 /* ImageIO.framework in Frameworks */ = {isa = PBXBuildFile; fileRef = 05DA4705271F494CAE647F27 /* ImageIO.framework */; settings = {ATTRIBUTES = (Weak, ); }; };
		9AA7A4671E7A49FBBA638914 /* libstdc++.6.0.9.dylib in Frameworks */ = {isa = PBXBuildFile; fileRef = 500661F9C5DA4578BA9B65FB /* libstdc++.6.0.9.dylib */; };
		9BEB907D8A194746B84DE39C /* CDVDevice.m in Sources */ = {isa = PBXBuildFile; fileRef = 6EFCBAC0ECBD47A0B11F7710 /* CDVDevice.m */; };
		A03C74702B4A4568A2468A59 /* DDASLLogger.m in Sources */ = {isa = PBXBuildFile; fileRef = 59CB8D1E24714A2891A8B84F /* DDASLLogger.m */; };
		A1AC1FD0E3C441919EBF93F8 /* DDASLLogCapture.m in Sources */ = {isa = PBXBuildFile; fileRef = DF4C5816A53C4A32A9CA5F30 /* DDASLLogCapture.m */; };
		A34CA9211BC96F0000177D9F /* Launch Screen.storyboard in Resources */ = {isa = PBXBuildFile; fileRef = A34CA9201BC96F0000177D9F /* Launch Screen.storyboard */; settings = {ASSET_TAGS = (); }; };
		A3A0168D1B3111590089774E /* GoogleCast.framework in Frameworks */ = {isa = PBXBuildFile; fileRef = A3A0168C1B3111590089774E /* GoogleCast.framework */; };
		A3A016951B311C000089774E /* libConnectSDK.a in Frameworks */ = {isa = PBXBuildFile; fileRef = A3A016871B310C850089774E /* libConnectSDK.a */; };
		A3E7DCD01B086136007556B9 /* MediaAccessibility.framework in Frameworks */ = {isa = PBXBuildFile; fileRef = A3E7DCCF1B086136007556B9 /* MediaAccessibility.framework */; };
		A3E9F8D01AF9509800F2026A /* Images.xcassets in Resources */ = {isa = PBXBuildFile; fileRef = A3E9F8CF1AF9509800F2026A /* Images.xcassets */; };
		A3ECE5C71BB31E47003B6515 /* tabbar in Resources */ = {isa = PBXBuildFile; fileRef = A3ECE5C61BB31E47003B6515 /* tabbar */; };
		A3F1357F1C0CFA550010885D /* MediaToolbox.framework in Frameworks */ = {isa = PBXBuildFile; fileRef = A3F1357E1C0CFA550010885D /* MediaToolbox.framework */; };
		A3F135811C0CFA8D0010885D /* CoreBluetooth.framework in Frameworks */ = {isa = PBXBuildFile; fileRef = A3F135801C0CFA8D0010885D /* CoreBluetooth.framework */; };
		A3F135831C0CFAA40010885D /* Accelerate.framework in Frameworks */ = {isa = PBXBuildFile; fileRef = A3F135821C0CFAA40010885D /* Accelerate.framework */; };
		A3F135851C0CFAB20010885D /* libc++.tbd in Frameworks */ = {isa = PBXBuildFile; fileRef = A3F135841C0CFAB20010885D /* libc++.tbd */; };
		A3F135871C0CFACD0010885D /* AVFoundation.framework in Frameworks */ = {isa = PBXBuildFile; fileRef = A3F135861C0CFACD0010885D /* AVFoundation.framework */; };
		A3F3C5281BA0AE9A00B1DE6D /* MobileVLCKit.framework in Frameworks */ = {isa = PBXBuildFile; fileRef = A3F3C5271BA0AE9A00B1DE6D /* MobileVLCKit.framework */; };
		A3F3C52B1BA0B14100B1DE6D /* MediaPlayer.framework in Frameworks */ = {isa = PBXBuildFile; fileRef = C2C374D3F2B74479A84498C2 /* MediaPlayer.framework */; };
		AC4CB6A9EDE34FE090F340D0 /* CDVAssetLibraryFilesystem.m in Sources */ = {isa = PBXBuildFile; fileRef = C37C1F1B15954BE786DC3F55 /* CDVAssetLibraryFilesystem.m */; };
		AFC80EF96C894744B7B25A56 /* DDDispatchQueueLogFormatter.m in Sources */ = {isa = PBXBuildFile; fileRef = DFEF4CBE21854CFD92A88120 /* DDDispatchQueueLogFormatter.m */; };
		B40F3BFFEB2C408EA34A2AA8 /* libicucore.dylib in Frameworks */ = {isa = PBXBuildFile; fileRef = 4330620717C0471DB4E477AC /* libicucore.dylib */; };
		B5BACF4ED8274178BEE337D4 /* SystemConfiguration.framework in Frameworks */ = {isa = PBXBuildFile; fileRef = 3F14394E959548C7B6B7754D /* SystemConfiguration.framework */; };
		BA2A4F68D9F94465BA75FA56 /* DDAbstractDatabaseLogger.m in Sources */ = {isa = PBXBuildFile; fileRef = 20CFDEBFEE8D42CD90E437CA /* DDAbstractDatabaseLogger.m */; };
		BAF9DD40BCF347BAB2DCEB32 /* CDVConnection.m in Sources */ = {isa = PBXBuildFile; fileRef = D9A959654F7D40058325A353 /* CDVConnection.m */; };
		BEA3ED7FE7DE4A278FCFC971 /* CDVWebViewOperationsDelegate.m in Sources */ = {isa = PBXBuildFile; fileRef = F63AE9C39D334BFFA6C509B6 /* CDVWebViewOperationsDelegate.m */; };
		C4E122F497D84864A98F483E /* AppVersion.m in Sources */ = {isa = PBXBuildFile; fileRef = C368001B670B4C5A91202EF2 /* AppVersion.m */; };
		C9D4002264FC4C239BBACC37 /* FileUtility.m in Sources */ = {isa = PBXBuildFile; fileRef = 69300D444F874603B0D39C5B /* FileUtility.m */; };
		D049B5BA18FD4868B048F54F /* SKProduct+LocalizedPrice.m in Sources */ = {isa = PBXBuildFile; fileRef = D06AED42708F497F9EDB2A28 /* SKProduct+LocalizedPrice.m */; };
		D4A0D8761607E02300AEF8BB /* Default-568h@2x~iphone.png in Resources */ = {isa = PBXBuildFile; fileRef = D4A0D8751607E02300AEF8BB /* Default-568h@2x~iphone.png */; };
		D7494241BECE4915B3897488 /* libiconv.dylib in Frameworks */ = {isa = PBXBuildFile; fileRef = 562A1E17127948228E93614C /* libiconv.dylib */; };
		D77E56A545DC47FFB02C498B /* ConnectSDKCordovaDispatcher.m in Sources */ = {isa = PBXBuildFile; fileRef = F4BAD342EA3341519B767E0A /* ConnectSDKCordovaDispatcher.m */; };
		DAD4F33F3F8C452E939B15CF /* GCDAsyncSocket.m in Sources */ = {isa = PBXBuildFile; fileRef = 0C3770D599CE442B867BF80D /* GCDAsyncSocket.m */; };
		DCE29083083645D694DA1D6D /* AudioToolbox.framework in Frameworks */ = {isa = PBXBuildFile; fileRef = E7C4837BBC2A4789B82A1ADC /* AudioToolbox.framework */; settings = {ATTRIBUTES = (Weak, ); }; };
		E0180C9918A24ABCAB00D49A /* SocialSharing.m in Sources */ = {isa = PBXBuildFile; fileRef = 2F88F7796477411CB53443DA /* SocialSharing.m */; };
		E6D56FF12D1741EAB97B6CD1 /* ChromeSocketsUdp.m in Sources */ = {isa = PBXBuildFile; fileRef = AB595525E9D34A8290EC4DCC /* ChromeSocketsUdp.m */; };
		E775531DF6DC4ADB97449D94 /* CDVReachability.m in Sources */ = {isa = PBXBuildFile; fileRef = C650065AB479470CA8E63CF7 /* CDVReachability.m */; };
		ED4C68483A2D4445A65B47F9 /* OpenGLES.framework in Frameworks */ = {isa = PBXBuildFile; fileRef = 78C9A2390BFF4C4D9050DB93 /* OpenGLES.framework */; };
		EFA1E7345A1442C6860324F5 /* CDVBackgroundColor.m in Sources */ = {isa = PBXBuildFile; fileRef = 293FBA41653A4475BD17BD45 /* CDVBackgroundColor.m */; };
		F2108806943F41EA8774FDFC /* CDVStatusBar.m in Sources */ = {isa = PBXBuildFile; fileRef = 880C43A564BB4F8299A4E04F /* CDVStatusBar.m */; };
		F45E8A84EC4F4EB7849E9329 /* ActionSheet.m in Sources */ = {isa = PBXBuildFile; fileRef = C1FC9294024A446E876ED9A6 /* ActionSheet.m */; };
		F8002EF797EA4200A619F27E /* BackgroundDownload.m in Sources */ = {isa = PBXBuildFile; fileRef = 3919BA32D920484AB566C454 /* BackgroundDownload.m */; };
		FBE24A9494544F8C96D924DB /* ConnectSDKCordova.m in Sources */ = {isa = PBXBuildFile; fileRef = BA105F4B960D4371924E7D79 /* ConnectSDKCordova.m */; };
		2490413FA4C7402B8D9C1993 /* FWChromecast.m in Sources */ = {isa = PBXBuildFile; fileRef = 54A11146A123446EBA6DB15D /* FWChromecast.m */; };
		5B6A09A6E6CF42079D76A3C1 /* CommandDelegate.m in Sources */ = {isa = PBXBuildFile; fileRef = D9AE1924B8724E35B840A1D3 /* CommandDelegate.m */; };
		0C1D2EB896FC40B8BF2C0CDC /* DeviceScannerDelegate.m in Sources */ = {isa = PBXBuildFile; fileRef = FFF6BD34834D4D8B89C4FF2C /* DeviceScannerDelegate.m */; };
		20DCCDABC35A463C94516888 /* SelectDeviceDelegate.m in Sources */ = {isa = PBXBuildFile; fileRef = 73292DB4B28E4328BBFB7615 /* SelectDeviceDelegate.m */; };
		30856C5D8E8F4BB9A0420D20 /* MediaChannelDelegate.m in Sources */ = {isa = PBXBuildFile; fileRef = 11C1A0A629C745D8A8E7849B /* MediaChannelDelegate.m */; };
		50E6D23955BE453394A4809A /* libc++.tbd in Resources */ = {isa = PBXBuildFile; fileRef = 289911663402421B8083F577 /* libc++.tbd */; };
		C008D268C3CE48F48721B905 /* GoogleCast.framework in Frameworks */ = {isa = PBXBuildFile; fileRef = 9FCAFB1E1DE44EBDB98C4719 /* GoogleCast.framework */; };
/* End PBXBuildFile section */

/* Begin PBXContainerItemProxy section */
		301BF534109A57CC0062928A /* PBXContainerItemProxy */ = {
			isa = PBXContainerItemProxy;
			containerPortal = 301BF52D109A57CC0062928A /* CordovaLib.xcodeproj */;
			proxyType = 2;
			remoteGlobalIDString = D2AAC07E0554694100DB518D;
			remoteInfo = CordovaLib;
		};
		301BF550109A68C00062928A /* PBXContainerItemProxy */ = {
			isa = PBXContainerItemProxy;
			containerPortal = 301BF52D109A57CC0062928A /* CordovaLib.xcodeproj */;
			proxyType = 1;
			remoteGlobalIDString = D2AAC07D0554694100DB518D;
			remoteInfo = CordovaLib;
		};
		A3A016861B310C850089774E /* PBXContainerItemProxy */ = {
			isa = PBXContainerItemProxy;
			containerPortal = A3A016801B310C840089774E /* ConnectSDK.xcodeproj */;
			proxyType = 2;
			remoteGlobalIDString = EA61EB1018FE485B00D75696;
			remoteInfo = ConnectSDK;
		};
		A3A016881B310C850089774E /* PBXContainerItemProxy */ = {
			isa = PBXContainerItemProxy;
			containerPortal = A3A016801B310C840089774E /* ConnectSDK.xcodeproj */;
			proxyType = 2;
			remoteGlobalIDString = 4480857A1A12A7BE00E13938;
			remoteInfo = ConnectSDKTests;
		};
		A3A0168A1B310CD30089774E /* PBXContainerItemProxy */ = {
			isa = PBXContainerItemProxy;
			containerPortal = A3A016801B310C840089774E /* ConnectSDK.xcodeproj */;
			proxyType = 1;
			remoteGlobalIDString = EA61EB0F18FE485B00D75696;
			remoteInfo = ConnectSDK;
		};
		A3F1357A1C0CF4750010885D /* PBXContainerItemProxy */ = {
			isa = PBXContainerItemProxy;
			containerPortal = A3A016801B310C840089774E /* ConnectSDK.xcodeproj */;
			proxyType = 2;
			remoteGlobalIDString = 449A37021B0FDC1C00E47DAC;
			remoteInfo = ConnectSDKIntegrationTests;
		};
		A3F1357C1C0CF4750010885D /* PBXContainerItemProxy */ = {
			isa = PBXContainerItemProxy;
			containerPortal = A3A016801B310C840089774E /* ConnectSDK.xcodeproj */;
			proxyType = 2;
			remoteGlobalIDString = 44166C501B4203880052F9EC;
			remoteInfo = ConnectSDKAcceptanceTests;
		};
/* End PBXContainerItemProxy section */

/* Begin PBXFileReference section */
		01537BD44EDF43CC9ADE14A9 /* CDVLocalFilesystem.h */ = {isa = PBXFileReference; fileEncoding = 4; lastKnownFileType = sourcecode.c.h; name = CDVLocalFilesystem.h; path = "cordova-plugin-file/CDVLocalFilesystem.h"; sourceTree = "<group>"; };
		027B238AC667484880D87E71 /* DDFileLogger.m */ = {isa = PBXFileReference; fileEncoding = 4; lastKnownFileType = sourcecode.c.objc; name = DDFileLogger.m; path = "org.nypr.cordova.nslogger-cocoalumberjack-connector-plugin/DDFileLogger.m"; sourceTree = "<group>"; };
		033F46B6B2F948158E88D3C9 /* FileUtility.h */ = {isa = PBXFileReference; fileEncoding = 4; lastKnownFileType = sourcecode.c.h; name = FileUtility.h; path = cc.fovea.cordova.purchase/FileUtility.h; sourceTree = "<group>"; };
		05DA4705271F494CAE647F27 /* ImageIO.framework */ = {isa = PBXFileReference; fileEncoding = 4; lastKnownFileType = wrapper.framework; name = ImageIO.framework; path = System/Library/Frameworks/ImageIO.framework; sourceTree = SDKROOT; };
		08889A378D0D4DBFB0409C32 /* CDVStatusBar.h */ = {isa = PBXFileReference; fileEncoding = 4; lastKnownFileType = sourcecode.c.h; name = CDVStatusBar.h; path = "cordova-plugin-statusbar/CDVStatusBar.h"; sourceTree = "<group>"; };
		0B2A0102BF2F459BA1179F26 /* CDVDevice.h */ = {isa = PBXFileReference; fileEncoding = 4; lastKnownFileType = sourcecode.c.h; name = CDVDevice.h; path = "cordova-plugin-device/CDVDevice.h"; sourceTree = "<group>"; };
		0B7E7ABEF62E4669B12D0F3D /* Security.framework */ = {isa = PBXFileReference; fileEncoding = 4; lastKnownFileType = wrapper.framework; name = Security.framework; path = System/Library/Frameworks/Security.framework; sourceTree = SDKROOT; };
		0B84EB958B7E405B8D6E59F1 /* DDASLLogCapture.h */ = {isa = PBXFileReference; fileEncoding = 4; lastKnownFileType = sourcecode.c.h; name = DDASLLogCapture.h; path = "org.nypr.cordova.nslogger-cocoalumberjack-connector-plugin/DDASLLogCapture.h"; sourceTree = "<group>"; };
		0C3770D599CE442B867BF80D /* GCDAsyncSocket.m */ = {isa = PBXFileReference; fileEncoding = 4; lastKnownFileType = sourcecode.c.objc; name = GCDAsyncSocket.m; path = "cordova-plugin-chrome-apps-iossocketscommon/GCDAsyncSocket.m"; sourceTree = "<group>"; };
		0F351A02FA4741409495E51E /* DDASLLogger.h */ = {isa = PBXFileReference; fileEncoding = 4; lastKnownFileType = sourcecode.c.h; name = DDASLLogger.h; path = "org.nypr.cordova.nslogger-cocoalumberjack-connector-plugin/DDASLLogger.h"; sourceTree = "<group>"; };
		16F08C716FEF482BA4916326 /* DDContextFilterLogFormatter.h */ = {isa = PBXFileReference; fileEncoding = 4; lastKnownFileType = sourcecode.c.h; name = DDContextFilterLogFormatter.h; path = "org.nypr.cordova.nslogger-cocoalumberjack-connector-plugin/DDContextFilterLogFormatter.h"; sourceTree = "<group>"; };
		187C1F5FEE2E4A0F8EE30CEA /* MessageUI.framework */ = {isa = PBXFileReference; fileEncoding = 4; lastKnownFileType = wrapper.framework; name = MessageUI.framework; path = System/Library/Frameworks/MessageUI.framework; sourceTree = SDKROOT; };
		1D3623240D0F684500981E51 /* AppDelegate.h */ = {isa = PBXFileReference; fileEncoding = 4; lastKnownFileType = sourcecode.c.h; path = AppDelegate.h; sourceTree = "<group>"; };
		1D3623250D0F684500981E51 /* AppDelegate.m */ = {isa = PBXFileReference; fileEncoding = 4; lastKnownFileType = sourcecode.c.objc; path = AppDelegate.m; sourceTree = "<group>"; };
		1D6058910D05DD3D006BFB54 /* Emby.app */ = {isa = PBXFileReference; explicitFileType = wrapper.application; includeInIndex = 0; path = Emby.app; sourceTree = BUILT_PRODUCTS_DIR; };
		1EF2E3FF4C524DBCB22223C8 /* DDNSLoggerLogger.h */ = {isa = PBXFileReference; fileEncoding = 4; lastKnownFileType = sourcecode.c.h; name = DDNSLoggerLogger.h; path = "org.nypr.cordova.nslogger-cocoalumberjack-connector-plugin/DDNSLoggerLogger.h"; sourceTree = "<group>"; };
		1EFFEF64308B47ECBAD35C50 /* SKProduct+LocalizedPrice.h */ = {isa = PBXFileReference; fileEncoding = 4; lastKnownFileType = sourcecode.c.h; name = "SKProduct+LocalizedPrice.h"; path = "cc.fovea.cordova.purchase/SKProduct+LocalizedPrice.h"; sourceTree = "<group>"; };
		20CFDEBFEE8D42CD90E437CA /* DDAbstractDatabaseLogger.m */ = {isa = PBXFileReference; fileEncoding = 4; lastKnownFileType = sourcecode.c.objc; name = DDAbstractDatabaseLogger.m; path = "org.nypr.cordova.nslogger-cocoalumberjack-connector-plugin/DDAbstractDatabaseLogger.m"; sourceTree = "<group>"; };
		21FBC895B20940959FC67977 /* MyMainViewController.m */ = {isa = PBXFileReference; fileEncoding = 4; lastKnownFileType = sourcecode.c.objc; name = MyMainViewController.m; path = com.telerik.plugins.wkwebview/MyMainViewController.m; sourceTree = "<group>"; };
		268710F2662A46B4BDCDB9DD /* SearchBar.h */ = {isa = PBXFileReference; fileEncoding = 4; lastKnownFileType = sourcecode.c.h; name = SearchBar.h; path = com.dieam.searchbar/SearchBar.h; sourceTree = "<group>"; };
		288765FC0DF74451002DB57D /* CoreGraphics.framework */ = {isa = PBXFileReference; lastKnownFileType = wrapper.framework; name = CoreGraphics.framework; path = System/Library/Frameworks/CoreGraphics.framework; sourceTree = SDKROOT; };
		293FBA41653A4475BD17BD45 /* CDVBackgroundColor.m */ = {isa = PBXFileReference; fileEncoding = 4; lastKnownFileType = sourcecode.c.objc; name = CDVBackgroundColor.m; path = "com.crewmeister.cordova-ios-backgroundcolor/CDVBackgroundColor.m"; sourceTree = "<group>"; };
		29B97316FDCFA39411CA2CEA /* main.m */ = {isa = PBXFileReference; fileEncoding = 4; lastKnownFileType = sourcecode.c.objc; path = main.m; sourceTree = "<group>"; };
		2AC10E8BA13342AF9940873F /* DDAssert.h */ = {isa = PBXFileReference; fileEncoding = 4; lastKnownFileType = sourcecode.c.h; name = DDAssert.h; path = "org.nypr.cordova.nslogger-cocoalumberjack-connector-plugin/DDAssert.h"; sourceTree = "<group>"; };
		2F88F7796477411CB53443DA /* SocialSharing.m */ = {isa = PBXFileReference; fileEncoding = 4; lastKnownFileType = sourcecode.c.objc; name = SocialSharing.m; path = "cordova-plugin-x-socialsharing/SocialSharing.m"; sourceTree = "<group>"; };
		300FA2ACCDF842CBABBC8245 /* GCDAsyncUdpSocket.h */ = {isa = PBXFileReference; fileEncoding = 4; lastKnownFileType = sourcecode.c.h; name = GCDAsyncUdpSocket.h; path = "cordova-plugin-chrome-apps-iossocketscommon/GCDAsyncUdpSocket.h"; sourceTree = "<group>"; };
		301BF52D109A57CC0062928A /* CordovaLib.xcodeproj */ = {isa = PBXFileReference; lastKnownFileType = "wrapper.pb-project"; name = CordovaLib.xcodeproj; path = CordovaLib/CordovaLib.xcodeproj; sourceTree = "<group>"; };
		301BF56E109A69640062928A /* www */ = {isa = PBXFileReference; lastKnownFileType = folder; path = www; sourceTree = SOURCE_ROOT; };
		302D95EE14D2391D003F00A1 /* MainViewController.h */ = {isa = PBXFileReference; fileEncoding = 4; lastKnownFileType = sourcecode.c.h; path = MainViewController.h; sourceTree = "<group>"; };
		302D95EF14D2391D003F00A1 /* MainViewController.m */ = {isa = PBXFileReference; fileEncoding = 4; lastKnownFileType = sourcecode.c.objc; path = MainViewController.m; sourceTree = "<group>"; };
		302D95F014D2391D003F00A1 /* MainViewController.xib */ = {isa = PBXFileReference; fileEncoding = 4; lastKnownFileType = file.xib; path = MainViewController.xib; sourceTree = "<group>"; };
		3049DBEE86084920A12BC843 /* libz.dylib */ = {isa = PBXFileReference; fileEncoding = 4; lastKnownFileType = "compiled.mach-o.dylib"; name = libz.dylib; path = usr/lib/libz.dylib; sourceTree = SDKROOT; };
		305D5FD0115AB8F900A74A75 /* MobileCoreServices.framework */ = {isa = PBXFileReference; lastKnownFileType = wrapper.framework; name = MobileCoreServices.framework; path = System/Library/Frameworks/MobileCoreServices.framework; sourceTree = SDKROOT; };
		3088BBB7154F3926009F9C59 /* Default-Landscape@2x~ipad.png */ = {isa = PBXFileReference; lastKnownFileType = image.png; path = "Default-Landscape@2x~ipad.png"; sourceTree = "<group>"; };
		3088BBB8154F3926009F9C59 /* Default-Landscape~ipad.png */ = {isa = PBXFileReference; lastKnownFileType = image.png; path = "Default-Landscape~ipad.png"; sourceTree = "<group>"; };
		3088BBB9154F3926009F9C59 /* Default-Portrait@2x~ipad.png */ = {isa = PBXFileReference; lastKnownFileType = image.png; path = "Default-Portrait@2x~ipad.png"; sourceTree = "<group>"; };
		3088BBBA154F3926009F9C59 /* Default-Portrait~ipad.png */ = {isa = PBXFileReference; lastKnownFileType = image.png; path = "Default-Portrait~ipad.png"; sourceTree = "<group>"; };
		3088BBBB154F3926009F9C59 /* Default@2x~iphone.png */ = {isa = PBXFileReference; lastKnownFileType = image.png; path = "Default@2x~iphone.png"; sourceTree = "<group>"; };
		3088BBBC154F3926009F9C59 /* Default~iphone.png */ = {isa = PBXFileReference; lastKnownFileType = image.png; path = "Default~iphone.png"; sourceTree = "<group>"; };
		308D052E1370CCF300D202BF /* icon-72.png */ = {isa = PBXFileReference; lastKnownFileType = image.png; path = "icon-72.png"; sourceTree = "<group>"; };
		308D052F1370CCF300D202BF /* icon.png */ = {isa = PBXFileReference; lastKnownFileType = image.png; path = icon.png; sourceTree = "<group>"; };
		308D05301370CCF300D202BF /* icon@2x.png */ = {isa = PBXFileReference; lastKnownFileType = image.png; path = "icon@2x.png"; sourceTree = "<group>"; };
		30B4F2FD19D5E07200D9F7D8 /* Default-667h.png */ = {isa = PBXFileReference; lastKnownFileType = image.png; path = "Default-667h.png"; sourceTree = "<group>"; };
		30B4F2FE19D5E07200D9F7D8 /* Default-736h.png */ = {isa = PBXFileReference; lastKnownFileType = image.png; path = "Default-736h.png"; sourceTree = "<group>"; };
		30B4F2FF19D5E07200D9F7D8 /* Default-Landscape-736h.png */ = {isa = PBXFileReference; lastKnownFileType = image.png; path = "Default-Landscape-736h.png"; sourceTree = "<group>"; };
		30C1856519D5FC0A00212699 /* icon-60@3x.png */ = {isa = PBXFileReference; lastKnownFileType = image.png; path = "icon-60@3x.png"; sourceTree = "<group>"; };
		30FC414816E50CA1004E6F35 /* icon-72@2x.png */ = {isa = PBXFileReference; lastKnownFileType = image.png; path = "icon-72@2x.png"; sourceTree = "<group>"; };
		314C1E38A28B4E109AB2C108 /* GCDAsyncUdpSocket.m */ = {isa = PBXFileReference; fileEncoding = 4; lastKnownFileType = sourcecode.c.objc; name = GCDAsyncUdpSocket.m; path = "cordova-plugin-chrome-apps-iossocketscommon/GCDAsyncUdpSocket.m"; sourceTree = "<group>"; };
		323DFF87B07A47F6BB6E888F /* DDNSLoggerLogger.m */ = {isa = PBXFileReference; fileEncoding = 4; lastKnownFileType = sourcecode.c.objc; name = DDNSLoggerLogger.m; path = "org.nypr.cordova.nslogger-cocoalumberjack-connector-plugin/DDNSLoggerLogger.m"; sourceTree = "<group>"; };
		328087B8D9BA45C59D111F30 /* CDVWebViewUIDelegate.m */ = {isa = PBXFileReference; fileEncoding = 4; lastKnownFileType = sourcecode.c.objc; name = CDVWebViewUIDelegate.m; path = com.telerik.plugins.wkwebview/CDVWebViewUIDelegate.m; sourceTree = "<group>"; };
		32CA4F630368D1EE00C91783 /* Emby-Prefix.pch */ = {isa = PBXFileReference; fileEncoding = 4; lastKnownFileType = sourcecode.c.h; path = "Emby-Prefix.pch"; sourceTree = "<group>"; };
		340495D2BB824573B8FF8658 /* DDLog.m */ = {isa = PBXFileReference; fileEncoding = 4; lastKnownFileType = sourcecode.c.objc; name = DDLog.m; path = "org.nypr.cordova.nslogger-cocoalumberjack-connector-plugin/DDLog.m"; sourceTree = "<group>"; };
		38FC119E4CC9416AA4EA2946 /* BackgroundAudio.m */ = {isa = PBXFileReference; fileEncoding = 4; lastKnownFileType = sourcecode.c.objc; name = BackgroundAudio.m; path = "nl.x-services.plugins.backgroundaudio/BackgroundAudio.m"; sourceTree = "<group>"; };
		3919BA32D920484AB566C454 /* BackgroundDownload.m */ = {isa = PBXFileReference; fileEncoding = 4; lastKnownFileType = sourcecode.c.objc; name = BackgroundDownload.m; path = "org.apache.cordova.background-download/BackgroundDownload.m"; sourceTree = "<group>"; };
		3B14C563241641D1A6A3CF2C /* DDLog.h */ = {isa = PBXFileReference; fileEncoding = 4; lastKnownFileType = sourcecode.c.h; name = DDLog.h; path = "org.nypr.cordova.nslogger-cocoalumberjack-connector-plugin/DDLog.h"; sourceTree = "<group>"; };
		3F14394E959548C7B6B7754D /* SystemConfiguration.framework */ = {isa = PBXFileReference; fileEncoding = 4; lastKnownFileType = wrapper.framework; name = SystemConfiguration.framework; path = System/Library/Frameworks/SystemConfiguration.framework; sourceTree = SDKROOT; };
		411938F4B974428996A81895 /* CDVReachability.h */ = {isa = PBXFileReference; fileEncoding = 4; lastKnownFileType = sourcecode.c.h; name = CDVReachability.h; path = "cordova-plugin-network-information/CDVReachability.h"; sourceTree = "<group>"; };
		4330620717C0471DB4E477AC /* libicucore.dylib */ = {isa = PBXFileReference; fileEncoding = 4; lastKnownFileType = "compiled.mach-o.dylib"; name = libicucore.dylib; path = usr/lib/libicucore.dylib; sourceTree = SDKROOT; };
		48B92DCE92C24939AA3B27CF /* BackgroundDownload.h */ = {isa = PBXFileReference; fileEncoding = 4; lastKnownFileType = sourcecode.c.h; name = BackgroundDownload.h; path = "org.apache.cordova.background-download/BackgroundDownload.h"; sourceTree = "<group>"; };
		4B4AAE3154A448368EE91DC5 /* CDVConnection.h */ = {isa = PBXFileReference; fileEncoding = 4; lastKnownFileType = sourcecode.c.h; name = CDVConnection.h; path = "cordova-plugin-network-information/CDVConnection.h"; sourceTree = "<group>"; };
		4BABDD424DA7410795C78E37 /* ConnectSDKCordova.h */ = {isa = PBXFileReference; fileEncoding = 4; lastKnownFileType = sourcecode.c.h; name = ConnectSDKCordova.h; path = com.connectsdk.cordovaplugin/ConnectSDKCordova.h; sourceTree = "<group>"; };
		4D57CD2378184701B5ED3F55 /* LoggerClient.h */ = {isa = PBXFileReference; fileEncoding = 4; lastKnownFileType = sourcecode.c.h; name = LoggerClient.h; path = "org.nypr.cordova.nslogger-cocoalumberjack-connector-plugin/LoggerClient.h"; sourceTree = "<group>"; };
		4F930941DCCD4BFD9F9D78F2 /* CDVSound.m */ = {isa = PBXFileReference; fileEncoding = 4; lastKnownFileType = sourcecode.c.objc; name = CDVSound.m; path = "cordova-plugin-media/CDVSound.m"; sourceTree = "<group>"; };
		4F9C23241CC54E7CB2288035 /* DDContextFilterLogFormatter.m */ = {isa = PBXFileReference; fileEncoding = 4; lastKnownFileType = sourcecode.c.objc; name = DDContextFilterLogFormatter.m; path = "org.nypr.cordova.nslogger-cocoalumberjack-connector-plugin/DDContextFilterLogFormatter.m"; sourceTree = "<group>"; };
		500661F9C5DA4578BA9B65FB /* libstdc++.6.0.9.dylib */ = {isa = PBXFileReference; fileEncoding = 4; lastKnownFileType = "compiled.mach-o.dylib"; name = "libstdc++.6.0.9.dylib"; path = "usr/lib/libstdc++.6.0.9.dylib"; sourceTree = SDKROOT; };
		551BCA70D8E6421D9D8F7C49 /* CDVFile.m */ = {isa = PBXFileReference; fileEncoding = 4; lastKnownFileType = sourcecode.c.objc; name = CDVFile.m; path = "cordova-plugin-file/CDVFile.m"; sourceTree = "<group>"; };
		562A1E17127948228E93614C /* libiconv.dylib */ = {isa = PBXFileReference; fileEncoding = 4; lastKnownFileType = "compiled.mach-o.dylib"; name = libiconv.dylib; path = usr/lib/libiconv.dylib; sourceTree = SDKROOT; };
		586296A8CEA949309A60AEB0 /* AppDelegate+WKWebViewPolyfill.m */ = {isa = PBXFileReference; fileEncoding = 4; lastKnownFileType = sourcecode.c.objc; name = "AppDelegate+WKWebViewPolyfill.m"; path = "com.telerik.plugins.wkwebview/AppDelegate+WKWebViewPolyfill.m"; sourceTree = "<group>"; };
		58F2535D4EE8411692FE54BB /* ConnectSDKCordovaDispatcher.h */ = {isa = PBXFileReference; fileEncoding = 4; lastKnownFileType = sourcecode.c.h; name = ConnectSDKCordovaDispatcher.h; path = com.connectsdk.cordovaplugin/ConnectSDKCordovaDispatcher.h; sourceTree = "<group>"; };
		59CB8D1E24714A2891A8B84F /* DDASLLogger.m */ = {isa = PBXFileReference; fileEncoding = 4; lastKnownFileType = sourcecode.c.objc; name = DDASLLogger.m; path = "org.nypr.cordova.nslogger-cocoalumberjack-connector-plugin/DDASLLogger.m"; sourceTree = "<group>"; };
		5B1594DC16A7569C00FEF299 /* AssetsLibrary.framework */ = {isa = PBXFileReference; lastKnownFileType = wrapper.framework; name = AssetsLibrary.framework; path = System/Library/Frameworks/AssetsLibrary.framework; sourceTree = SDKROOT; };
		6254F4E53A9645AB94A9C1B7 /* CDVBackgroundColor.h */ = {isa = PBXFileReference; fileEncoding = 4; lastKnownFileType = sourcecode.c.h; name = CDVBackgroundColor.h; path = "com.crewmeister.cordova-ios-backgroundcolor/CDVBackgroundColor.h"; sourceTree = "<group>"; };
		62ECCF6FEDFF445F9C911FA5 /* CDVFileTransfer.m */ = {isa = PBXFileReference; fileEncoding = 4; lastKnownFileType = sourcecode.c.objc; name = CDVFileTransfer.m; path = "cordova-plugin-file-transfer/CDVFileTransfer.m"; sourceTree = "<group>"; };
		65CC08ADAE2F4CA894C2C936 /* IonicCameraRoll.h */ = {isa = PBXFileReference; fileEncoding = 4; lastKnownFileType = sourcecode.c.h; name = IonicCameraRoll.h; path = com.drifty.cordova.cameraroll/IonicCameraRoll.h; sourceTree = "<group>"; };
		69300D444F874603B0D39C5B /* FileUtility.m */ = {isa = PBXFileReference; fileEncoding = 4; lastKnownFileType = sourcecode.c.objc; name = FileUtility.m; path = cc.fovea.cordova.purchase/FileUtility.m; sourceTree = "<group>"; };
		6AAFD15D090B49A9A0331AB7 /* BackgroundAudio.h */ = {isa = PBXFileReference; fileEncoding = 4; lastKnownFileType = sourcecode.c.h; name = BackgroundAudio.h; path = "nl.x-services.plugins.backgroundaudio/BackgroundAudio.h"; sourceTree = "<group>"; };
		6AE82B0F50A542FCB51F2895 /* DDAbstractDatabaseLogger.h */ = {isa = PBXFileReference; fileEncoding = 4; lastKnownFileType = sourcecode.c.h; name = DDAbstractDatabaseLogger.h; path = "org.nypr.cordova.nslogger-cocoalumberjack-connector-plugin/DDAbstractDatabaseLogger.h"; sourceTree = "<group>"; };
		6EFCBAC0ECBD47A0B11F7710 /* CDVDevice.m */ = {isa = PBXFileReference; fileEncoding = 4; lastKnownFileType = sourcecode.c.objc; name = CDVDevice.m; path = "cordova-plugin-device/CDVDevice.m"; sourceTree = "<group>"; };
		78C9A2390BFF4C4D9050DB93 /* OpenGLES.framework */ = {isa = PBXFileReference; fileEncoding = 4; lastKnownFileType = wrapper.framework; name = OpenGLES.framework; path = System/Library/Frameworks/OpenGLES.framework; sourceTree = SDKROOT; };
		792DC102040D47FFA67DEDD6 /* CoreText.framework */ = {isa = PBXFileReference; fileEncoding = 4; lastKnownFileType = wrapper.framework; name = CoreText.framework; path = System/Library/Frameworks/CoreText.framework; sourceTree = SDKROOT; };
		7E7966D41810823500FA85AD /* icon-40.png */ = {isa = PBXFileReference; lastKnownFileType = image.png; path = "icon-40.png"; sourceTree = "<group>"; };
		7E7966D51810823500FA85AD /* icon-40@2x.png */ = {isa = PBXFileReference; lastKnownFileType = image.png; path = "icon-40@2x.png"; sourceTree = "<group>"; };
		7E7966D61810823500FA85AD /* icon-50.png */ = {isa = PBXFileReference; lastKnownFileType = image.png; path = "icon-50.png"; sourceTree = "<group>"; };
		7E7966D71810823500FA85AD /* icon-50@2x.png */ = {isa = PBXFileReference; lastKnownFileType = image.png; path = "icon-50@2x.png"; sourceTree = "<group>"; };
		7E7966D81810823500FA85AD /* icon-60.png */ = {isa = PBXFileReference; lastKnownFileType = image.png; path = "icon-60.png"; sourceTree = "<group>"; };
		7E7966D91810823500FA85AD /* icon-60@2x.png */ = {isa = PBXFileReference; lastKnownFileType = image.png; path = "icon-60@2x.png"; sourceTree = "<group>"; };
		7E7966DA1810823500FA85AD /* icon-76.png */ = {isa = PBXFileReference; lastKnownFileType = image.png; path = "icon-76.png"; sourceTree = "<group>"; };
		7E7966DB1810823500FA85AD /* icon-76@2x.png */ = {isa = PBXFileReference; lastKnownFileType = image.png; path = "icon-76@2x.png"; sourceTree = "<group>"; };
		7E7966DC1810823500FA85AD /* icon-small.png */ = {isa = PBXFileReference; lastKnownFileType = image.png; path = "icon-small.png"; sourceTree = "<group>"; };
		7E7966DD1810823500FA85AD /* icon-small@2x.png */ = {isa = PBXFileReference; lastKnownFileType = image.png; path = "icon-small@2x.png"; sourceTree = "<group>"; };
		84406F29A89C4A4C8388F112 /* libbz2.dylib */ = {isa = PBXFileReference; fileEncoding = 4; lastKnownFileType = "compiled.mach-o.dylib"; name = libbz2.dylib; path = usr/lib/libbz2.dylib; sourceTree = SDKROOT; };
		880C43A564BB4F8299A4E04F /* CDVStatusBar.m */ = {isa = PBXFileReference; fileEncoding = 4; lastKnownFileType = sourcecode.c.objc; name = CDVStatusBar.m; path = "cordova-plugin-statusbar/CDVStatusBar.m"; sourceTree = "<group>"; };
		888F571886104BEA9552F25E /* DDMultiFormatter.h */ = {isa = PBXFileReference; fileEncoding = 4; lastKnownFileType = sourcecode.c.h; name = DDMultiFormatter.h; path = "org.nypr.cordova.nslogger-cocoalumberjack-connector-plugin/DDMultiFormatter.h"; sourceTree = "<group>"; };
		88CE6D848EA24CC788C8B58C /* SearchBar.m */ = {isa = PBXFileReference; fileEncoding = 4; lastKnownFileType = sourcecode.c.objc; name = SearchBar.m; path = com.dieam.searchbar/SearchBar.m; sourceTree = "<group>"; };
		8D1107310486CEB800E47090 /* Emby-Info.plist */ = {isa = PBXFileReference; fileEncoding = 4; lastKnownFileType = text.plist.xml; name = "Emby-Info.plist"; path = "../Emby-Info.plist"; plistStructureDefinitionIdentifier = "com.apple.xcode.plist.structure-definition.iphone.info-plist"; sourceTree = "<group>"; };
		96813CCE77A64CC499AFB989 /* StoreKit.framework */ = {isa = PBXFileReference; fileEncoding = 4; lastKnownFileType = wrapper.framework; name = StoreKit.framework; path = System/Library/Frameworks/StoreKit.framework; sourceTree = SDKROOT; };
		9A404BAD28B74B39A3EAE285 /* VLCPlugin.h */ = {isa = PBXFileReference; fileEncoding = 4; lastKnownFileType = sourcecode.c.h; name = VLCPlugin.h; path = org.nypr.cordova.vlcplugin/VLCPlugin.h; sourceTree = "<group>"; };
		9AF3A54C672247169A7323B1 /* IonicCameraRoll.m */ = {isa = PBXFileReference; fileEncoding = 4; lastKnownFileType = sourcecode.c.objc; name = IonicCameraRoll.m; path = com.drifty.cordova.cameraroll/IonicCameraRoll.m; sourceTree = "<group>"; };
		9C2FD61737914F109F3B9CF4 /* Social.framework */ = {isa = PBXFileReference; fileEncoding = 4; lastKnownFileType = wrapper.framework; name = Social.framework; path = System/Library/Frameworks/Social.framework; sourceTree = SDKROOT; };
		9D05C5E34183427797709E30 /* DDLog+LOGV.h */ = {isa = PBXFileReference; fileEncoding = 4; lastKnownFileType = sourcecode.c.h; name = "DDLog+LOGV.h"; path = "org.nypr.cordova.nslogger-cocoalumberjack-connector-plugin/DDLog+LOGV.h"; sourceTree = "<group>"; };
		9DB8A31CA3984C3B9990B40E /* QuartzCore.framework */ = {isa = PBXFileReference; fileEncoding = 4; lastKnownFileType = wrapper.framework; name = QuartzCore.framework; path = System/Library/Frameworks/QuartzCore.framework; sourceTree = SDKROOT; };
		A05A361A5D0442248B2613C7 /* InAppPurchase.m */ = {isa = PBXFileReference; fileEncoding = 4; lastKnownFileType = sourcecode.c.objc; name = InAppPurchase.m; path = cc.fovea.cordova.purchase/InAppPurchase.m; sourceTree = "<group>"; };
		A32B6159575649DBB5296E31 /* NSLoggerCocoaLumberjackConnectorPlugin.h */ = {isa = PBXFileReference; fileEncoding = 4; lastKnownFileType = sourcecode.c.h; name = NSLoggerCocoaLumberjackConnectorPlugin.h; path = "org.nypr.cordova.nslogger-cocoalumberjack-connector-plugin/NSLoggerCocoaLumberjackConnectorPlugin.h"; sourceTree = "<group>"; };
		A34CA9011BC8B05700177D9F /* libz.tbd */ = {isa = PBXFileReference; lastKnownFileType = "sourcecode.text-based-dylib-definition"; name = libz.tbd; path = usr/lib/libz.tbd; sourceTree = SDKROOT; };
		A34CA9201BC96F0000177D9F /* Launch Screen.storyboard */ = {isa = PBXFileReference; fileEncoding = 4; lastKnownFileType = file.storyboard; path = "Launch Screen.storyboard"; sourceTree = "<group>"; };
		A3A016801B310C840089774E /* ConnectSDK.xcodeproj */ = {isa = PBXFileReference; lastKnownFileType = "wrapper.pb-project"; name = ConnectSDK.xcodeproj; path = "../../../Connect-SDK-iOS-1.4/ConnectSDK.xcodeproj"; sourceTree = "<group>"; };
		A3A0168C1B3111590089774E /* GoogleCast.framework */ = {isa = PBXFileReference; lastKnownFileType = wrapper.framework; name = GoogleCast.framework; path = "../../../Connect-SDK-iOS-1.4/GoogleCast.framework"; sourceTree = "<group>"; };
		A3E7DCCF1B086136007556B9 /* MediaAccessibility.framework */ = {isa = PBXFileReference; lastKnownFileType = wrapper.framework; name = MediaAccessibility.framework; path = System/Library/Frameworks/MediaAccessibility.framework; sourceTree = SDKROOT; };
		A3E9F8CF1AF9509800F2026A /* Images.xcassets */ = {isa = PBXFileReference; lastKnownFileType = folder.assetcatalog; name = Images.xcassets; path = Emby/Images.xcassets; sourceTree = SOURCE_ROOT; };
		A3ECE5C61BB31E47003B6515 /* tabbar */ = {isa = PBXFileReference; lastKnownFileType = folder; path = tabbar; sourceTree = "<group>"; };
		A3F1357E1C0CFA550010885D /* MediaToolbox.framework */ = {isa = PBXFileReference; lastKnownFileType = wrapper.framework; name = MediaToolbox.framework; path = System/Library/Frameworks/MediaToolbox.framework; sourceTree = SDKROOT; };
		A3F135801C0CFA8D0010885D /* CoreBluetooth.framework */ = {isa = PBXFileReference; lastKnownFileType = wrapper.framework; name = CoreBluetooth.framework; path = System/Library/Frameworks/CoreBluetooth.framework; sourceTree = SDKROOT; };
		A3F135821C0CFAA40010885D /* Accelerate.framework */ = {isa = PBXFileReference; lastKnownFileType = wrapper.framework; name = Accelerate.framework; path = System/Library/Frameworks/Accelerate.framework; sourceTree = SDKROOT; };
		A3F135841C0CFAB20010885D /* libc++.tbd */ = {isa = PBXFileReference; lastKnownFileType = "sourcecode.text-based-dylib-definition"; name = "libc++.tbd"; path = "usr/lib/libc++.tbd"; sourceTree = SDKROOT; };
		A3F135861C0CFACD0010885D /* AVFoundation.framework */ = {isa = PBXFileReference; lastKnownFileType = wrapper.framework; name = AVFoundation.framework; path = System/Library/Frameworks/AVFoundation.framework; sourceTree = SDKROOT; };
		A3F3C5271BA0AE9A00B1DE6D /* MobileVLCKit.framework */ = {isa = PBXFileReference; lastKnownFileType = wrapper.framework; name = MobileVLCKit.framework; path = ../../plugins/org.nypr.cordova.vlcplugin/VLCKit/build/MobileVLCKit.framework; sourceTree = "<group>"; };
		A6CFBB97F65B4682A65363A5 /* MainViewController+RemoteControl.m */ = {isa = PBXFileReference; fileEncoding = 4; lastKnownFileType = sourcecode.c.objc; name = "MainViewController+RemoteControl.m"; path = "org.nypr.cordova.vlcplugin/MainViewController+RemoteControl.m"; sourceTree = "<group>"; };
		A7088CD6DEFE4ABCB407AF0B /* CDVTabBar.h */ = {isa = PBXFileReference; fileEncoding = 4; lastKnownFileType = sourcecode.c.h; name = CDVTabBar.h; path = "com.squerb.cordova.plugins.ios-tab-bar/CDVTabBar.h"; sourceTree = "<group>"; };
		A9007F559BFF42E7B665B0E4 /* CDVWebViewUIDelegate.h */ = {isa = PBXFileReference; fileEncoding = 4; lastKnownFileType = sourcecode.c.h; name = CDVWebViewUIDelegate.h; path = com.telerik.plugins.wkwebview/CDVWebViewUIDelegate.h; sourceTree = "<group>"; };
		AB595525E9D34A8290EC4DCC /* ChromeSocketsUdp.m */ = {isa = PBXFileReference; fileEncoding = 4; lastKnownFileType = sourcecode.c.objc; name = ChromeSocketsUdp.m; path = "cordova-plugin-chrome-apps-sockets-udp/ChromeSocketsUdp.m"; sourceTree = "<group>"; };
		AD33EB5E372A44F6A7249C66 /* CDVWebViewOperationsDelegate.h */ = {isa = PBXFileReference; fileEncoding = 4; lastKnownFileType = sourcecode.c.h; name = CDVWebViewOperationsDelegate.h; path = com.telerik.plugins.wkwebview/CDVWebViewOperationsDelegate.h; sourceTree = "<group>"; };
		B33F51524666416B8EA1B267 /* DDFileLogger.h */ = {isa = PBXFileReference; fileEncoding = 4; lastKnownFileType = sourcecode.c.h; name = DDFileLogger.h; path = "org.nypr.cordova.nslogger-cocoalumberjack-connector-plugin/DDFileLogger.h"; sourceTree = "<group>"; };
		B671FD6782B74FB1A8814A6E /* CoreLocation.framework */ = {isa = PBXFileReference; fileEncoding = 4; lastKnownFileType = wrapper.framework; name = CoreLocation.framework; path = System/Library/Frameworks/CoreLocation.framework; sourceTree = SDKROOT; };
		B82A0848E36849598E7B3604 /* DDDispatchQueueLogFormatter.h */ = {isa = PBXFileReference; fileEncoding = 4; lastKnownFileType = sourcecode.c.h; name = DDDispatchQueueLogFormatter.h; path = "org.nypr.cordova.nslogger-cocoalumberjack-connector-plugin/DDDispatchQueueLogFormatter.h"; sourceTree = "<group>"; };
		B971AD058EEB4524A7D2862D /* WebKit.framework */ = {isa = PBXFileReference; fileEncoding = 4; lastKnownFileType = wrapper.framework; name = WebKit.framework; path = System/Library/Frameworks/WebKit.framework; sourceTree = SDKROOT; };
		BA105F4B960D4371924E7D79 /* ConnectSDKCordova.m */ = {isa = PBXFileReference; fileEncoding = 4; lastKnownFileType = sourcecode.c.objc; name = ConnectSDKCordova.m; path = com.connectsdk.cordovaplugin/ConnectSDKCordova.m; sourceTree = "<group>"; };
		BC444AA632EB416E85686B98 /* LoggerCommon.h */ = {isa = PBXFileReference; fileEncoding = 4; lastKnownFileType = sourcecode.c.h; name = LoggerCommon.h; path = "org.nypr.cordova.nslogger-cocoalumberjack-connector-plugin/LoggerCommon.h"; sourceTree = "<group>"; };
		BD9073E646F8406E890B5C57 /* AppVersion.h */ = {isa = PBXFileReference; fileEncoding = 4; lastKnownFileType = sourcecode.c.h; name = AppVersion.h; path = uk.co.whiteoctober.cordova.appversion/AppVersion.h; sourceTree = "<group>"; };
		BDB15AD395924A43ACD319EF /* CDVFile.h */ = {isa = PBXFileReference; fileEncoding = 4; lastKnownFileType = sourcecode.c.h; name = CDVFile.h; path = "cordova-plugin-file/CDVFile.h"; sourceTree = "<group>"; };
		BF91343727D942BFBFCB0594 /* VLCPlugin.m */ = {isa = PBXFileReference; fileEncoding = 4; lastKnownFileType = sourcecode.c.objc; name = VLCPlugin.m; path = org.nypr.cordova.vlcplugin/VLCPlugin.m; sourceTree = "<group>"; };
		BFEAEC02855344AFBCB134FE /* MyMainViewController.h */ = {isa = PBXFileReference; fileEncoding = 4; lastKnownFileType = sourcecode.c.h; name = MyMainViewController.h; path = com.telerik.plugins.wkwebview/MyMainViewController.h; sourceTree = "<group>"; };
		C1FC9294024A446E876ED9A6 /* ActionSheet.m */ = {isa = PBXFileReference; fileEncoding = 4; lastKnownFileType = sourcecode.c.objc; name = ActionSheet.m; path = "nl.x-services.plugins.actionsheet/ActionSheet.m"; sourceTree = "<group>"; };
		C2C374D3F2B74479A84498C2 /* MediaPlayer.framework */ = {isa = PBXFileReference; fileEncoding = 4; lastKnownFileType = wrapper.framework; name = MediaPlayer.framework; path = System/Library/Frameworks/MediaPlayer.framework; sourceTree = SDKROOT; };
		C368001B670B4C5A91202EF2 /* AppVersion.m */ = {isa = PBXFileReference; fileEncoding = 4; lastKnownFileType = sourcecode.c.objc; name = AppVersion.m; path = uk.co.whiteoctober.cordova.appversion/AppVersion.m; sourceTree = "<group>"; };
		C37C1F1B15954BE786DC3F55 /* CDVAssetLibraryFilesystem.m */ = {isa = PBXFileReference; fileEncoding = 4; lastKnownFileType = sourcecode.c.objc; name = CDVAssetLibraryFilesystem.m; path = "cordova-plugin-file/CDVAssetLibraryFilesystem.m"; sourceTree = "<group>"; };
		C3DAE25350814E0C9B47D9E4 /* CDVTabBar.m */ = {isa = PBXFileReference; fileEncoding = 4; lastKnownFileType = sourcecode.c.objc; name = CDVTabBar.m; path = "com.squerb.cordova.plugins.ios-tab-bar/CDVTabBar.m"; sourceTree = "<group>"; };
		C650065AB479470CA8E63CF7 /* CDVReachability.m */ = {isa = PBXFileReference; fileEncoding = 4; lastKnownFileType = sourcecode.c.objc; name = CDVReachability.m; path = "cordova-plugin-network-information/CDVReachability.m"; sourceTree = "<group>"; };
		C6CDA81ED6684D8F9426663F /* CDVSound.h */ = {isa = PBXFileReference; fileEncoding = 4; lastKnownFileType = sourcecode.c.h; name = CDVSound.h; path = "cordova-plugin-media/CDVSound.h"; sourceTree = "<group>"; };
		CA1248B7A34E40BF8EBCB8DE /* SocialSharing.h */ = {isa = PBXFileReference; fileEncoding = 4; lastKnownFileType = sourcecode.c.h; name = SocialSharing.h; path = "cordova-plugin-x-socialsharing/SocialSharing.h"; sourceTree = "<group>"; };
		CC5FC6A46C5045BCBDBFB872 /* InAppPurchase.h */ = {isa = PBXFileReference; fileEncoding = 4; lastKnownFileType = sourcecode.c.h; name = InAppPurchase.h; path = cc.fovea.cordova.purchase/InAppPurchase.h; sourceTree = "<group>"; };
		D06AED42708F497F9EDB2A28 /* SKProduct+LocalizedPrice.m */ = {isa = PBXFileReference; fileEncoding = 4; lastKnownFileType = sourcecode.c.objc; name = "SKProduct+LocalizedPrice.m"; path = "cc.fovea.cordova.purchase/SKProduct+LocalizedPrice.m"; sourceTree = "<group>"; };
		D3405E6686DD45FA94DB3DCF /* NSLogger.h */ = {isa = PBXFileReference; fileEncoding = 4; lastKnownFileType = sourcecode.c.h; name = NSLogger.h; path = "org.nypr.cordova.nslogger-cocoalumberjack-connector-plugin/NSLogger.h"; sourceTree = "<group>"; };
		D4A0D8751607E02300AEF8BB /* Default-568h@2x~iphone.png */ = {isa = PBXFileReference; lastKnownFileType = image.png; path = "Default-568h@2x~iphone.png"; sourceTree = "<group>"; };
		D975D66A1304461689F9F8E0 /* ConnectSDKCordovaObjects.m */ = {isa = PBXFileReference; fileEncoding = 4; lastKnownFileType = sourcecode.c.objc; name = ConnectSDKCordovaObjects.m; path = com.connectsdk.cordovaplugin/ConnectSDKCordovaObjects.m; sourceTree = "<group>"; };
		D9A959654F7D40058325A353 /* CDVConnection.m */ = {isa = PBXFileReference; fileEncoding = 4; lastKnownFileType = sourcecode.c.objc; name = CDVConnection.m; path = "cordova-plugin-network-information/CDVConnection.m"; sourceTree = "<group>"; };
		DAA7987E313B4B2382677478 /* ReroutingUIWebView.h */ = {isa = PBXFileReference; fileEncoding = 4; lastKnownFileType = sourcecode.c.h; name = ReroutingUIWebView.h; path = com.telerik.plugins.wkwebview/ReroutingUIWebView.h; sourceTree = "<group>"; };
		DB4C26C7B05C46D7ABBF1BD4 /* ConnectSDKCordovaObjects.h */ = {isa = PBXFileReference; fileEncoding = 4; lastKnownFileType = sourcecode.c.h; name = ConnectSDKCordovaObjects.h; path = com.connectsdk.cordovaplugin/ConnectSDKCordovaObjects.h; sourceTree = "<group>"; };
		DD05F96FCAFD492CB8EBA878 /* Launcher.h */ = {isa = PBXFileReference; fileEncoding = 4; lastKnownFileType = sourcecode.c.h; name = Launcher.h; path = com.hutchind.cordova.plugins.launcher/Launcher.h; sourceTree = "<group>"; };
		DD1AC2C5DB9A4D809A0AA043 /* DDMultiFormatter.m */ = {isa = PBXFileReference; fileEncoding = 4; lastKnownFileType = sourcecode.c.objc; name = DDMultiFormatter.m; path = "org.nypr.cordova.nslogger-cocoalumberjack-connector-plugin/DDMultiFormatter.m"; sourceTree = "<group>"; };
		DF4C5816A53C4A32A9CA5F30 /* DDASLLogCapture.m */ = {isa = PBXFileReference; fileEncoding = 4; lastKnownFileType = sourcecode.c.objc; name = DDASLLogCapture.m; path = "org.nypr.cordova.nslogger-cocoalumberjack-connector-plugin/DDASLLogCapture.m"; sourceTree = "<group>"; };
		DFEF4CBE21854CFD92A88120 /* DDDispatchQueueLogFormatter.m */ = {isa = PBXFileReference; fileEncoding = 4; lastKnownFileType = sourcecode.c.objc; name = DDDispatchQueueLogFormatter.m; path = "org.nypr.cordova.nslogger-cocoalumberjack-connector-plugin/DDDispatchQueueLogFormatter.m"; sourceTree = "<group>"; };
		E79410C29F1C406BAB77B6E8 /* AppDelegate+WKWebViewPolyfill.h */ = {isa = PBXFileReference; fileEncoding = 4; lastKnownFileType = sourcecode.c.h; name = "AppDelegate+WKWebViewPolyfill.h"; path = "com.telerik.plugins.wkwebview/AppDelegate+WKWebViewPolyfill.h"; sourceTree = "<group>"; };
		E7C4837BBC2A4789B82A1ADC /* AudioToolbox.framework */ = {isa = PBXFileReference; fileEncoding = 4; lastKnownFileType = wrapper.framework; name = AudioToolbox.framework; path = System/Library/Frameworks/AudioToolbox.framework; sourceTree = SDKROOT; };
		E8B0D7710AD54D1A93E25CC9 /* Launcher.m */ = {isa = PBXFileReference; fileEncoding = 4; lastKnownFileType = sourcecode.c.objc; name = Launcher.m; path = com.hutchind.cordova.plugins.launcher/Launcher.m; sourceTree = "<group>"; };
		EB87FDF21871DA7A0020F90C /* merges */ = {isa = PBXFileReference; lastKnownFileType = folder; name = merges; path = ../../merges; sourceTree = "<group>"; };
		EB87FDF31871DA8E0020F90C /* www */ = {isa = PBXFileReference; lastKnownFileType = folder; name = www; path = ../../www; sourceTree = "<group>"; };
		EB87FDF41871DAF40020F90C /* config.xml */ = {isa = PBXFileReference; lastKnownFileType = text.xml; name = config.xml; path = ../../config.xml; sourceTree = "<group>"; };
		EDF4486EF8F840A295E02124 /* GCDWebServer.framework */ = {isa = PBXFileReference; lastKnownFileType = wrapper.framework; name = GCDWebServer.framework; path = "Emby/Plugins/cordova-plugin-webserver/GCDWebServer.framework"; sourceTree = "<group>"; };
		EE7AA692E43540C68C8150C9 /* ReroutingUIWebView.m */ = {isa = PBXFileReference; fileEncoding = 4; lastKnownFileType = sourcecode.c.objc; name = ReroutingUIWebView.m; path = com.telerik.plugins.wkwebview/ReroutingUIWebView.m; sourceTree = "<group>"; };
		F1FE3215464E4F5480E4E1C6 /* LoggerClient.m */ = {isa = PBXFileReference; fileEncoding = 4; lastKnownFileType = sourcecode.c.objc; name = LoggerClient.m; path = "org.nypr.cordova.nslogger-cocoalumberjack-connector-plugin/LoggerClient.m"; sourceTree = "<group>"; };
		F37181890FF94302BF4109C2 /* NSLoggerCocoaLumberjackConnectorPlugin.m */ = {isa = PBXFileReference; fileEncoding = 4; lastKnownFileType = sourcecode.c.objc; name = NSLoggerCocoaLumberjackConnectorPlugin.m; path = "org.nypr.cordova.nslogger-cocoalumberjack-connector-plugin/NSLoggerCocoaLumberjackConnectorPlugin.m"; sourceTree = "<group>"; };
		F430CFC136034DC598D094F2 /* CDVAssetLibraryFilesystem.h */ = {isa = PBXFileReference; fileEncoding = 4; lastKnownFileType = sourcecode.c.h; name = CDVAssetLibraryFilesystem.h; path = "cordova-plugin-file/CDVAssetLibraryFilesystem.h"; sourceTree = "<group>"; };
		F4352FE658A54FB59099B8AE /* CDVLocalFilesystem.m */ = {isa = PBXFileReference; fileEncoding = 4; lastKnownFileType = sourcecode.c.objc; name = CDVLocalFilesystem.m; path = "cordova-plugin-file/CDVLocalFilesystem.m"; sourceTree = "<group>"; };
		F4BAD342EA3341519B767E0A /* ConnectSDKCordovaDispatcher.m */ = {isa = PBXFileReference; fileEncoding = 4; lastKnownFileType = sourcecode.c.objc; name = ConnectSDKCordovaDispatcher.m; path = com.connectsdk.cordovaplugin/ConnectSDKCordovaDispatcher.m; sourceTree = "<group>"; };
		F56589A630DC417D9D78FCD1 /* CFNetwork.framework */ = {isa = PBXFileReference; fileEncoding = 4; lastKnownFileType = wrapper.framework; name = CFNetwork.framework; path = System/Library/Frameworks/CFNetwork.framework; sourceTree = SDKROOT; };
		F63AE9C39D334BFFA6C509B6 /* CDVWebViewOperationsDelegate.m */ = {isa = PBXFileReference; fileEncoding = 4; lastKnownFileType = sourcecode.c.objc; name = CDVWebViewOperationsDelegate.m; path = com.telerik.plugins.wkwebview/CDVWebViewOperationsDelegate.m; sourceTree = "<group>"; };
		F6CC0FE67698461595288039 /* ActionSheet.h */ = {isa = PBXFileReference; fileEncoding = 4; lastKnownFileType = sourcecode.c.h; name = ActionSheet.h; path = "nl.x-services.plugins.actionsheet/ActionSheet.h"; sourceTree = "<group>"; };
		F7829402A2984932BEC02D10 /* CDVFileTransfer.h */ = {isa = PBXFileReference; fileEncoding = 4; lastKnownFileType = sourcecode.c.h; name = CDVFileTransfer.h; path = "cordova-plugin-file-transfer/CDVFileTransfer.h"; sourceTree = "<group>"; };
		F840E1F0165FE0F500CFE078 /* config.xml */ = {isa = PBXFileReference; lastKnownFileType = text.xml; name = config.xml; path = Emby/config.xml; sourceTree = "<group>"; };
		F8ABB941AA5249D794AE995E /* MainViewController+RemoteControl.h */ = {isa = PBXFileReference; fileEncoding = 4; lastKnownFileType = sourcecode.c.h; name = "MainViewController+RemoteControl.h"; path = "org.nypr.cordova.vlcplugin/MainViewController+RemoteControl.h"; sourceTree = "<group>"; };
		FA9D2FFF85E542F6B61AA2B2 /* DDTTYLogger.h */ = {isa = PBXFileReference; fileEncoding = 4; lastKnownFileType = sourcecode.c.h; name = DDTTYLogger.h; path = "org.nypr.cordova.nslogger-cocoalumberjack-connector-plugin/DDTTYLogger.h"; sourceTree = "<group>"; };
		FBCDE143BB9B4505999B57C4 /* GCDAsyncSocket.h */ = {isa = PBXFileReference; fileEncoding = 4; lastKnownFileType = sourcecode.c.h; name = GCDAsyncSocket.h; path = "cordova-plugin-chrome-apps-iossocketscommon/GCDAsyncSocket.h"; sourceTree = "<group>"; };
		FF79FCE3E00F451CA348FDEE /* DDTTYLogger.m */ = {isa = PBXFileReference; fileEncoding = 4; lastKnownFileType = sourcecode.c.objc; name = DDTTYLogger.m; path = "org.nypr.cordova.nslogger-cocoalumberjack-connector-plugin/DDTTYLogger.m"; sourceTree = "<group>"; };
		54A11146A123446EBA6DB15D /* FWChromecast.m */ = {isa = PBXFileReference; lastKnownFileType = sourcecode.c.objc; name = "FWChromecast.m"; path = "fw-cordova-chromecast/FWChromecast.m"; sourceTree = "<group>"; fileEncoding = 4; };
		D9AE1924B8724E35B840A1D3 /* CommandDelegate.m */ = {isa = PBXFileReference; lastKnownFileType = sourcecode.c.objc; name = "CommandDelegate.m"; path = "fw-cordova-chromecast/CommandDelegate.m"; sourceTree = "<group>"; fileEncoding = 4; };
		FFF6BD34834D4D8B89C4FF2C /* DeviceScannerDelegate.m */ = {isa = PBXFileReference; lastKnownFileType = sourcecode.c.objc; name = "DeviceScannerDelegate.m"; path = "fw-cordova-chromecast/DeviceScannerDelegate.m"; sourceTree = "<group>"; fileEncoding = 4; };
		73292DB4B28E4328BBFB7615 /* SelectDeviceDelegate.m */ = {isa = PBXFileReference; lastKnownFileType = sourcecode.c.objc; name = "SelectDeviceDelegate.m"; path = "fw-cordova-chromecast/SelectDeviceDelegate.m"; sourceTree = "<group>"; fileEncoding = 4; };
		11C1A0A629C745D8A8E7849B /* MediaChannelDelegate.m */ = {isa = PBXFileReference; lastKnownFileType = sourcecode.c.objc; name = "MediaChannelDelegate.m"; path = "fw-cordova-chromecast/MediaChannelDelegate.m"; sourceTree = "<group>"; fileEncoding = 4; };
		8056EE44CBFA4DA9B9708A0F /* FWChromecast.h */ = {isa = PBXFileReference; lastKnownFileType = sourcecode.c.h; name = "FWChromecast.h"; path = "fw-cordova-chromecast/FWChromecast.h"; sourceTree = "<group>"; fileEncoding = 4; };
		C5FCEE75AC0A4BBD8328D39D /* CommandDelegate.h */ = {isa = PBXFileReference; lastKnownFileType = sourcecode.c.h; name = "CommandDelegate.h"; path = "fw-cordova-chromecast/CommandDelegate.h"; sourceTree = "<group>"; fileEncoding = 4; };
		5681F00574DF4467811AD489 /* DeviceScannerDelegate.h */ = {isa = PBXFileReference; lastKnownFileType = sourcecode.c.h; name = "DeviceScannerDelegate.h"; path = "fw-cordova-chromecast/DeviceScannerDelegate.h"; sourceTree = "<group>"; fileEncoding = 4; };
		AA77B17EB92A4D56B9C35BF9 /* SelectDeviceDelegate.h */ = {isa = PBXFileReference; lastKnownFileType = sourcecode.c.h; name = "SelectDeviceDelegate.h"; path = "fw-cordova-chromecast/SelectDeviceDelegate.h"; sourceTree = "<group>"; fileEncoding = 4; };
		9D5CABDF3ABF43F3946686CB /* MediaChannelDelegate.h */ = {isa = PBXFileReference; lastKnownFileType = sourcecode.c.h; name = "MediaChannelDelegate.h"; path = "fw-cordova-chromecast/MediaChannelDelegate.h"; sourceTree = "<group>"; fileEncoding = 4; };
		289911663402421B8083F577 /* libc++.tbd */ = {isa = PBXFileReference; lastKnownFileType = unknown; name = "libc++.tbd"; path = "libc++.tbd"; sourceTree = "<group>"; fileEncoding = 4; };
/* End PBXFileReference section */

/* Begin PBXFrameworksBuildPhase section */
		1D60588F0D05DD3D006BFB54 /* Frameworks */ = {
			isa = PBXFrameworksBuildPhase;
			buildActionMask = 2147483647;
			files = (
				A3F135871C0CFACD0010885D /* AVFoundation.framework in Frameworks */,
				A3F135851C0CFAB20010885D /* libc++.tbd in Frameworks */,
				A3F135831C0CFAA40010885D /* Accelerate.framework in Frameworks */,
				A3F135811C0CFA8D0010885D /* CoreBluetooth.framework in Frameworks */,
				A3F1357F1C0CFA550010885D /* MediaToolbox.framework in Frameworks */,
				A3F3C52B1BA0B14100B1DE6D /* MediaPlayer.framework in Frameworks */,
				A3F3C5281BA0AE9A00B1DE6D /* MobileVLCKit.framework in Frameworks */,
				A3E7DCD01B086136007556B9 /* MediaAccessibility.framework in Frameworks */,
				5B1594DD16A7569C00FEF299 /* AssetsLibrary.framework in Frameworks */,
				301BF552109A68D80062928A /* libCordova.a in Frameworks */,
				288765FD0DF74451002DB57D /* CoreGraphics.framework in Frameworks */,
				305D5FD1115AB8F900A74A75 /* MobileCoreServices.framework in Frameworks */,
				37E4C15B37C74748907180F7 /* Security.framework in Frameworks */,
				04F6FC7527FA4B6682BB9587 /* CFNetwork.framework in Frameworks */,
				A3A0168D1B3111590089774E /* GoogleCast.framework in Frameworks */,
				B40F3BFFEB2C408EA34A2AA8 /* libicucore.dylib in Frameworks */,
				A3A016951B311C000089774E /* libConnectSDK.a in Frameworks */,
				B5BACF4ED8274178BEE337D4 /* SystemConfiguration.framework in Frameworks */,
				6EB006F92FD94E1BA33765E9 /* Social.framework in Frameworks */,
				3FA5C557A8EA4A0288AD3AC4 /* MessageUI.framework in Frameworks */,
				DCE29083083645D694DA1D6D /* AudioToolbox.framework in Frameworks */,
				67249F3F49B94034837FEDAC /* CoreText.framework in Frameworks */,
				7B1F2F5E9E3E4B57970320D8 /* QuartzCore.framework in Frameworks */,
				ED4C68483A2D4445A65B47F9 /* OpenGLES.framework in Frameworks */,
				9AA7A4671E7A49FBBA638914 /* libstdc++.6.0.9.dylib in Frameworks */,
				63CB22F5F8A5478AA3D3D298 /* libbz2.dylib in Frameworks */,
				D7494241BECE4915B3897488 /* libiconv.dylib in Frameworks */,
				8EEF0700C07D44F084A80265 /* ImageIO.framework in Frameworks */,
				26C07A39D4B543CCABFB904E /* CoreLocation.framework in Frameworks */,
				6715DB69A20B40FE99913161 /* WebKit.framework in Frameworks */,
				1D1F6C6270914ECB81B91D59 /* StoreKit.framework in Frameworks */,
				7658267831064B06BEB15EAF /* GCDWebServer.framework in Frameworks */,
				50E6D23955BE453394A4809A /* libc++.tbd in Resources */,
				C008D268C3CE48F48721B905 /* GoogleCast.framework in Frameworks */,
			);
			runOnlyForDeploymentPostprocessing = 0;
		};
/* End PBXFrameworksBuildPhase section */

/* Begin PBXGroup section */
		080E96DDFE201D6D7F000001 /* Classes */ = {
			isa = PBXGroup;
			children = (
				302D95EE14D2391D003F00A1 /* MainViewController.h */,
				302D95EF14D2391D003F00A1 /* MainViewController.m */,
				302D95F014D2391D003F00A1 /* MainViewController.xib */,
				1D3623240D0F684500981E51 /* AppDelegate.h */,
				1D3623250D0F684500981E51 /* AppDelegate.m */,
			);
			name = Classes;
			path = Emby/Classes;
			sourceTree = SOURCE_ROOT;
		};
		19C28FACFE9D520D11CA2CBB /* Products */ = {
			isa = PBXGroup;
			children = (
				1D6058910D05DD3D006BFB54 /* Emby.app */,
			);
			name = Products;
			sourceTree = "<group>";
		};
		29B97314FDCFA39411CA2CEA /* CustomTemplate */ = {
			isa = PBXGroup;
			children = (
				A34CA9201BC96F0000177D9F /* Launch Screen.storyboard */,
				A3A016801B310C840089774E /* ConnectSDK.xcodeproj */,
				EB87FDF41871DAF40020F90C /* config.xml */,
				EB87FDF31871DA8E0020F90C /* www */,
				EB87FDF21871DA7A0020F90C /* merges */,
				EB87FDF11871DA420020F90C /* Staging */,
				301BF52D109A57CC0062928A /* CordovaLib.xcodeproj */,
				080E96DDFE201D6D7F000001 /* Classes */,
				307C750510C5A3420062BCA9 /* Plugins */,
				29B97315FDCFA39411CA2CEA /* Other Sources */,
				29B97317FDCFA39411CA2CEA /* Resources */,
				29B97323FDCFA39411CA2CEA /* Frameworks */,
				19C28FACFE9D520D11CA2CBB /* Products */,
			);
			name = CustomTemplate;
			sourceTree = "<group>";
		};
		29B97315FDCFA39411CA2CEA /* Other Sources */ = {
			isa = PBXGroup;
			children = (
				32CA4F630368D1EE00C91783 /* Emby-Prefix.pch */,
				29B97316FDCFA39411CA2CEA /* main.m */,
			);
			name = "Other Sources";
			path = Emby;
			sourceTree = "<group>";
		};
		29B97317FDCFA39411CA2CEA /* Resources */ = {
			isa = PBXGroup;
			children = (
				A3ECE5C61BB31E47003B6515 /* tabbar */,
				A3E9F8CF1AF9509800F2026A /* Images.xcassets */,
				308D052D1370CCF300D202BF /* icons */,
				308D05311370CCF300D202BF /* splash */,
				8D1107310486CEB800E47090 /* Emby-Info.plist */,
			);
			name = Resources;
			path = Emby/Resources;
			sourceTree = "<group>";
		};
		29B97323FDCFA39411CA2CEA /* Frameworks */ = {
			isa = PBXGroup;
			children = (
				A3F135861C0CFACD0010885D /* AVFoundation.framework */,
				A3F135841C0CFAB20010885D /* libc++.tbd */,
				A3F135821C0CFAA40010885D /* Accelerate.framework */,
				A3F135801C0CFA8D0010885D /* CoreBluetooth.framework */,
				A3F1357E1C0CFA550010885D /* MediaToolbox.framework */,
				A34CA9011BC8B05700177D9F /* libz.tbd */,
				A3A0168C1B3111590089774E /* GoogleCast.framework */,
				A3F3C5271BA0AE9A00B1DE6D /* MobileVLCKit.framework */,
				A3E7DCCF1B086136007556B9 /* MediaAccessibility.framework */,
				5B1594DC16A7569C00FEF299 /* AssetsLibrary.framework */,
				288765FC0DF74451002DB57D /* CoreGraphics.framework */,
				305D5FD0115AB8F900A74A75 /* MobileCoreServices.framework */,
				0B7E7ABEF62E4669B12D0F3D /* Security.framework */,
				F56589A630DC417D9D78FCD1 /* CFNetwork.framework */,
				3049DBEE86084920A12BC843 /* libz.dylib */,
				C2C374D3F2B74479A84498C2 /* MediaPlayer.framework */,
				4330620717C0471DB4E477AC /* libicucore.dylib */,
				3F14394E959548C7B6B7754D /* SystemConfiguration.framework */,
				9C2FD61737914F109F3B9CF4 /* Social.framework */,
				187C1F5FEE2E4A0F8EE30CEA /* MessageUI.framework */,
				E7C4837BBC2A4789B82A1ADC /* AudioToolbox.framework */,
				792DC102040D47FFA67DEDD6 /* CoreText.framework */,
				9DB8A31CA3984C3B9990B40E /* QuartzCore.framework */,
				78C9A2390BFF4C4D9050DB93 /* OpenGLES.framework */,
				500661F9C5DA4578BA9B65FB /* libstdc++.6.0.9.dylib */,
				84406F29A89C4A4C8388F112 /* libbz2.dylib */,
				562A1E17127948228E93614C /* libiconv.dylib */,
				05DA4705271F494CAE647F27 /* ImageIO.framework */,
				B671FD6782B74FB1A8814A6E /* CoreLocation.framework */,
				B971AD058EEB4524A7D2862D /* WebKit.framework */,
				96813CCE77A64CC499AFB989 /* StoreKit.framework */,
				EDF4486EF8F840A295E02124 /* GCDWebServer.framework */,
				289911663402421B8083F577 /* libc++.tbd */,
				9FCAFB1E1DE44EBDB98C4719 /* GoogleCast.framework */,
			);
			name = Frameworks;
			sourceTree = "<group>";
		};
		301BF52E109A57CC0062928A /* Products */ = {
			isa = PBXGroup;
			children = (
				301BF535109A57CC0062928A /* libCordova.a */,
			);
			name = Products;
			sourceTree = "<group>";
		};
		307C750510C5A3420062BCA9 /* Plugins */ = {
			isa = PBXGroup;
			children = (
				293FBA41653A4475BD17BD45 /* CDVBackgroundColor.m */,
				6254F4E53A9645AB94A9C1B7 /* CDVBackgroundColor.h */,
				BA105F4B960D4371924E7D79 /* ConnectSDKCordova.m */,
				F4BAD342EA3341519B767E0A /* ConnectSDKCordovaDispatcher.m */,
				D975D66A1304461689F9F8E0 /* ConnectSDKCordovaObjects.m */,
				4BABDD424DA7410795C78E37 /* ConnectSDKCordova.h */,
				58F2535D4EE8411692FE54BB /* ConnectSDKCordovaDispatcher.h */,
				DB4C26C7B05C46D7ABBF1BD4 /* ConnectSDKCordovaObjects.h */,
				E8B0D7710AD54D1A93E25CC9 /* Launcher.m */,
				DD05F96FCAFD492CB8EBA878 /* Launcher.h */,
				C1FC9294024A446E876ED9A6 /* ActionSheet.m */,
				F6CC0FE67698461595288039 /* ActionSheet.h */,
				38FC119E4CC9416AA4EA2946 /* BackgroundAudio.m */,
				6AAFD15D090B49A9A0331AB7 /* BackgroundAudio.h */,
				88CE6D848EA24CC788C8B58C /* SearchBar.m */,
				268710F2662A46B4BDCDB9DD /* SearchBar.h */,
				BF91343727D942BFBFCB0594 /* VLCPlugin.m */,
				A6CFBB97F65B4682A65363A5 /* MainViewController+RemoteControl.m */,
				9A404BAD28B74B39A3EAE285 /* VLCPlugin.h */,
				F8ABB941AA5249D794AE995E /* MainViewController+RemoteControl.h */,
				9AF3A54C672247169A7323B1 /* IonicCameraRoll.m */,
				65CC08ADAE2F4CA894C2C936 /* IonicCameraRoll.h */,
				3919BA32D920484AB566C454 /* BackgroundDownload.m */,
				48B92DCE92C24939AA3B27CF /* BackgroundDownload.h */,
				C368001B670B4C5A91202EF2 /* AppVersion.m */,
				BD9073E646F8406E890B5C57 /* AppVersion.h */,
				C3DAE25350814E0C9B47D9E4 /* CDVTabBar.m */,
				A7088CD6DEFE4ABCB407AF0B /* CDVTabBar.h */,
				21FBC895B20940959FC67977 /* MyMainViewController.m */,
				586296A8CEA949309A60AEB0 /* AppDelegate+WKWebViewPolyfill.m */,
				EE7AA692E43540C68C8150C9 /* ReroutingUIWebView.m */,
				F63AE9C39D334BFFA6C509B6 /* CDVWebViewOperationsDelegate.m */,
				328087B8D9BA45C59D111F30 /* CDVWebViewUIDelegate.m */,
				BFEAEC02855344AFBCB134FE /* MyMainViewController.h */,
				E79410C29F1C406BAB77B6E8 /* AppDelegate+WKWebViewPolyfill.h */,
				DAA7987E313B4B2382677478 /* ReroutingUIWebView.h */,
				AD33EB5E372A44F6A7249C66 /* CDVWebViewOperationsDelegate.h */,
				A9007F559BFF42E7B665B0E4 /* CDVWebViewUIDelegate.h */,
				0C3770D599CE442B867BF80D /* GCDAsyncSocket.m */,
				314C1E38A28B4E109AB2C108 /* GCDAsyncUdpSocket.m */,
				FBCDE143BB9B4505999B57C4 /* GCDAsyncSocket.h */,
				300FA2ACCDF842CBABBC8245 /* GCDAsyncUdpSocket.h */,
				F37181890FF94302BF4109C2 /* NSLoggerCocoaLumberjackConnectorPlugin.m */,
				DF4C5816A53C4A32A9CA5F30 /* DDASLLogCapture.m */,
				59CB8D1E24714A2891A8B84F /* DDASLLogger.m */,
				20CFDEBFEE8D42CD90E437CA /* DDAbstractDatabaseLogger.m */,
				027B238AC667484880D87E71 /* DDFileLogger.m */,
				340495D2BB824573B8FF8658 /* DDLog.m */,
				FF79FCE3E00F451CA348FDEE /* DDTTYLogger.m */,
				4F9C23241CC54E7CB2288035 /* DDContextFilterLogFormatter.m */,
				DFEF4CBE21854CFD92A88120 /* DDDispatchQueueLogFormatter.m */,
				DD1AC2C5DB9A4D809A0AA043 /* DDMultiFormatter.m */,
				F1FE3215464E4F5480E4E1C6 /* LoggerClient.m */,
				323DFF87B07A47F6BB6E888F /* DDNSLoggerLogger.m */,
				A32B6159575649DBB5296E31 /* NSLoggerCocoaLumberjackConnectorPlugin.h */,
				0B84EB958B7E405B8D6E59F1 /* DDASLLogCapture.h */,
				0F351A02FA4741409495E51E /* DDASLLogger.h */,
				6AE82B0F50A542FCB51F2895 /* DDAbstractDatabaseLogger.h */,
				2AC10E8BA13342AF9940873F /* DDAssert.h */,
				B33F51524666416B8EA1B267 /* DDFileLogger.h */,
				9D05C5E34183427797709E30 /* DDLog+LOGV.h */,
				3B14C563241641D1A6A3CF2C /* DDLog.h */,
				FA9D2FFF85E542F6B61AA2B2 /* DDTTYLogger.h */,
				16F08C716FEF482BA4916326 /* DDContextFilterLogFormatter.h */,
				B82A0848E36849598E7B3604 /* DDDispatchQueueLogFormatter.h */,
				888F571886104BEA9552F25E /* DDMultiFormatter.h */,
				4D57CD2378184701B5ED3F55 /* LoggerClient.h */,
				BC444AA632EB416E85686B98 /* LoggerCommon.h */,
				D3405E6686DD45FA94DB3DCF /* NSLogger.h */,
				1EF2E3FF4C524DBCB22223C8 /* DDNSLoggerLogger.h */,
				551BCA70D8E6421D9D8F7C49 /* CDVFile.m */,
				F4352FE658A54FB59099B8AE /* CDVLocalFilesystem.m */,
				C37C1F1B15954BE786DC3F55 /* CDVAssetLibraryFilesystem.m */,
				BDB15AD395924A43ACD319EF /* CDVFile.h */,
				01537BD44EDF43CC9ADE14A9 /* CDVLocalFilesystem.h */,
				F430CFC136034DC598D094F2 /* CDVAssetLibraryFilesystem.h */,
				62ECCF6FEDFF445F9C911FA5 /* CDVFileTransfer.m */,
				F7829402A2984932BEC02D10 /* CDVFileTransfer.h */,
				AB595525E9D34A8290EC4DCC /* ChromeSocketsUdp.m */,
				6EFCBAC0ECBD47A0B11F7710 /* CDVDevice.m */,
				0B2A0102BF2F459BA1179F26 /* CDVDevice.h */,
				880C43A564BB4F8299A4E04F /* CDVStatusBar.m */,
				08889A378D0D4DBFB0409C32 /* CDVStatusBar.h */,
				D9A959654F7D40058325A353 /* CDVConnection.m */,
				C650065AB479470CA8E63CF7 /* CDVReachability.m */,
				4B4AAE3154A448368EE91DC5 /* CDVConnection.h */,
				411938F4B974428996A81895 /* CDVReachability.h */,
				4F930941DCCD4BFD9F9D78F2 /* CDVSound.m */,
				C6CDA81ED6684D8F9426663F /* CDVSound.h */,
				2F88F7796477411CB53443DA /* SocialSharing.m */,
				CA1248B7A34E40BF8EBCB8DE /* SocialSharing.h */,
				A05A361A5D0442248B2613C7 /* InAppPurchase.m */,
				D06AED42708F497F9EDB2A28 /* SKProduct+LocalizedPrice.m */,
				69300D444F874603B0D39C5B /* FileUtility.m */,
				CC5FC6A46C5045BCBDBFB872 /* InAppPurchase.h */,
				1EFFEF64308B47ECBAD35C50 /* SKProduct+LocalizedPrice.h */,
				033F46B6B2F948158E88D3C9 /* FileUtility.h */,
				54A11146A123446EBA6DB15D /* FWChromecast.m */,
				D9AE1924B8724E35B840A1D3 /* CommandDelegate.m */,
				FFF6BD34834D4D8B89C4FF2C /* DeviceScannerDelegate.m */,
				73292DB4B28E4328BBFB7615 /* SelectDeviceDelegate.m */,
				11C1A0A629C745D8A8E7849B /* MediaChannelDelegate.m */,
				8056EE44CBFA4DA9B9708A0F /* FWChromecast.h */,
				C5FCEE75AC0A4BBD8328D39D /* CommandDelegate.h */,
				5681F00574DF4467811AD489 /* DeviceScannerDelegate.h */,
				AA77B17EB92A4D56B9C35BF9 /* SelectDeviceDelegate.h */,
				9D5CABDF3ABF43F3946686CB /* MediaChannelDelegate.h */,
			);
			name = Plugins;
			path = Emby/Plugins;
			sourceTree = SOURCE_ROOT;
		};
		308D052D1370CCF300D202BF /* icons */ = {
			isa = PBXGroup;
			children = (
				30C1856519D5FC0A00212699 /* icon-60@3x.png */,
				7E7966D41810823500FA85AD /* icon-40.png */,
				7E7966D51810823500FA85AD /* icon-40@2x.png */,
				7E7966D61810823500FA85AD /* icon-50.png */,
				7E7966D71810823500FA85AD /* icon-50@2x.png */,
				7E7966D81810823500FA85AD /* icon-60.png */,
				7E7966D91810823500FA85AD /* icon-60@2x.png */,
				7E7966DA1810823500FA85AD /* icon-76.png */,
				7E7966DB1810823500FA85AD /* icon-76@2x.png */,
				7E7966DC1810823500FA85AD /* icon-small.png */,
				7E7966DD1810823500FA85AD /* icon-small@2x.png */,
				30FC414816E50CA1004E6F35 /* icon-72@2x.png */,
				308D052E1370CCF300D202BF /* icon-72.png */,
				308D052F1370CCF300D202BF /* icon.png */,
				308D05301370CCF300D202BF /* icon@2x.png */,
			);
			path = icons;
			sourceTree = "<group>";
		};
		308D05311370CCF300D202BF /* splash */ = {
			isa = PBXGroup;
			children = (
				30B4F2FD19D5E07200D9F7D8 /* Default-667h.png */,
				30B4F2FE19D5E07200D9F7D8 /* Default-736h.png */,
				30B4F2FF19D5E07200D9F7D8 /* Default-Landscape-736h.png */,
				D4A0D8751607E02300AEF8BB /* Default-568h@2x~iphone.png */,
				3088BBB7154F3926009F9C59 /* Default-Landscape@2x~ipad.png */,
				3088BBB8154F3926009F9C59 /* Default-Landscape~ipad.png */,
				3088BBB9154F3926009F9C59 /* Default-Portrait@2x~ipad.png */,
				3088BBBA154F3926009F9C59 /* Default-Portrait~ipad.png */,
				3088BBBB154F3926009F9C59 /* Default@2x~iphone.png */,
				3088BBBC154F3926009F9C59 /* Default~iphone.png */,
			);
			path = splash;
			sourceTree = "<group>";
		};
		A3A016811B310C840089774E /* Products */ = {
			isa = PBXGroup;
			children = (
				A3A016871B310C850089774E /* libConnectSDK.a */,
				A3A016891B310C850089774E /* ConnectSDKTests.xctest */,
				A3F1357B1C0CF4750010885D /* ConnectSDKIntegrationTests.xctest */,
				A3F1357D1C0CF4750010885D /* ConnectSDKAcceptanceTests.xctest */,
			);
			name = Products;
			sourceTree = "<group>";
		};
		EB87FDF11871DA420020F90C /* Staging */ = {
			isa = PBXGroup;
			children = (
				F840E1F0165FE0F500CFE078 /* config.xml */,
				301BF56E109A69640062928A /* www */,
			);
			name = Staging;
			sourceTree = "<group>";
		};
/* End PBXGroup section */

/* Begin PBXNativeTarget section */
		1D6058900D05DD3D006BFB54 /* Emby */ = {
			isa = PBXNativeTarget;
			buildConfigurationList = 1D6058960D05DD3E006BFB54 /* Build configuration list for PBXNativeTarget "Emby" */;
			buildPhases = (
				304B58A110DAC018002A0835 /* Copy www directory */,
				1D60588D0D05DD3D006BFB54 /* Resources */,
				1D60588E0D05DD3D006BFB54 /* Sources */,
				1D60588F0D05DD3D006BFB54 /* Frameworks */,
			);
			buildRules = (
			);
			dependencies = (
				A3A0168B1B310CD30089774E /* PBXTargetDependency */,
				301BF551109A68C00062928A /* PBXTargetDependency */,
			);
			name = Emby;
			productName = Emby;
			productReference = 1D6058910D05DD3D006BFB54 /* Emby.app */;
			productType = "com.apple.product-type.application";
		};
/* End PBXNativeTarget section */

/* Begin PBXProject section */
		29B97313FDCFA39411CA2CEA /* Project object */ = {
			isa = PBXProject;
			attributes = {
				LastUpgradeCheck = 510;
				TargetAttributes = {
					1D6058900D05DD3D006BFB54 = {
						DevelopmentTeam = WGKJRMCSGJ;
						SystemCapabilities = {
							com.apple.BackgroundModes = {
								enabled = 0;
							};
							com.apple.InAppPurchase = {
								enabled = 1;
							};
						};
					};
				};
			};
			buildConfigurationList = C01FCF4E08A954540054247B /* Build configuration list for PBXProject "Emby" */;
			compatibilityVersion = "Xcode 3.2";
			developmentRegion = English;
			hasScannedForEncodings = 1;
			knownRegions = (
				English,
				Japanese,
				French,
				German,
				en,
				es,
				de,
				se,
			);
			mainGroup = 29B97314FDCFA39411CA2CEA /* CustomTemplate */;
			projectDirPath = "";
			projectReferences = (
				{
					ProductGroup = A3A016811B310C840089774E /* Products */;
					ProjectRef = A3A016801B310C840089774E /* ConnectSDK.xcodeproj */;
				},
				{
					ProductGroup = 301BF52E109A57CC0062928A /* Products */;
					ProjectRef = 301BF52D109A57CC0062928A /* CordovaLib.xcodeproj */;
				},
			);
			projectRoot = "";
			targets = (
				1D6058900D05DD3D006BFB54 /* Emby */,
			);
		};
/* End PBXProject section */

/* Begin PBXReferenceProxy section */
		301BF535109A57CC0062928A /* libCordova.a */ = {
			isa = PBXReferenceProxy;
			fileType = archive.ar;
			path = libCordova.a;
			remoteRef = 301BF534109A57CC0062928A /* PBXContainerItemProxy */;
			sourceTree = BUILT_PRODUCTS_DIR;
		};
		A3A016871B310C850089774E /* libConnectSDK.a */ = {
			isa = PBXReferenceProxy;
			fileType = archive.ar;
			path = libConnectSDK.a;
			remoteRef = A3A016861B310C850089774E /* PBXContainerItemProxy */;
			sourceTree = BUILT_PRODUCTS_DIR;
		};
		A3A016891B310C850089774E /* ConnectSDKTests.xctest */ = {
			isa = PBXReferenceProxy;
			fileType = wrapper.cfbundle;
			path = ConnectSDKTests.xctest;
			remoteRef = A3A016881B310C850089774E /* PBXContainerItemProxy */;
			sourceTree = BUILT_PRODUCTS_DIR;
		};
		A3F1357B1C0CF4750010885D /* ConnectSDKIntegrationTests.xctest */ = {
			isa = PBXReferenceProxy;
			fileType = wrapper.cfbundle;
			path = ConnectSDKIntegrationTests.xctest;
			remoteRef = A3F1357A1C0CF4750010885D /* PBXContainerItemProxy */;
			sourceTree = BUILT_PRODUCTS_DIR;
		};
		A3F1357D1C0CF4750010885D /* ConnectSDKAcceptanceTests.xctest */ = {
			isa = PBXReferenceProxy;
			fileType = wrapper.cfbundle;
			path = ConnectSDKAcceptanceTests.xctest;
			remoteRef = A3F1357C1C0CF4750010885D /* PBXContainerItemProxy */;
			sourceTree = BUILT_PRODUCTS_DIR;
		};
/* End PBXReferenceProxy section */

/* Begin PBXResourcesBuildPhase section */
		1D60588D0D05DD3D006BFB54 /* Resources */ = {
			isa = PBXResourcesBuildPhase;
			buildActionMask = 2147483647;
			files = (
				7E7966E41810823500FA85AD /* icon-76.png in Resources */,
				7E7966DF1810823500FA85AD /* icon-40@2x.png in Resources */,
				308D05371370CCF300D202BF /* icon-72.png in Resources */,
				30B4F30119D5E07200D9F7D8 /* Default-736h.png in Resources */,
				308D05381370CCF300D202BF /* icon.png in Resources */,
				308D05391370CCF300D202BF /* icon@2x.png in Resources */,
				302D95F214D2391D003F00A1 /* MainViewController.xib in Resources */,
				7E7966E01810823500FA85AD /* icon-50.png in Resources */,
				7E7966E31810823500FA85AD /* icon-60@2x.png in Resources */,
				A3E9F8D01AF9509800F2026A /* Images.xcassets in Resources */,
				7E7966E61810823500FA85AD /* icon-small.png in Resources */,
				3088BBBD154F3926009F9C59 /* Default-Landscape@2x~ipad.png in Resources */,
				3088BBBE154F3926009F9C59 /* Default-Landscape~ipad.png in Resources */,
				3088BBBF154F3926009F9C59 /* Default-Portrait@2x~ipad.png in Resources */,
				7E7966E71810823500FA85AD /* icon-small@2x.png in Resources */,
				3088BBC0154F3926009F9C59 /* Default-Portrait~ipad.png in Resources */,
				30B4F30019D5E07200D9F7D8 /* Default-667h.png in Resources */,
				7E7966DE1810823500FA85AD /* icon-40.png in Resources */,
				A34CA9211BC96F0000177D9F /* Launch Screen.storyboard in Resources */,
				3088BBC1154F3926009F9C59 /* Default@2x~iphone.png in Resources */,
				7E7966E21810823500FA85AD /* icon-60.png in Resources */,
				A3ECE5C71BB31E47003B6515 /* tabbar in Resources */,
				3088BBC2154F3926009F9C59 /* Default~iphone.png in Resources */,
				D4A0D8761607E02300AEF8BB /* Default-568h@2x~iphone.png in Resources */,
				30B4F30219D5E07200D9F7D8 /* Default-Landscape-736h.png in Resources */,
				30C1856619D5FC0A00212699 /* icon-60@3x.png in Resources */,
				7E7966E11810823500FA85AD /* icon-50@2x.png in Resources */,
				7E7966E51810823500FA85AD /* icon-76@2x.png in Resources */,
				30FC414916E50CA1004E6F35 /* icon-72@2x.png in Resources */,
			);
			runOnlyForDeploymentPostprocessing = 0;
		};
/* End PBXResourcesBuildPhase section */

/* Begin PBXShellScriptBuildPhase section */
		304B58A110DAC018002A0835 /* Copy www directory */ = {
			isa = PBXShellScriptBuildPhase;
			buildActionMask = 2147483647;
			files = (
			);
			inputPaths = (
			);
			name = "Copy www directory";
			outputPaths = (
			);
			runOnlyForDeploymentPostprocessing = 0;
			shellPath = /bin/sh;
			shellScript = "NODEJS_PATH=/usr/local/bin; NVM_NODE_PATH=~/.nvm/versions/node/`nvm version 2>/dev/null`/bin; N_NODE_PATH=`find /usr/local/n/versions/node/* -maxdepth 0 -type d 2>/dev/null | tail -1`/bin; XCODE_NODE_PATH=`xcode-select --print-path`/usr/share/xcs/Node/bin; PATH=$NODEJS_PATH:$NVM_NODE_PATH:$N_NODE_PATH:$XCODE_NODE_PATH:$PATH && node cordova/lib/copy-www-build-step.js";
			showEnvVarsInLog = 0;
		};
/* End PBXShellScriptBuildPhase section */

/* Begin PBXSourcesBuildPhase section */
		1D60588E0D05DD3D006BFB54 /* Sources */ = {
			isa = PBXSourcesBuildPhase;
			buildActionMask = 2147483647;
			files = (
				1D60589B0D05DD56006BFB54 /* main.m in Sources */,
				1D3623260D0F684500981E51 /* AppDelegate.m in Sources */,
				302D95F114D2391D003F00A1 /* MainViewController.m in Sources */,
				EFA1E7345A1442C6860324F5 /* CDVBackgroundColor.m in Sources */,
				FBE24A9494544F8C96D924DB /* ConnectSDKCordova.m in Sources */,
				D77E56A545DC47FFB02C498B /* ConnectSDKCordovaDispatcher.m in Sources */,
				818345F1D266425F9D8B5B99 /* ConnectSDKCordovaObjects.m in Sources */,
				8CB79D171E4848D6A69CAFFA /* Launcher.m in Sources */,
				F45E8A84EC4F4EB7849E9329 /* ActionSheet.m in Sources */,
				2A1BEEAC35414DDE90D2914F /* BackgroundAudio.m in Sources */,
				6ABDF0990E91474C89CEC811 /* SearchBar.m in Sources */,
				826B3C54C10D43FBB9870851 /* VLCPlugin.m in Sources */,
				2A1593A70E094275BE55DA14 /* MainViewController+RemoteControl.m in Sources */,
				549F66737C8F4BDBABD4002E /* IonicCameraRoll.m in Sources */,
				F8002EF797EA4200A619F27E /* BackgroundDownload.m in Sources */,
				C4E122F497D84864A98F483E /* AppVersion.m in Sources */,
				5223387CD6274FD4B5D05632 /* CDVTabBar.m in Sources */,
				30F46BA4550448E58DF5B216 /* MyMainViewController.m in Sources */,
				1B2E2C317D264B68AB51D044 /* AppDelegate+WKWebViewPolyfill.m in Sources */,
				70869CCC65E44A4B9A0392E5 /* ReroutingUIWebView.m in Sources */,
				BEA3ED7FE7DE4A278FCFC971 /* CDVWebViewOperationsDelegate.m in Sources */,
				794308A2B73B4B00B396CAAC /* CDVWebViewUIDelegate.m in Sources */,
				DAD4F33F3F8C452E939B15CF /* GCDAsyncSocket.m in Sources */,
				5EBF4FDC5B6546C4B66FBC2E /* GCDAsyncUdpSocket.m in Sources */,
				5EB7DF99A2844EA98C7FA1AC /* NSLoggerCocoaLumberjackConnectorPlugin.m in Sources */,
				A1AC1FD0E3C441919EBF93F8 /* DDASLLogCapture.m in Sources */,
				A03C74702B4A4568A2468A59 /* DDASLLogger.m in Sources */,
				BA2A4F68D9F94465BA75FA56 /* DDAbstractDatabaseLogger.m in Sources */,
				0F3C42369FE148EAAB8A0CA7 /* DDFileLogger.m in Sources */,
				10296D7911B246ACA433E9D1 /* DDLog.m in Sources */,
				46E7B293C1074D8BB522486D /* DDTTYLogger.m in Sources */,
				15DFDB410E864C61B210C231 /* DDContextFilterLogFormatter.m in Sources */,
				AFC80EF96C894744B7B25A56 /* DDDispatchQueueLogFormatter.m in Sources */,
				581A27BC7F304F669790DC9C /* DDMultiFormatter.m in Sources */,
				400ACF60C48F47E6A4D64AD1 /* LoggerClient.m in Sources */,
				524C44A4445D421B850B60E0 /* DDNSLoggerLogger.m in Sources */,
				7533E15076414E069882B9FF /* CDVFile.m in Sources */,
				4E2B9AF7E44E414CA85AB296 /* CDVLocalFilesystem.m in Sources */,
				AC4CB6A9EDE34FE090F340D0 /* CDVAssetLibraryFilesystem.m in Sources */,
				03E43C0F75344D119263D8FE /* CDVFileTransfer.m in Sources */,
				E6D56FF12D1741EAB97B6CD1 /* ChromeSocketsUdp.m in Sources */,
				9BEB907D8A194746B84DE39C /* CDVDevice.m in Sources */,
				F2108806943F41EA8774FDFC /* CDVStatusBar.m in Sources */,
				BAF9DD40BCF347BAB2DCEB32 /* CDVConnection.m in Sources */,
				E775531DF6DC4ADB97449D94 /* CDVReachability.m in Sources */,
				17B9CBB6357B4ACEB6A9034E /* CDVSound.m in Sources */,
				E0180C9918A24ABCAB00D49A /* SocialSharing.m in Sources */,
				184AAC1F7E5C490693F39711 /* InAppPurchase.m in Sources */,
				D049B5BA18FD4868B048F54F /* SKProduct+LocalizedPrice.m in Sources */,
				C9D4002264FC4C239BBACC37 /* FileUtility.m in Sources */,
				2490413FA4C7402B8D9C1993 /* FWChromecast.m in Sources */,
				5B6A09A6E6CF42079D76A3C1 /* CommandDelegate.m in Sources */,
				0C1D2EB896FC40B8BF2C0CDC /* DeviceScannerDelegate.m in Sources */,
				20DCCDABC35A463C94516888 /* SelectDeviceDelegate.m in Sources */,
				30856C5D8E8F4BB9A0420D20 /* MediaChannelDelegate.m in Sources */,
			);
			runOnlyForDeploymentPostprocessing = 0;
		};
/* End PBXSourcesBuildPhase section */

/* Begin PBXTargetDependency section */
		301BF551109A68C00062928A /* PBXTargetDependency */ = {
			isa = PBXTargetDependency;
			name = CordovaLib;
			targetProxy = 301BF550109A68C00062928A /* PBXContainerItemProxy */;
		};
		A3A0168B1B310CD30089774E /* PBXTargetDependency */ = {
			isa = PBXTargetDependency;
			name = ConnectSDK;
			targetProxy = A3A0168A1B310CD30089774E /* PBXContainerItemProxy */;
		};
/* End PBXTargetDependency section */

/* Begin XCBuildConfiguration section */
		1D6058940D05DD3E006BFB54 /* Debug */ = {
			isa = XCBuildConfiguration;
			buildSettings = {
				ALWAYS_SEARCH_USER_PATHS = NO;
				ASSETCATALOG_COMPILER_APPICON_NAME = AppIcon;
				ASSETCATALOG_COMPILER_LAUNCHIMAGE_NAME = LaunchImage;
				CLANG_ENABLE_OBJC_ARC = YES;
				CODE_SIGN_IDENTITY = "iPhone Developer";
				"CODE_SIGN_IDENTITY[sdk=iphoneos*]" = "iPhone Developer";
				COPY_PHASE_STRIP = NO;
				CREATE_INFOPLIST_SECTION_IN_BINARY = YES;
				ENABLE_BITCODE = NO;
				FRAMEWORK_SEARCH_PATHS = (
					"$(inherited)",
					Emby/Plugins/com.telerik.plugins.wkwebview,
					"Emby/Plugins/cordova-plugin-webserver",
					"$(PROJECT_DIR)/Emby/Plugins/cordova-plugin-webserver",
					"/Users/luke/MediaBrowser.Mobile/plugins/cordova-plugin-webserver/src/ios",
					"Emby/Plugins/cordova-plugin-webserver",
					"/Users/luke/Connect-SDK-iOS-1.4",
					/Users/luke/MediaBrowser.Mobile/plugins/org.nypr.cordova.vlcplugin/VLCKit/build,
					"\"EmbyPluginscordova-plugin-webserver\"",
					"\"Emby\Plugins\fw-cordova-chromecast\"",
				);
				GCC_DYNAMIC_NO_PIC = NO;
				GCC_OPTIMIZATION_LEVEL = 0;
				GCC_PRECOMPILE_PREFIX_HEADER = YES;
				GCC_PREFIX_HEADER = "Emby/Emby-Prefix.pch";
				GCC_THUMB_SUPPORT = NO;
				GCC_VERSION = "";
				INFOPLIST_FILE = "Emby/Emby-Info.plist";
				IPHONEOS_DEPLOYMENT_TARGET = 8.4;
				LIBRARY_SEARCH_PATHS = (
					"$(inherited)",
					"$(PROJECT_DIR)/Emby/Plugins/org.apache.cordova.speech.speechrecognition",
				);
				OTHER_LDFLAGS = (
					"-weak_framework",
					CoreFoundation,
					"-weak_framework",
					UIKit,
					"-weak_framework",
					AVFoundation,
					"-weak_framework",
					CoreMedia,
					"-weak-lSystem",
					"-ObjC",
					"-lz",
					"$(inherited)",
				);
				PRODUCT_NAME = Emby;
				PROVISIONING_PROFILE = "";
				TARGETED_DEVICE_FAMILY = "1,2";
			};
			name = Debug;
		};
		1D6058950D05DD3E006BFB54 /* Release */ = {
			isa = XCBuildConfiguration;
			buildSettings = {
				ALWAYS_SEARCH_USER_PATHS = NO;
				ASSETCATALOG_COMPILER_APPICON_NAME = AppIcon;
				ASSETCATALOG_COMPILER_LAUNCHIMAGE_NAME = LaunchImage;
				CLANG_ENABLE_OBJC_ARC = YES;
				CODE_SIGN_IDENTITY = "iPhone Developer";
				"CODE_SIGN_IDENTITY[sdk=iphoneos*]" = "iPhone Developer";
				COPY_PHASE_STRIP = YES;
				CREATE_INFOPLIST_SECTION_IN_BINARY = YES;
				ENABLE_BITCODE = NO;
				FRAMEWORK_SEARCH_PATHS = (
					"$(inherited)",
					Emby/Plugins/com.telerik.plugins.wkwebview,
					"Emby/Plugins/cordova-plugin-webserver",
					"$(PROJECT_DIR)/Emby/Plugins/cordova-plugin-webserver",
					"/Users/luke/MediaBrowser.Mobile/plugins/cordova-plugin-webserver/src/ios",
					"Emby/Plugins/cordova-plugin-webserver",
					"/Users/luke/Connect-SDK-iOS-1.4",
					/Users/luke/MediaBrowser.Mobile/plugins/org.nypr.cordova.vlcplugin/VLCKit/build,
					"\"EmbyPluginscordova-plugin-webserver\"",
					"\"Emby\Plugins\fw-cordova-chromecast\"",
				);
				GCC_PRECOMPILE_PREFIX_HEADER = YES;
				GCC_PREFIX_HEADER = "Emby/Emby-Prefix.pch";
				GCC_THUMB_SUPPORT = NO;
				GCC_VERSION = "";
				INFOPLIST_FILE = "Emby/Emby-Info.plist";
				IPHONEOS_DEPLOYMENT_TARGET = 8.4;
				LIBRARY_SEARCH_PATHS = (
					"$(inherited)",
					"$(PROJECT_DIR)/Emby/Plugins/org.apache.cordova.speech.speechrecognition",
				);
				OTHER_LDFLAGS = (
					"-weak_framework",
					CoreFoundation,
					"-weak_framework",
					UIKit,
					"-weak_framework",
					AVFoundation,
					"-weak_framework",
					CoreMedia,
					"-weak-lSystem",
					"-ObjC",
					"-lz",
					"$(inherited)",
				);
				PRODUCT_NAME = Emby;
				PROVISIONING_PROFILE = "";
				TARGETED_DEVICE_FAMILY = "1,2";
			};
			name = Release;
		};
		C01FCF4F08A954540054247B /* Debug */ = {
			isa = XCBuildConfiguration;
			buildSettings = {
				CLANG_ENABLE_OBJC_ARC = YES;
				CLANG_WARN_BOOL_CONVERSION = YES;
				CLANG_WARN_CONSTANT_CONVERSION = YES;
				CLANG_WARN_EMPTY_BODY = YES;
				CLANG_WARN_ENUM_CONVERSION = YES;
				CLANG_WARN_INT_CONVERSION = YES;
				CLANG_WARN__DUPLICATE_METHOD_MATCH = YES;
				"CODE_SIGN_IDENTITY[sdk=iphoneos*]" = "iPhone Developer";
				GCC_C_LANGUAGE_STANDARD = c99;
				GCC_THUMB_SUPPORT = NO;
				GCC_VERSION = "";
				GCC_WARN_ABOUT_RETURN_TYPE = YES;
				GCC_WARN_UNDECLARED_SELECTOR = YES;
				GCC_WARN_UNINITIALIZED_AUTOS = YES;
				GCC_WARN_UNUSED_FUNCTION = YES;
				GCC_WARN_UNUSED_VARIABLE = YES;
				HEADER_SEARCH_PATHS = (
					"\"$(TARGET_BUILD_DIR)/usr/local/lib/include\"",
					"\"$(OBJROOT)/UninstalledProducts/include\"",
					"\"$(BUILT_PRODUCTS_DIR)\"",
				);
				IPHONEOS_DEPLOYMENT_TARGET = 8.1;
				ONLY_ACTIVE_ARCH = YES;
				OTHER_LDFLAGS = (
					"-weak_framework",
					CoreFoundation,
					"-weak_framework",
					UIKit,
					"-weak_framework",
					AVFoundation,
					"-weak_framework",
					CoreMedia,
					"-weak-lSystem",
					"-ObjC",
				);
				SDKROOT = iphoneos;
				SKIP_INSTALL = NO;
				USER_HEADER_SEARCH_PATHS = "";
			};
			name = Debug;
		};
		C01FCF5008A954540054247B /* Release */ = {
			isa = XCBuildConfiguration;
			buildSettings = {
				CLANG_ENABLE_OBJC_ARC = YES;
				CLANG_WARN_BOOL_CONVERSION = YES;
				CLANG_WARN_CONSTANT_CONVERSION = YES;
				CLANG_WARN_EMPTY_BODY = YES;
				CLANG_WARN_ENUM_CONVERSION = YES;
				CLANG_WARN_INT_CONVERSION = YES;
				CLANG_WARN__DUPLICATE_METHOD_MATCH = YES;
				"CODE_SIGN_IDENTITY[sdk=iphoneos*]" = "iPhone Developer";
				GCC_C_LANGUAGE_STANDARD = c99;
				GCC_THUMB_SUPPORT = NO;
				GCC_VERSION = "";
				GCC_WARN_ABOUT_RETURN_TYPE = YES;
				GCC_WARN_UNDECLARED_SELECTOR = YES;
				GCC_WARN_UNINITIALIZED_AUTOS = YES;
				GCC_WARN_UNUSED_FUNCTION = YES;
				GCC_WARN_UNUSED_VARIABLE = YES;
				HEADER_SEARCH_PATHS = (
					"\"$(TARGET_BUILD_DIR)/usr/local/lib/include\"",
					"\"$(OBJROOT)/UninstalledProducts/include\"",
					"\"$(BUILT_PRODUCTS_DIR)\"",
				);
				IPHONEOS_DEPLOYMENT_TARGET = 8.1;
				OTHER_LDFLAGS = (
					"-weak_framework",
					CoreFoundation,
					"-weak_framework",
					UIKit,
					"-weak_framework",
					AVFoundation,
					"-weak_framework",
					CoreMedia,
					"-weak-lSystem",
					"-ObjC",
				);
				SDKROOT = iphoneos;
				SKIP_INSTALL = NO;
				USER_HEADER_SEARCH_PATHS = "";
			};
			name = Release;
		};
/* End XCBuildConfiguration section */

/* Begin XCConfigurationList section */
		1D6058960D05DD3E006BFB54 /* Build configuration list for PBXNativeTarget "Emby" */ = {
			isa = XCConfigurationList;
			buildConfigurations = (
				1D6058940D05DD3E006BFB54 /* Debug */,
				1D6058950D05DD3E006BFB54 /* Release */,
			);
			defaultConfigurationIsVisible = 0;
			defaultConfigurationName = Release;
		};
		C01FCF4E08A954540054247B /* Build configuration list for PBXProject "Emby" */ = {
			isa = XCConfigurationList;
			buildConfigurations = (
				C01FCF4F08A954540054247B /* Debug */,
				C01FCF5008A954540054247B /* Release */,
			);
			defaultConfigurationIsVisible = 0;
			defaultConfigurationName = Release;
		};
/* End XCConfigurationList section */
	};
	rootObject = 29B97313FDCFA39411CA2CEA /* Project object */;
}
